
Microsoft Visual Studio Solution File, Format Version 12.00
# Visual Studio 14
VisualStudioVersion = 14.0.24720.0
MinimumVisualStudioVersion = 10.0.40219.1
Project("{FAE04EC0-301F-11D3-BF4B-00C04F79EFBC}") = "API", "API\API.csproj", "{A1F792B2-5D80-4DE4-B5DB-7A05DBEABD60}"
EndProject
Project("{FAE04EC0-301F-11D3-BF4B-00C04F79EFBC}") = "OTA.Patcher", "Patcher\OTA.Patcher.csproj", "{0ED8C37C-355A-4271-92B8-F9ED66881C46}"
EndProject
Project("{2150E333-8FDC-42A3-9474-1A3956D46DE8}") = "Solution Items", "Solution Items", "{EED99527-E456-4B5C-8079-D4DC60410DFE}"
	ProjectSection(SolutionItems) = preProject
		.gitignore = .gitignore
		Changelog.md = Changelog.md
		Development.md = Development.md
		gh-build.json = gh-build.json
		project.json = project.json
		README.md = README.md
	EndProjectSection
EndProject
Project("{2150E333-8FDC-42A3-9474-1A3956D46DE8}") = "Binaries", "Binaries", "{D87DBA58-1E96-43CC-BD55-A7F30CAEE90E}"
	ProjectSection(SolutionItems) = preProject
		Binaries\package.json = Binaries\package.json
		Binaries\README.md = Binaries\README.md
		Binaries\start-server.bat = Binaries\start-server.bat
		Binaries\start-server.cmd = Binaries\start-server.cmd
	EndProjectSection
EndProject
Project("{FAE04EC0-301F-11D3-BF4B-00C04F79EFBC}") = "OTA.Commands", "OTA.Commands\OTA.Commands.csproj", "{1F4BFCFD-FA1F-4E47-B44E-91E18EC785AC}"
EndProject
Global
	GlobalSection(SolutionConfigurationPlatforms) = preSolution
		Debug|AnyCPU = Debug|AnyCPU
		Debug|x86 = Debug|x86
		Linux-Debug|AnyCPU = Linux-Debug|AnyCPU
		Linux-Debug|x86 = Linux-Debug|x86
		Mac-Debug|AnyCPU = Mac-Debug|AnyCPU
		Mac-Debug|x86 = Mac-Debug|x86
		Release|AnyCPU = Release|AnyCPU
		Release|x86 = Release|x86
		Server-Debug|AnyCPU = Server-Debug|AnyCPU
		Server-Debug|x86 = Server-Debug|x86
		Server-Release|AnyCPU = Server-Release|AnyCPU
		Server-Release|x86 = Server-Release|x86
		Windows-Debug|AnyCPU = Windows-Debug|AnyCPU
		Windows-Debug|x86 = Windows-Debug|x86
	EndGlobalSection
	GlobalSection(ProjectConfigurationPlatforms) = postSolution
		{A1F792B2-5D80-4DE4-B5DB-7A05DBEABD60}.Debug|AnyCPU.ActiveCfg = Windows-Debug|Any CPU
		{A1F792B2-5D80-4DE4-B5DB-7A05DBEABD60}.Debug|AnyCPU.Build.0 = Windows-Debug|Any CPU
		{A1F792B2-5D80-4DE4-B5DB-7A05DBEABD60}.Debug|x86.ActiveCfg = Windows-Debug|x86
		{A1F792B2-5D80-4DE4-B5DB-7A05DBEABD60}.Debug|x86.Build.0 = Windows-Debug|x86
		{A1F792B2-5D80-4DE4-B5DB-7A05DBEABD60}.Linux-Debug|AnyCPU.ActiveCfg = Linux-Debug|Any CPU
		{A1F792B2-5D80-4DE4-B5DB-7A05DBEABD60}.Linux-Debug|AnyCPU.Build.0 = Linux-Debug|Any CPU
		{A1F792B2-5D80-4DE4-B5DB-7A05DBEABD60}.Linux-Debug|x86.ActiveCfg = Linux-Debug|x86
		{A1F792B2-5D80-4DE4-B5DB-7A05DBEABD60}.Linux-Debug|x86.Build.0 = Linux-Debug|x86
		{A1F792B2-5D80-4DE4-B5DB-7A05DBEABD60}.Mac-Debug|AnyCPU.ActiveCfg = Mac-Debug|Any CPU
		{A1F792B2-5D80-4DE4-B5DB-7A05DBEABD60}.Mac-Debug|AnyCPU.Build.0 = Mac-Debug|Any CPU
		{A1F792B2-5D80-4DE4-B5DB-7A05DBEABD60}.Mac-Debug|x86.ActiveCfg = Mac-Debug|x86
		{A1F792B2-5D80-4DE4-B5DB-7A05DBEABD60}.Mac-Debug|x86.Build.0 = Mac-Debug|x86
		{A1F792B2-5D80-4DE4-B5DB-7A05DBEABD60}.Release|AnyCPU.ActiveCfg = Server-Release|Any CPU
		{A1F792B2-5D80-4DE4-B5DB-7A05DBEABD60}.Release|AnyCPU.Build.0 = Server-Release|Any CPU
		{A1F792B2-5D80-4DE4-B5DB-7A05DBEABD60}.Release|x86.ActiveCfg = Server-Release|x86
		{A1F792B2-5D80-4DE4-B5DB-7A05DBEABD60}.Release|x86.Build.0 = Server-Release|x86
		{A1F792B2-5D80-4DE4-B5DB-7A05DBEABD60}.Server-Debug|AnyCPU.ActiveCfg = Server-Debug|Any CPU
		{A1F792B2-5D80-4DE4-B5DB-7A05DBEABD60}.Server-Debug|AnyCPU.Build.0 = Server-Debug|Any CPU
		{A1F792B2-5D80-4DE4-B5DB-7A05DBEABD60}.Server-Debug|x86.ActiveCfg = Server-Debug|x86
		{A1F792B2-5D80-4DE4-B5DB-7A05DBEABD60}.Server-Debug|x86.Build.0 = Server-Debug|x86
		{A1F792B2-5D80-4DE4-B5DB-7A05DBEABD60}.Server-Release|AnyCPU.ActiveCfg = Server-Release|Any CPU
		{A1F792B2-5D80-4DE4-B5DB-7A05DBEABD60}.Server-Release|AnyCPU.Build.0 = Server-Release|Any CPU
		{A1F792B2-5D80-4DE4-B5DB-7A05DBEABD60}.Server-Release|x86.ActiveCfg = Server-Release|x86
		{A1F792B2-5D80-4DE4-B5DB-7A05DBEABD60}.Server-Release|x86.Build.0 = Server-Release|x86
		{A1F792B2-5D80-4DE4-B5DB-7A05DBEABD60}.Windows-Debug|AnyCPU.ActiveCfg = Windows-Debug|Any CPU
		{A1F792B2-5D80-4DE4-B5DB-7A05DBEABD60}.Windows-Debug|AnyCPU.Build.0 = Windows-Debug|Any CPU
		{A1F792B2-5D80-4DE4-B5DB-7A05DBEABD60}.Windows-Debug|x86.ActiveCfg = Windows-Debug|x86
		{A1F792B2-5D80-4DE4-B5DB-7A05DBEABD60}.Windows-Debug|x86.Build.0 = Windows-Debug|x86
		{0ED8C37C-355A-4271-92B8-F9ED66881C46}.Debug|AnyCPU.ActiveCfg = Client-Debug|Any CPU
		{0ED8C37C-355A-4271-92B8-F9ED66881C46}.Debug|AnyCPU.Build.0 = Client-Debug|Any CPU
		{0ED8C37C-355A-4271-92B8-F9ED66881C46}.Debug|x86.ActiveCfg = Client-Debug|x86
		{0ED8C37C-355A-4271-92B8-F9ED66881C46}.Debug|x86.Build.0 = Client-Debug|x86
		{0ED8C37C-355A-4271-92B8-F9ED66881C46}.Linux-Debug|AnyCPU.ActiveCfg = Linux-Debug|Any CPU
		{0ED8C37C-355A-4271-92B8-F9ED66881C46}.Linux-Debug|AnyCPU.Build.0 = Linux-Debug|Any CPU
		{0ED8C37C-355A-4271-92B8-F9ED66881C46}.Linux-Debug|x86.ActiveCfg = Linux-Debug|x86
		{0ED8C37C-355A-4271-92B8-F9ED66881C46}.Linux-Debug|x86.Build.0 = Linux-Debug|x86
		{0ED8C37C-355A-4271-92B8-F9ED66881C46}.Mac-Debug|AnyCPU.ActiveCfg = Mac-Debug|Any CPU
		{0ED8C37C-355A-4271-92B8-F9ED66881C46}.Mac-Debug|AnyCPU.Build.0 = Mac-Debug|Any CPU
		{0ED8C37C-355A-4271-92B8-F9ED66881C46}.Mac-Debug|x86.ActiveCfg = Mac-Debug|x86
		{0ED8C37C-355A-4271-92B8-F9ED66881C46}.Mac-Debug|x86.Build.0 = Mac-Debug|x86
		{0ED8C37C-355A-4271-92B8-F9ED66881C46}.Release|AnyCPU.ActiveCfg = Server-Release|Any CPU
		{0ED8C37C-355A-4271-92B8-F9ED66881C46}.Release|AnyCPU.Build.0 = Server-Release|Any CPU
		{0ED8C37C-355A-4271-92B8-F9ED66881C46}.Release|x86.ActiveCfg = Server-Release|x86
		{0ED8C37C-355A-4271-92B8-F9ED66881C46}.Release|x86.Build.0 = Server-Release|x86
		{0ED8C37C-355A-4271-92B8-F9ED66881C46}.Server-Debug|AnyCPU.ActiveCfg = Server-Debug|Any CPU
		{0ED8C37C-355A-4271-92B8-F9ED66881C46}.Server-Debug|AnyCPU.Build.0 = Server-Debug|Any CPU
		{0ED8C37C-355A-4271-92B8-F9ED66881C46}.Server-Debug|x86.ActiveCfg = Server-Debug|x86
		{0ED8C37C-355A-4271-92B8-F9ED66881C46}.Server-Debug|x86.Build.0 = Server-Debug|x86
		{0ED8C37C-355A-4271-92B8-F9ED66881C46}.Server-Release|AnyCPU.ActiveCfg = Server-Release|Any CPU
		{0ED8C37C-355A-4271-92B8-F9ED66881C46}.Server-Release|AnyCPU.Build.0 = Server-Release|Any CPU
		{0ED8C37C-355A-4271-92B8-F9ED66881C46}.Server-Release|x86.ActiveCfg = Server-Release|x86
		{0ED8C37C-355A-4271-92B8-F9ED66881C46}.Server-Release|x86.Build.0 = Server-Release|x86
		{0ED8C37C-355A-4271-92B8-F9ED66881C46}.Windows-Debug|AnyCPU.ActiveCfg = Windows-Debug|Any CPU
		{0ED8C37C-355A-4271-92B8-F9ED66881C46}.Windows-Debug|AnyCPU.Build.0 = Windows-Debug|Any CPU
		{0ED8C37C-355A-4271-92B8-F9ED66881C46}.Windows-Debug|x86.ActiveCfg = Windows-Debug|x86
		{0ED8C37C-355A-4271-92B8-F9ED66881C46}.Windows-Debug|x86.Build.0 = Windows-Debug|x86
		{1F4BFCFD-FA1F-4E47-B44E-91E18EC785AC}.Debug|AnyCPU.ActiveCfg = Windows-Debug|Any CPU
		{1F4BFCFD-FA1F-4E47-B44E-91E18EC785AC}.Debug|AnyCPU.Build.0 = Windows-Debug|Any CPU
		{1F4BFCFD-FA1F-4E47-B44E-91E18EC785AC}.Debug|x86.ActiveCfg = Windows-Debug|x86
		{1F4BFCFD-FA1F-4E47-B44E-91E18EC785AC}.Debug|x86.Build.0 = Windows-Debug|x86
		{1F4BFCFD-FA1F-4E47-B44E-91E18EC785AC}.Linux-Debug|AnyCPU.ActiveCfg = Linux-Debug|Any CPU
		{1F4BFCFD-FA1F-4E47-B44E-91E18EC785AC}.Linux-Debug|AnyCPU.Build.0 = Linux-Debug|Any CPU
		{1F4BFCFD-FA1F-4E47-B44E-91E18EC785AC}.Linux-Debug|x86.ActiveCfg = Linux-Debug|x86
		{1F4BFCFD-FA1F-4E47-B44E-91E18EC785AC}.Linux-Debug|x86.Build.0 = Linux-Debug|x86
		{1F4BFCFD-FA1F-4E47-B44E-91E18EC785AC}.Mac-Debug|AnyCPU.ActiveCfg = Mac-Debug|Any CPU
		{1F4BFCFD-FA1F-4E47-B44E-91E18EC785AC}.Mac-Debug|AnyCPU.Build.0 = Mac-Debug|Any CPU
		{1F4BFCFD-FA1F-4E47-B44E-91E18EC785AC}.Mac-Debug|x86.ActiveCfg = Mac-Debug|x86
		{1F4BFCFD-FA1F-4E47-B44E-91E18EC785AC}.Mac-Debug|x86.Build.0 = Mac-Debug|x86
		{1F4BFCFD-FA1F-4E47-B44E-91E18EC785AC}.Release|AnyCPU.ActiveCfg = Server-Release|Any CPU
		{1F4BFCFD-FA1F-4E47-B44E-91E18EC785AC}.Release|AnyCPU.Build.0 = Server-Release|Any CPU
		{1F4BFCFD-FA1F-4E47-B44E-91E18EC785AC}.Release|x86.ActiveCfg = Server-Release|x86
		{1F4BFCFD-FA1F-4E47-B44E-91E18EC785AC}.Release|x86.Build.0 = Server-Release|x86
		{1F4BFCFD-FA1F-4E47-B44E-91E18EC785AC}.Server-Debug|AnyCPU.ActiveCfg = Server-Debug|Any CPU
		{1F4BFCFD-FA1F-4E47-B44E-91E18EC785AC}.Server-Debug|AnyCPU.Build.0 = Server-Debug|Any CPU
		{1F4BFCFD-FA1F-4E47-B44E-91E18EC785AC}.Server-Debug|x86.ActiveCfg = Server-Debug|x86
		{1F4BFCFD-FA1F-4E47-B44E-91E18EC785AC}.Server-Debug|x86.Build.0 = Server-Debug|x86
		{1F4BFCFD-FA1F-4E47-B44E-91E18EC785AC}.Server-Release|AnyCPU.ActiveCfg = Server-Release|Any CPU
		{1F4BFCFD-FA1F-4E47-B44E-91E18EC785AC}.Server-Release|AnyCPU.Build.0 = Server-Release|Any CPU
		{1F4BFCFD-FA1F-4E47-B44E-91E18EC785AC}.Server-Release|x86.ActiveCfg = Server-Release|x86
		{1F4BFCFD-FA1F-4E47-B44E-91E18EC785AC}.Server-Release|x86.Build.0 = Server-Release|x86
		{1F4BFCFD-FA1F-4E47-B44E-91E18EC785AC}.Windows-Debug|AnyCPU.ActiveCfg = Windows-Debug|Any CPU
		{1F4BFCFD-FA1F-4E47-B44E-91E18EC785AC}.Windows-Debug|AnyCPU.Build.0 = Windows-Debug|Any CPU
		{1F4BFCFD-FA1F-4E47-B44E-91E18EC785AC}.Windows-Debug|x86.ActiveCfg = Windows-Debug|x86
		{1F4BFCFD-FA1F-4E47-B44E-91E18EC785AC}.Windows-Debug|x86.Build.0 = Windows-Debug|x86
	EndGlobalSection
	GlobalSection(SolutionProperties) = preSolution
		HideSolutionNode = FALSE
	EndGlobalSection
	GlobalSection(NestedProjects) = preSolution
		{D87DBA58-1E96-43CC-BD55-A7F30CAEE90E} = {EED99527-E456-4B5C-8079-D4DC60410DFE}
	EndGlobalSection
	GlobalSection(MonoDevelopProperties) = preSolution
		Policies = $0
		$0.TextStylePolicy = $1
		$1.inheritsSet = VisualStudio
		$1.inheritsScope = text/plain
		$1.scope = text/x-csharp
		$0.CSharpFormattingPolicy = $2
		$2.IndentSwitchBody = True
		$2.IndentBlocksInsideExpressions = True
		$2.AnonymousMethodBraceStyle = NextLine
		$2.PropertyBraceStyle = NextLine
		$2.PropertyGetBraceStyle = NextLine
		$2.PropertySetBraceStyle = NextLine
		$2.EventBraceStyle = NextLine
		$2.EventAddBraceStyle = NextLine
		$2.EventRemoveBraceStyle = NextLine
		$2.StatementBraceStyle = NextLine
		$2.ElseNewLinePlacement = NewLine
		$2.CatchNewLinePlacement = NewLine
		$2.FinallyNewLinePlacement = NewLine
		$2.WhileNewLinePlacement = DoNotCare
		$2.EmbeddedStatementPlacement = DoNotCare
		$2.ArrayInitializerWrapping = DoNotChange
		$2.ArrayInitializerBraceStyle = NextLine
		$2.BeforeMethodDeclarationParentheses = False
		$2.BeforeMethodCallParentheses = False
		$2.BeforeConstructorDeclarationParentheses = False
		$2.BeforeDelegateDeclarationParentheses = False
		$2.NewParentheses = False
		$2.SpacesBeforeBrackets = False
		$2.inheritsSet = Mono
		$2.inheritsScope = text/x-csharp
		$2.scope = text/x-csharp
	EndGlobalSection
EndGlobal
