
Microsoft Visual Studio Solution File, Format Version 12.00
# Visual Studio Version 17
VisualStudioVersion = 17.0.31410.414
MinimumVisualStudioVersion = 10.0.40219.1
Project("{9A19103F-16F7-4668-BE54-9A1E7A4F7556}") = "OTAPI.Common", "OTAPI.Common\OTAPI.Common.csproj", "{802D3E09-201B-488B-8A59-4861AE071B56}"
EndProject
Project("{9A19103F-16F7-4668-BE54-9A1E7A4F7556}") = "FNA.Core", "FNA\FNA.Core.csproj", "{ED951E20-4E1A-422F-A1C6-3772ACDE8FD3}"
EndProject
Project("{9A19103F-16F7-4668-BE54-9A1E7A4F7556}") = "OTAPI.Client.Launcher", "OTAPI.Client.Launcher\OTAPI.Client.Launcher.csproj", "{674B5C8F-739A-4FAF-BD0C-0B2B8843F60F}"
EndProject
Project("{9A19103F-16F7-4668-BE54-9A1E7A4F7556}") = "OTAPI.Patcher", "OTAPI.Patcher\OTAPI.Patcher.csproj", "{6916CFD3-260D-40FB-9D18-1CB4164A18FD}"
EndProject
Project("{9A19103F-16F7-4668-BE54-9A1E7A4F7556}") = "OTAPI.Scripts", "OTAPI.Scripts\OTAPI.Scripts.csproj", "{3D7A2630-BD72-4E4A-8D72-D00E4978D5C6}"
EndProject
Global
	GlobalSection(SolutionConfigurationPlatforms) = preSolution
		Debug|Any CPU = Debug|Any CPU
		Debug|x64 = Debug|x64
		Release|Any CPU = Release|Any CPU
		Release|x64 = Release|x64
	EndGlobalSection
	GlobalSection(ProjectConfigurationPlatforms) = postSolution
		{802D3E09-201B-488B-8A59-4861AE071B56}.Debug|Any CPU.ActiveCfg = Debug|Any CPU
		{802D3E09-201B-488B-8A59-4861AE071B56}.Debug|Any CPU.Build.0 = Debug|Any CPU
		{802D3E09-201B-488B-8A59-4861AE071B56}.Debug|x64.ActiveCfg = Debug|Any CPU
		{802D3E09-201B-488B-8A59-4861AE071B56}.Debug|x64.Build.0 = Debug|Any CPU
		{802D3E09-201B-488B-8A59-4861AE071B56}.Release|Any CPU.ActiveCfg = Release|Any CPU
		{802D3E09-201B-488B-8A59-4861AE071B56}.Release|Any CPU.Build.0 = Release|Any CPU
		{802D3E09-201B-488B-8A59-4861AE071B56}.Release|x64.ActiveCfg = Release|Any CPU
		{802D3E09-201B-488B-8A59-4861AE071B56}.Release|x64.Build.0 = Release|Any CPU
		{ED951E20-4E1A-422F-A1C6-3772ACDE8FD3}.Debug|Any CPU.ActiveCfg = Debug|x64
		{ED951E20-4E1A-422F-A1C6-3772ACDE8FD3}.Debug|Any CPU.Build.0 = Debug|x64
		{ED951E20-4E1A-422F-A1C6-3772ACDE8FD3}.Debug|x64.ActiveCfg = Debug|x64
		{ED951E20-4E1A-422F-A1C6-3772ACDE8FD3}.Debug|x64.Build.0 = Debug|x64
		{ED951E20-4E1A-422F-A1C6-3772ACDE8FD3}.Release|Any CPU.ActiveCfg = Release|x64
		{ED951E20-4E1A-422F-A1C6-3772ACDE8FD3}.Release|Any CPU.Build.0 = Release|x64
		{ED951E20-4E1A-422F-A1C6-3772ACDE8FD3}.Release|x64.ActiveCfg = Release|x64
		{ED951E20-4E1A-422F-A1C6-3772ACDE8FD3}.Release|x64.Build.0 = Release|x64
		{674B5C8F-739A-4FAF-BD0C-0B2B8843F60F}.Debug|Any CPU.ActiveCfg = Debug|Any CPU
		{674B5C8F-739A-4FAF-BD0C-0B2B8843F60F}.Debug|Any CPU.Build.0 = Debug|Any CPU
		{674B5C8F-739A-4FAF-BD0C-0B2B8843F60F}.Debug|x64.ActiveCfg = Debug|Any CPU
		{674B5C8F-739A-4FAF-BD0C-0B2B8843F60F}.Debug|x64.Build.0 = Debug|Any CPU
		{674B5C8F-739A-4FAF-BD0C-0B2B8843F60F}.Release|Any CPU.ActiveCfg = Release|Any CPU
		{674B5C8F-739A-4FAF-BD0C-0B2B8843F60F}.Release|Any CPU.Build.0 = Release|Any CPU
		{674B5C8F-739A-4FAF-BD0C-0B2B8843F60F}.Release|x64.ActiveCfg = Release|Any CPU
		{674B5C8F-739A-4FAF-BD0C-0B2B8843F60F}.Release|x64.Build.0 = Release|Any CPU
		{6916CFD3-260D-40FB-9D18-1CB4164A18FD}.Debug|Any CPU.ActiveCfg = Debug|Any CPU
		{6916CFD3-260D-40FB-9D18-1CB4164A18FD}.Debug|Any CPU.Build.0 = Debug|Any CPU
		{6916CFD3-260D-40FB-9D18-1CB4164A18FD}.Debug|x64.ActiveCfg = Debug|Any CPU
		{6916CFD3-260D-40FB-9D18-1CB4164A18FD}.Debug|x64.Build.0 = Debug|Any CPU
		{6916CFD3-260D-40FB-9D18-1CB4164A18FD}.Release|Any CPU.ActiveCfg = Release|Any CPU
		{6916CFD3-260D-40FB-9D18-1CB4164A18FD}.Release|Any CPU.Build.0 = Release|Any CPU
		{6916CFD3-260D-40FB-9D18-1CB4164A18FD}.Release|x64.ActiveCfg = Release|Any CPU
		{6916CFD3-260D-40FB-9D18-1CB4164A18FD}.Release|x64.Build.0 = Release|Any CPU
		{3D7A2630-BD72-4E4A-8D72-D00E4978D5C6}.Debug|Any CPU.ActiveCfg = Debug|Any CPU
		{3D7A2630-BD72-4E4A-8D72-D00E4978D5C6}.Debug|x64.ActiveCfg = Debug|Any CPU
		{3D7A2630-BD72-4E4A-8D72-D00E4978D5C6}.Debug|x64.Build.0 = Debug|Any CPU
		{3D7A2630-BD72-4E4A-8D72-D00E4978D5C6}.Release|Any CPU.ActiveCfg = Release|Any CPU
		{3D7A2630-BD72-4E4A-8D72-D00E4978D5C6}.Release|x64.ActiveCfg = Release|Any CPU
		{3D7A2630-BD72-4E4A-8D72-D00E4978D5C6}.Release|x64.Build.0 = Release|Any CPU
	EndGlobalSection
	GlobalSection(SolutionProperties) = preSolution
		HideSolutionNode = FALSE
	EndGlobalSection
	GlobalSection(ExtensibilityGlobals) = postSolution
		SolutionGuid = {398162F1-E109-4AEA-A3B5-1B6FE5EF8437}
	EndGlobalSection
EndGlobal
