
Microsoft Visual Studio Solution File, Format Version 12.00
# Visual Studio Version 16
VisualStudioVersion = 16.0.30011.22
MinimumVisualStudioVersion = 10.0.40219.1
Project("{9A19103F-16F7-4668-BE54-9A1E7A4F7556}") = "OTAPI", "OTAPI\OTAPI.csproj", "{6E000CC6-948F-47BD-8A1A-DA4EDB8465D9}"
EndProject
Project("{9A19103F-16F7-4668-BE54-9A1E7A4F7556}") = "OTAPI.Patcher", "OTAPI.Patcher\OTAPI.Patcher.csproj", "{6874404D-C58E-4C59-8E35-5A7BD5BFB38E}"
EndProject
Project("{9A19103F-16F7-4668-BE54-9A1E7A4F7556}") = "OTAPI.Setup", "OTAPI.Setup\OTAPI.Setup.csproj", "{786B437E-6430-4E6A-B932-BD6FDB368245}"
EndProject
Project("{9A19103F-16F7-4668-BE54-9A1E7A4F7556}") = "OTAPI.Common", "OTAPI.Common\OTAPI.Common.csproj", "{35AB15CE-A00D-4497-A309-81028CF12339}"
EndProject
Project("{9A19103F-16F7-4668-BE54-9A1E7A4F7556}") = "OTAPI.Launcher", "OTAPI.Launcher\OTAPI.Launcher.csproj", "{AD16DAAE-21C7-457D-809C-9B176B7365A9}"
EndProject
Project("{2150E333-8FDC-42A3-9474-1A3956D46DE8}") = "Solution Items", "Solution Items", "{5C9547EF-FBA2-4005-AD34-D084DCEBB929}"
	ProjectSection(SolutionItems) = preProject
		.editorconfig = .editorconfig
	EndProjectSection
EndProject
Project("{9A19103F-16F7-4668-BE54-9A1E7A4F7556}") = "OTAPI.Shims", "OTAPI.Shims\OTAPI.Shims.csproj", "{109C5C70-F452-4AC7-A561-A305C5122ECB}"
EndProject
Global
	GlobalSection(SolutionConfigurationPlatforms) = preSolution
		Debug|Any CPU = Debug|Any CPU
		Debug|x86 = Debug|x86
		Release|Any CPU = Release|Any CPU
		Release|x86 = Release|x86
	EndGlobalSection
	GlobalSection(ProjectConfigurationPlatforms) = postSolution
		{6E000CC6-948F-47BD-8A1A-DA4EDB8465D9}.Debug|Any CPU.ActiveCfg = Debug|Any CPU
		{6E000CC6-948F-47BD-8A1A-DA4EDB8465D9}.Debug|Any CPU.Build.0 = Debug|Any CPU
		{6E000CC6-948F-47BD-8A1A-DA4EDB8465D9}.Debug|x86.ActiveCfg = Debug|x86
		{6E000CC6-948F-47BD-8A1A-DA4EDB8465D9}.Debug|x86.Build.0 = Debug|x86
		{6E000CC6-948F-47BD-8A1A-DA4EDB8465D9}.Release|Any CPU.ActiveCfg = Release|Any CPU
		{6E000CC6-948F-47BD-8A1A-DA4EDB8465D9}.Release|Any CPU.Build.0 = Release|Any CPU
		{6E000CC6-948F-47BD-8A1A-DA4EDB8465D9}.Release|x86.ActiveCfg = Release|x86
		{6E000CC6-948F-47BD-8A1A-DA4EDB8465D9}.Release|x86.Build.0 = Release|x86
		{6874404D-C58E-4C59-8E35-5A7BD5BFB38E}.Debug|Any CPU.ActiveCfg = Debug|x86
		{6874404D-C58E-4C59-8E35-5A7BD5BFB38E}.Debug|Any CPU.Build.0 = Debug|x86
		{6874404D-C58E-4C59-8E35-5A7BD5BFB38E}.Debug|x86.ActiveCfg = Debug|x86
		{6874404D-C58E-4C59-8E35-5A7BD5BFB38E}.Debug|x86.Build.0 = Debug|x86
		{6874404D-C58E-4C59-8E35-5A7BD5BFB38E}.Release|Any CPU.ActiveCfg = Release|Any CPU
		{6874404D-C58E-4C59-8E35-5A7BD5BFB38E}.Release|Any CPU.Build.0 = Release|Any CPU
		{6874404D-C58E-4C59-8E35-5A7BD5BFB38E}.Release|x86.ActiveCfg = Release|x86
		{6874404D-C58E-4C59-8E35-5A7BD5BFB38E}.Release|x86.Build.0 = Release|x86
		{786B437E-6430-4E6A-B932-BD6FDB368245}.Debug|Any CPU.ActiveCfg = Debug|Any CPU
		{786B437E-6430-4E6A-B932-BD6FDB368245}.Debug|Any CPU.Build.0 = Debug|Any CPU
		{786B437E-6430-4E6A-B932-BD6FDB368245}.Debug|x86.ActiveCfg = Debug|x86
		{786B437E-6430-4E6A-B932-BD6FDB368245}.Debug|x86.Build.0 = Debug|x86
		{786B437E-6430-4E6A-B932-BD6FDB368245}.Release|Any CPU.ActiveCfg = Release|Any CPU
		{786B437E-6430-4E6A-B932-BD6FDB368245}.Release|Any CPU.Build.0 = Release|Any CPU
		{786B437E-6430-4E6A-B932-BD6FDB368245}.Release|x86.ActiveCfg = Release|x86
		{786B437E-6430-4E6A-B932-BD6FDB368245}.Release|x86.Build.0 = Release|x86
		{35AB15CE-A00D-4497-A309-81028CF12339}.Debug|Any CPU.ActiveCfg = Debug|Any CPU
		{35AB15CE-A00D-4497-A309-81028CF12339}.Debug|Any CPU.Build.0 = Debug|Any CPU
		{35AB15CE-A00D-4497-A309-81028CF12339}.Debug|x86.ActiveCfg = Debug|x86
		{35AB15CE-A00D-4497-A309-81028CF12339}.Debug|x86.Build.0 = Debug|x86
		{35AB15CE-A00D-4497-A309-81028CF12339}.Release|Any CPU.ActiveCfg = Release|Any CPU
		{35AB15CE-A00D-4497-A309-81028CF12339}.Release|Any CPU.Build.0 = Release|Any CPU
		{35AB15CE-A00D-4497-A309-81028CF12339}.Release|x86.ActiveCfg = Release|x86
		{35AB15CE-A00D-4497-A309-81028CF12339}.Release|x86.Build.0 = Release|x86
		{AD16DAAE-21C7-457D-809C-9B176B7365A9}.Debug|Any CPU.ActiveCfg = Debug|x86
		{AD16DAAE-21C7-457D-809C-9B176B7365A9}.Debug|Any CPU.Build.0 = Debug|x86
		{AD16DAAE-21C7-457D-809C-9B176B7365A9}.Debug|x86.ActiveCfg = Debug|x86
		{AD16DAAE-21C7-457D-809C-9B176B7365A9}.Debug|x86.Build.0 = Debug|x86
		{AD16DAAE-21C7-457D-809C-9B176B7365A9}.Release|Any CPU.ActiveCfg = Release|Any CPU
		{AD16DAAE-21C7-457D-809C-9B176B7365A9}.Release|Any CPU.Build.0 = Release|Any CPU
		{AD16DAAE-21C7-457D-809C-9B176B7365A9}.Release|x86.ActiveCfg = Release|Any CPU
		{AD16DAAE-21C7-457D-809C-9B176B7365A9}.Release|x86.Build.0 = Release|Any CPU
		{109C5C70-F452-4AC7-A561-A305C5122ECB}.Debug|Any CPU.ActiveCfg = Debug|Any CPU
		{109C5C70-F452-4AC7-A561-A305C5122ECB}.Debug|Any CPU.Build.0 = Debug|Any CPU
		{109C5C70-F452-4AC7-A561-A305C5122ECB}.Debug|x86.ActiveCfg = Debug|Any CPU
		{109C5C70-F452-4AC7-A561-A305C5122ECB}.Debug|x86.Build.0 = Debug|Any CPU
		{109C5C70-F452-4AC7-A561-A305C5122ECB}.Release|Any CPU.ActiveCfg = Release|Any CPU
		{109C5C70-F452-4AC7-A561-A305C5122ECB}.Release|Any CPU.Build.0 = Release|Any CPU
		{109C5C70-F452-4AC7-A561-A305C5122ECB}.Release|x86.ActiveCfg = Release|Any CPU
		{109C5C70-F452-4AC7-A561-A305C5122ECB}.Release|x86.Build.0 = Release|Any CPU
	EndGlobalSection
	GlobalSection(SolutionProperties) = preSolution
		HideSolutionNode = FALSE
	EndGlobalSection
	GlobalSection(ExtensibilityGlobals) = postSolution
		SolutionGuid = {2472FFB7-C485-4129-AD34-6C46FDB0EFAC}
	EndGlobalSection
EndGlobal
