
Microsoft Visual Studio Solution File, Format Version 12.00
# Visual Studio Version 17
VisualStudioVersion = 17.0.31410.414
MinimumVisualStudioVersion = 10.0.40219.1
Project("{9A19103F-16F7-4668-BE54-9A1E7A4F7556}") = "OTAPI.Patcher", "OTAPI.Patcher\OTAPI.Patcher.csproj", "{41E26DEB-BE20-4C90-ACA1-EC9821277A36}"
EndProject
Project("{2150E333-8FDC-42A3-9474-1A3956D46DE8}") = "Documents", "Documents", "{2E966B91-7856-4982-B293-1000AA015EF5}"
	ProjectSection(SolutionItems) = preProject
		.gitignore = .gitignore
		.travis.yml = .travis.yml
		build.sh = build.sh
		.github\workflows\ci.yml = .github\workflows\ci.yml
		COPYING.txt = COPYING.txt
		.vscode\launch.json = .vscode\launch.json
		OTAPI.Mobile.nuspec = OTAPI.Mobile.nuspec
		OTAPI.PC.nuspec = OTAPI.PC.nuspec
		OTAPI.TML.nuspec = OTAPI.TML.nuspec
		README.md = README.md
		.vscode\tasks.json = .vscode\tasks.json
	EndProjectSection
EndProject
Project("{9A19103F-16F7-4668-BE54-9A1E7A4F7556}") = "OTAPI.Scripts", "OTAPI.Scripts\OTAPI.Scripts.csproj", "{7E98E868-6CA5-41F0-BE98-47F9B37992B1}"
EndProject
Project("{9A19103F-16F7-4668-BE54-9A1E7A4F7556}") = "OTAPI.Common", "OTAPI.Common\OTAPI.Common.csproj", "{430E8B48-4F60-4A21-8B15-771A1681C812}"
EndProject
Project("{9A19103F-16F7-4668-BE54-9A1E7A4F7556}") = "FNA.Core", "FNA\FNA.Core.csproj", "{63B4C17F-29A6-4519-9302-9317DE8B5FDC}"
EndProject
Global
	GlobalSection(SolutionConfigurationPlatforms) = preSolution
		Debug|Any CPU = Debug|Any CPU
		Debug|x64 = Debug|x64
		Debug|x86 = Debug|x86
		DebugLegacy|Any CPU = DebugLegacy|Any CPU
		DebugLegacy|x64 = DebugLegacy|x64
		DebugLegacy|x86 = DebugLegacy|x86
		DebugTrace|Any CPU = DebugTrace|Any CPU
		DebugTrace|x64 = DebugTrace|x64
		DebugTrace|x86 = DebugTrace|x86
		Release|Any CPU = Release|Any CPU
		Release|x64 = Release|x64
		Release|x86 = Release|x86
		ReleaseLegacy|Any CPU = ReleaseLegacy|Any CPU
		ReleaseLegacy|x64 = ReleaseLegacy|x64
		ReleaseLegacy|x86 = ReleaseLegacy|x86
		ReleaseTrace|Any CPU = ReleaseTrace|Any CPU
		ReleaseTrace|x64 = ReleaseTrace|x64
		ReleaseTrace|x86 = ReleaseTrace|x86
	EndGlobalSection
	GlobalSection(ProjectConfigurationPlatforms) = postSolution
		{41E26DEB-BE20-4C90-ACA1-EC9821277A36}.Debug|Any CPU.ActiveCfg = Debug|Any CPU
		{41E26DEB-BE20-4C90-ACA1-EC9821277A36}.Debug|Any CPU.Build.0 = Debug|Any CPU
		{41E26DEB-BE20-4C90-ACA1-EC9821277A36}.Debug|x64.ActiveCfg = Debug|Any CPU
		{41E26DEB-BE20-4C90-ACA1-EC9821277A36}.Debug|x64.Build.0 = Debug|Any CPU
		{41E26DEB-BE20-4C90-ACA1-EC9821277A36}.Debug|x86.ActiveCfg = Debug|Any CPU
		{41E26DEB-BE20-4C90-ACA1-EC9821277A36}.Debug|x86.Build.0 = Debug|Any CPU
		{41E26DEB-BE20-4C90-ACA1-EC9821277A36}.DebugLegacy|Any CPU.ActiveCfg = Debug|Any CPU
		{41E26DEB-BE20-4C90-ACA1-EC9821277A36}.DebugLegacy|Any CPU.Build.0 = Debug|Any CPU
		{41E26DEB-BE20-4C90-ACA1-EC9821277A36}.DebugLegacy|x64.ActiveCfg = Debug|Any CPU
		{41E26DEB-BE20-4C90-ACA1-EC9821277A36}.DebugLegacy|x64.Build.0 = Debug|Any CPU
		{41E26DEB-BE20-4C90-ACA1-EC9821277A36}.DebugLegacy|x86.ActiveCfg = Debug|Any CPU
		{41E26DEB-BE20-4C90-ACA1-EC9821277A36}.DebugLegacy|x86.Build.0 = Debug|Any CPU
		{41E26DEB-BE20-4C90-ACA1-EC9821277A36}.DebugTrace|Any CPU.ActiveCfg = Debug|Any CPU
		{41E26DEB-BE20-4C90-ACA1-EC9821277A36}.DebugTrace|Any CPU.Build.0 = Debug|Any CPU
		{41E26DEB-BE20-4C90-ACA1-EC9821277A36}.DebugTrace|x64.ActiveCfg = Debug|Any CPU
		{41E26DEB-BE20-4C90-ACA1-EC9821277A36}.DebugTrace|x64.Build.0 = Debug|Any CPU
		{41E26DEB-BE20-4C90-ACA1-EC9821277A36}.DebugTrace|x86.ActiveCfg = Debug|Any CPU
		{41E26DEB-BE20-4C90-ACA1-EC9821277A36}.DebugTrace|x86.Build.0 = Debug|Any CPU
		{41E26DEB-BE20-4C90-ACA1-EC9821277A36}.Release|Any CPU.ActiveCfg = Release|Any CPU
		{41E26DEB-BE20-4C90-ACA1-EC9821277A36}.Release|Any CPU.Build.0 = Release|Any CPU
		{41E26DEB-BE20-4C90-ACA1-EC9821277A36}.Release|x64.ActiveCfg = Release|Any CPU
		{41E26DEB-BE20-4C90-ACA1-EC9821277A36}.Release|x64.Build.0 = Release|Any CPU
		{41E26DEB-BE20-4C90-ACA1-EC9821277A36}.Release|x86.ActiveCfg = Release|Any CPU
		{41E26DEB-BE20-4C90-ACA1-EC9821277A36}.Release|x86.Build.0 = Release|Any CPU
		{41E26DEB-BE20-4C90-ACA1-EC9821277A36}.ReleaseLegacy|Any CPU.ActiveCfg = Release|Any CPU
		{41E26DEB-BE20-4C90-ACA1-EC9821277A36}.ReleaseLegacy|Any CPU.Build.0 = Release|Any CPU
		{41E26DEB-BE20-4C90-ACA1-EC9821277A36}.ReleaseLegacy|x64.ActiveCfg = Release|Any CPU
		{41E26DEB-BE20-4C90-ACA1-EC9821277A36}.ReleaseLegacy|x64.Build.0 = Release|Any CPU
		{41E26DEB-BE20-4C90-ACA1-EC9821277A36}.ReleaseLegacy|x86.ActiveCfg = Release|Any CPU
		{41E26DEB-BE20-4C90-ACA1-EC9821277A36}.ReleaseLegacy|x86.Build.0 = Release|Any CPU
		{41E26DEB-BE20-4C90-ACA1-EC9821277A36}.ReleaseTrace|Any CPU.ActiveCfg = Release|Any CPU
		{41E26DEB-BE20-4C90-ACA1-EC9821277A36}.ReleaseTrace|Any CPU.Build.0 = Release|Any CPU
		{41E26DEB-BE20-4C90-ACA1-EC9821277A36}.ReleaseTrace|x64.ActiveCfg = Release|Any CPU
		{41E26DEB-BE20-4C90-ACA1-EC9821277A36}.ReleaseTrace|x64.Build.0 = Release|Any CPU
		{41E26DEB-BE20-4C90-ACA1-EC9821277A36}.ReleaseTrace|x86.ActiveCfg = Release|Any CPU
		{41E26DEB-BE20-4C90-ACA1-EC9821277A36}.ReleaseTrace|x86.Build.0 = Release|Any CPU
		{7E98E868-6CA5-41F0-BE98-47F9B37992B1}.Debug|Any CPU.ActiveCfg = Debug|Any CPU
		{7E98E868-6CA5-41F0-BE98-47F9B37992B1}.Debug|x64.ActiveCfg = Debug|Any CPU
		{7E98E868-6CA5-41F0-BE98-47F9B37992B1}.Debug|x86.ActiveCfg = Debug|Any CPU
		{7E98E868-6CA5-41F0-BE98-47F9B37992B1}.DebugLegacy|Any CPU.ActiveCfg = Debug|Any CPU
		{7E98E868-6CA5-41F0-BE98-47F9B37992B1}.DebugLegacy|Any CPU.Build.0 = Debug|Any CPU
		{7E98E868-6CA5-41F0-BE98-47F9B37992B1}.DebugLegacy|x64.ActiveCfg = Debug|Any CPU
		{7E98E868-6CA5-41F0-BE98-47F9B37992B1}.DebugLegacy|x64.Build.0 = Debug|Any CPU
		{7E98E868-6CA5-41F0-BE98-47F9B37992B1}.DebugLegacy|x86.ActiveCfg = Debug|Any CPU
		{7E98E868-6CA5-41F0-BE98-47F9B37992B1}.DebugLegacy|x86.Build.0 = Debug|Any CPU
		{7E98E868-6CA5-41F0-BE98-47F9B37992B1}.DebugTrace|Any CPU.ActiveCfg = Debug|Any CPU
		{7E98E868-6CA5-41F0-BE98-47F9B37992B1}.DebugTrace|Any CPU.Build.0 = Debug|Any CPU
		{7E98E868-6CA5-41F0-BE98-47F9B37992B1}.DebugTrace|x64.ActiveCfg = Debug|Any CPU
		{7E98E868-6CA5-41F0-BE98-47F9B37992B1}.DebugTrace|x64.Build.0 = Debug|Any CPU
		{7E98E868-6CA5-41F0-BE98-47F9B37992B1}.DebugTrace|x86.ActiveCfg = Debug|Any CPU
		{7E98E868-6CA5-41F0-BE98-47F9B37992B1}.DebugTrace|x86.Build.0 = Debug|Any CPU
		{7E98E868-6CA5-41F0-BE98-47F9B37992B1}.Release|Any CPU.ActiveCfg = Release|Any CPU
		{7E98E868-6CA5-41F0-BE98-47F9B37992B1}.Release|x64.ActiveCfg = Release|Any CPU
		{7E98E868-6CA5-41F0-BE98-47F9B37992B1}.Release|x64.Build.0 = Release|Any CPU
		{7E98E868-6CA5-41F0-BE98-47F9B37992B1}.Release|x86.ActiveCfg = Release|Any CPU
		{7E98E868-6CA5-41F0-BE98-47F9B37992B1}.Release|x86.Build.0 = Release|Any CPU
		{7E98E868-6CA5-41F0-BE98-47F9B37992B1}.ReleaseLegacy|Any CPU.ActiveCfg = Release|Any CPU
		{7E98E868-6CA5-41F0-BE98-47F9B37992B1}.ReleaseLegacy|Any CPU.Build.0 = Release|Any CPU
		{7E98E868-6CA5-41F0-BE98-47F9B37992B1}.ReleaseLegacy|x64.ActiveCfg = Release|Any CPU
		{7E98E868-6CA5-41F0-BE98-47F9B37992B1}.ReleaseLegacy|x64.Build.0 = Release|Any CPU
		{7E98E868-6CA5-41F0-BE98-47F9B37992B1}.ReleaseLegacy|x86.ActiveCfg = Release|Any CPU
		{7E98E868-6CA5-41F0-BE98-47F9B37992B1}.ReleaseLegacy|x86.Build.0 = Release|Any CPU
		{7E98E868-6CA5-41F0-BE98-47F9B37992B1}.ReleaseTrace|Any CPU.ActiveCfg = Release|Any CPU
		{7E98E868-6CA5-41F0-BE98-47F9B37992B1}.ReleaseTrace|Any CPU.Build.0 = Release|Any CPU
		{7E98E868-6CA5-41F0-BE98-47F9B37992B1}.ReleaseTrace|x64.ActiveCfg = Release|Any CPU
		{7E98E868-6CA5-41F0-BE98-47F9B37992B1}.ReleaseTrace|x64.Build.0 = Release|Any CPU
		{7E98E868-6CA5-41F0-BE98-47F9B37992B1}.ReleaseTrace|x86.ActiveCfg = Release|Any CPU
		{7E98E868-6CA5-41F0-BE98-47F9B37992B1}.ReleaseTrace|x86.Build.0 = Release|Any CPU
		{430E8B48-4F60-4A21-8B15-771A1681C812}.Debug|Any CPU.ActiveCfg = Debug|Any CPU
		{430E8B48-4F60-4A21-8B15-771A1681C812}.Debug|Any CPU.Build.0 = Debug|Any CPU
		{430E8B48-4F60-4A21-8B15-771A1681C812}.Debug|x64.ActiveCfg = Debug|Any CPU
		{430E8B48-4F60-4A21-8B15-771A1681C812}.Debug|x64.Build.0 = Debug|Any CPU
		{430E8B48-4F60-4A21-8B15-771A1681C812}.Debug|x86.ActiveCfg = Debug|Any CPU
		{430E8B48-4F60-4A21-8B15-771A1681C812}.Debug|x86.Build.0 = Debug|Any CPU
		{430E8B48-4F60-4A21-8B15-771A1681C812}.DebugLegacy|Any CPU.ActiveCfg = Debug|Any CPU
		{430E8B48-4F60-4A21-8B15-771A1681C812}.DebugLegacy|Any CPU.Build.0 = Debug|Any CPU
		{430E8B48-4F60-4A21-8B15-771A1681C812}.DebugLegacy|x64.ActiveCfg = Debug|Any CPU
		{430E8B48-4F60-4A21-8B15-771A1681C812}.DebugLegacy|x64.Build.0 = Debug|Any CPU
		{430E8B48-4F60-4A21-8B15-771A1681C812}.DebugLegacy|x86.ActiveCfg = Debug|Any CPU
		{430E8B48-4F60-4A21-8B15-771A1681C812}.DebugLegacy|x86.Build.0 = Debug|Any CPU
		{430E8B48-4F60-4A21-8B15-771A1681C812}.DebugTrace|Any CPU.ActiveCfg = Debug|Any CPU
		{430E8B48-4F60-4A21-8B15-771A1681C812}.DebugTrace|Any CPU.Build.0 = Debug|Any CPU
		{430E8B48-4F60-4A21-8B15-771A1681C812}.DebugTrace|x64.ActiveCfg = Debug|Any CPU
		{430E8B48-4F60-4A21-8B15-771A1681C812}.DebugTrace|x64.Build.0 = Debug|Any CPU
		{430E8B48-4F60-4A21-8B15-771A1681C812}.DebugTrace|x86.ActiveCfg = Debug|Any CPU
		{430E8B48-4F60-4A21-8B15-771A1681C812}.DebugTrace|x86.Build.0 = Debug|Any CPU
		{430E8B48-4F60-4A21-8B15-771A1681C812}.Release|Any CPU.ActiveCfg = Release|Any CPU
		{430E8B48-4F60-4A21-8B15-771A1681C812}.Release|Any CPU.Build.0 = Release|Any CPU
		{430E8B48-4F60-4A21-8B15-771A1681C812}.Release|x64.ActiveCfg = Release|Any CPU
		{430E8B48-4F60-4A21-8B15-771A1681C812}.Release|x64.Build.0 = Release|Any CPU
		{430E8B48-4F60-4A21-8B15-771A1681C812}.Release|x86.ActiveCfg = Release|Any CPU
		{430E8B48-4F60-4A21-8B15-771A1681C812}.Release|x86.Build.0 = Release|Any CPU
		{430E8B48-4F60-4A21-8B15-771A1681C812}.ReleaseLegacy|Any CPU.ActiveCfg = Release|Any CPU
		{430E8B48-4F60-4A21-8B15-771A1681C812}.ReleaseLegacy|Any CPU.Build.0 = Release|Any CPU
		{430E8B48-4F60-4A21-8B15-771A1681C812}.ReleaseLegacy|x64.ActiveCfg = Release|Any CPU
		{430E8B48-4F60-4A21-8B15-771A1681C812}.ReleaseLegacy|x64.Build.0 = Release|Any CPU
		{430E8B48-4F60-4A21-8B15-771A1681C812}.ReleaseLegacy|x86.ActiveCfg = Release|Any CPU
		{430E8B48-4F60-4A21-8B15-771A1681C812}.ReleaseLegacy|x86.Build.0 = Release|Any CPU
		{430E8B48-4F60-4A21-8B15-771A1681C812}.ReleaseTrace|Any CPU.ActiveCfg = Release|Any CPU
		{430E8B48-4F60-4A21-8B15-771A1681C812}.ReleaseTrace|Any CPU.Build.0 = Release|Any CPU
		{430E8B48-4F60-4A21-8B15-771A1681C812}.ReleaseTrace|x64.ActiveCfg = Release|Any CPU
		{430E8B48-4F60-4A21-8B15-771A1681C812}.ReleaseTrace|x64.Build.0 = Release|Any CPU
		{430E8B48-4F60-4A21-8B15-771A1681C812}.ReleaseTrace|x86.ActiveCfg = Release|Any CPU
		{430E8B48-4F60-4A21-8B15-771A1681C812}.ReleaseTrace|x86.Build.0 = Release|Any CPU
		{63B4C17F-29A6-4519-9302-9317DE8B5FDC}.Debug|Any CPU.ActiveCfg = Debug|x64
		{63B4C17F-29A6-4519-9302-9317DE8B5FDC}.Debug|Any CPU.Build.0 = Debug|x64
		{63B4C17F-29A6-4519-9302-9317DE8B5FDC}.Debug|x64.ActiveCfg = Debug|x64
		{63B4C17F-29A6-4519-9302-9317DE8B5FDC}.Debug|x64.Build.0 = Debug|x64
		{63B4C17F-29A6-4519-9302-9317DE8B5FDC}.Debug|x86.ActiveCfg = Debug|x64
		{63B4C17F-29A6-4519-9302-9317DE8B5FDC}.DebugLegacy|Any CPU.ActiveCfg = Debug|x64
		{63B4C17F-29A6-4519-9302-9317DE8B5FDC}.DebugLegacy|Any CPU.Build.0 = Debug|x64
		{63B4C17F-29A6-4519-9302-9317DE8B5FDC}.DebugLegacy|x64.ActiveCfg = Debug|x64
		{63B4C17F-29A6-4519-9302-9317DE8B5FDC}.DebugLegacy|x64.Build.0 = Debug|x64
		{63B4C17F-29A6-4519-9302-9317DE8B5FDC}.DebugLegacy|x86.ActiveCfg = Debug|x64
		{63B4C17F-29A6-4519-9302-9317DE8B5FDC}.DebugLegacy|x86.Build.0 = Debug|x64
		{63B4C17F-29A6-4519-9302-9317DE8B5FDC}.DebugTrace|Any CPU.ActiveCfg = Debug|x64
		{63B4C17F-29A6-4519-9302-9317DE8B5FDC}.DebugTrace|Any CPU.Build.0 = Debug|x64
		{63B4C17F-29A6-4519-9302-9317DE8B5FDC}.DebugTrace|x64.ActiveCfg = Debug|x64
		{63B4C17F-29A6-4519-9302-9317DE8B5FDC}.DebugTrace|x64.Build.0 = Debug|x64
		{63B4C17F-29A6-4519-9302-9317DE8B5FDC}.DebugTrace|x86.ActiveCfg = Debug|x64
		{63B4C17F-29A6-4519-9302-9317DE8B5FDC}.DebugTrace|x86.Build.0 = Debug|x64
		{63B4C17F-29A6-4519-9302-9317DE8B5FDC}.Release|Any CPU.ActiveCfg = Release|x64
		{63B4C17F-29A6-4519-9302-9317DE8B5FDC}.Release|x64.ActiveCfg = Release|x64
		{63B4C17F-29A6-4519-9302-9317DE8B5FDC}.Release|x64.Build.0 = Release|x64
		{63B4C17F-29A6-4519-9302-9317DE8B5FDC}.Release|x86.ActiveCfg = Release|x64
		{63B4C17F-29A6-4519-9302-9317DE8B5FDC}.ReleaseLegacy|Any CPU.ActiveCfg = Debug|x64
		{63B4C17F-29A6-4519-9302-9317DE8B5FDC}.ReleaseLegacy|Any CPU.Build.0 = Debug|x64
		{63B4C17F-29A6-4519-9302-9317DE8B5FDC}.ReleaseLegacy|x64.ActiveCfg = Release|x64
		{63B4C17F-29A6-4519-9302-9317DE8B5FDC}.ReleaseLegacy|x64.Build.0 = Release|x64
		{63B4C17F-29A6-4519-9302-9317DE8B5FDC}.ReleaseLegacy|x86.ActiveCfg = Debug|x64
		{63B4C17F-29A6-4519-9302-9317DE8B5FDC}.ReleaseLegacy|x86.Build.0 = Debug|x64
		{63B4C17F-29A6-4519-9302-9317DE8B5FDC}.ReleaseTrace|Any CPU.ActiveCfg = Debug|x64
		{63B4C17F-29A6-4519-9302-9317DE8B5FDC}.ReleaseTrace|Any CPU.Build.0 = Debug|x64
		{63B4C17F-29A6-4519-9302-9317DE8B5FDC}.ReleaseTrace|x64.ActiveCfg = Release|x64
		{63B4C17F-29A6-4519-9302-9317DE8B5FDC}.ReleaseTrace|x64.Build.0 = Release|x64
		{63B4C17F-29A6-4519-9302-9317DE8B5FDC}.ReleaseTrace|x86.ActiveCfg = Debug|x64
		{63B4C17F-29A6-4519-9302-9317DE8B5FDC}.ReleaseTrace|x86.Build.0 = Debug|x64
	EndGlobalSection
	GlobalSection(SolutionProperties) = preSolution
		HideSolutionNode = FALSE
	EndGlobalSection
	GlobalSection(ExtensibilityGlobals) = postSolution
		SolutionGuid = {B1E37C92-9260-41F7-9F78-9EF058959962}
	EndGlobalSection
EndGlobal
