
Microsoft Visual Studio Solution File, Format Version 12.00
# Visual Studio Version 16
VisualStudioVersion = 16.0.30104.148
MinimumVisualStudioVersion = 10.0.40219.1
Project("{9A19103F-16F7-4668-BE54-9A1E7A4F7556}") = "ModFramework", "ModFramework\ModFramework.csproj", "{AC4FC782-F1BF-49F8-8672-DDDD7663E38A}"
EndProject
Project("{FAE04EC0-301F-11D3-BF4B-00C04F79EFBC}") = "OTAPI.Setup", "OTAPI.Setup\OTAPI.Setup.csproj", "{88BABCB8-A4BA-4B94-BD93-250871BE12BA}"
EndProject
Project("{FAE04EC0-301F-11D3-BF4B-00C04F79EFBC}") = "OTAPI.Shims", "OTAPI.Shims\OTAPI.Shims.csproj", "{13F74567-141F-45F8-A1FF-05EB1E4C02BF}"
EndProject
Global
	GlobalSection(SolutionConfigurationPlatforms) = preSolution
		Debug|Any CPU = Debug|Any CPU
		DebugLegacy|Any CPU = DebugLegacy|Any CPU
		DebugTrace|Any CPU = DebugTrace|Any CPU
		Release|Any CPU = Release|Any CPU
		ReleaseLegacy|Any CPU = ReleaseLegacy|Any CPU
		ReleaseTrace|Any CPU = ReleaseTrace|Any CPU
	EndGlobalSection
	GlobalSection(ProjectConfigurationPlatforms) = postSolution
		{AC4FC782-F1BF-49F8-8672-DDDD7663E38A}.Debug|Any CPU.ActiveCfg = Debug|Any CPU
		{AC4FC782-F1BF-49F8-8672-DDDD7663E38A}.Debug|Any CPU.Build.0 = Debug|Any CPU
		{AC4FC782-F1BF-49F8-8672-DDDD7663E38A}.DebugLegacy|Any CPU.ActiveCfg = Debug|Any CPU
		{AC4FC782-F1BF-49F8-8672-DDDD7663E38A}.DebugLegacy|Any CPU.Build.0 = Debug|Any CPU
		{AC4FC782-F1BF-49F8-8672-DDDD7663E38A}.DebugTrace|Any CPU.ActiveCfg = Debug|Any CPU
		{AC4FC782-F1BF-49F8-8672-DDDD7663E38A}.DebugTrace|Any CPU.Build.0 = Debug|Any CPU
		{AC4FC782-F1BF-49F8-8672-DDDD7663E38A}.Release|Any CPU.ActiveCfg = Release|Any CPU
		{AC4FC782-F1BF-49F8-8672-DDDD7663E38A}.Release|Any CPU.Build.0 = Release|Any CPU
		{AC4FC782-F1BF-49F8-8672-DDDD7663E38A}.ReleaseLegacy|Any CPU.ActiveCfg = Release|Any CPU
		{AC4FC782-F1BF-49F8-8672-DDDD7663E38A}.ReleaseLegacy|Any CPU.Build.0 = Release|Any CPU
		{AC4FC782-F1BF-49F8-8672-DDDD7663E38A}.ReleaseTrace|Any CPU.ActiveCfg = Release|Any CPU
		{AC4FC782-F1BF-49F8-8672-DDDD7663E38A}.ReleaseTrace|Any CPU.Build.0 = Release|Any CPU
		{88BABCB8-A4BA-4B94-BD93-250871BE12BA}.Debug|Any CPU.ActiveCfg = Debug|Any CPU
		{88BABCB8-A4BA-4B94-BD93-250871BE12BA}.Debug|Any CPU.Build.0 = Debug|Any CPU
		{88BABCB8-A4BA-4B94-BD93-250871BE12BA}.DebugLegacy|Any CPU.ActiveCfg = Debug|Any CPU
		{88BABCB8-A4BA-4B94-BD93-250871BE12BA}.DebugLegacy|Any CPU.Build.0 = Debug|Any CPU
		{88BABCB8-A4BA-4B94-BD93-250871BE12BA}.DebugTrace|Any CPU.ActiveCfg = Debug|Any CPU
		{88BABCB8-A4BA-4B94-BD93-250871BE12BA}.DebugTrace|Any CPU.Build.0 = Debug|Any CPU
		{88BABCB8-A4BA-4B94-BD93-250871BE12BA}.Release|Any CPU.ActiveCfg = Release|Any CPU
		{88BABCB8-A4BA-4B94-BD93-250871BE12BA}.Release|Any CPU.Build.0 = Release|Any CPU
		{88BABCB8-A4BA-4B94-BD93-250871BE12BA}.ReleaseLegacy|Any CPU.ActiveCfg = Release|Any CPU
		{88BABCB8-A4BA-4B94-BD93-250871BE12BA}.ReleaseLegacy|Any CPU.Build.0 = Release|Any CPU
		{88BABCB8-A4BA-4B94-BD93-250871BE12BA}.ReleaseTrace|Any CPU.ActiveCfg = Release|Any CPU
		{88BABCB8-A4BA-4B94-BD93-250871BE12BA}.ReleaseTrace|Any CPU.Build.0 = Release|Any CPU
		{13F74567-141F-45F8-A1FF-05EB1E4C02BF}.Debug|Any CPU.ActiveCfg = Debug|Any CPU
		{13F74567-141F-45F8-A1FF-05EB1E4C02BF}.Debug|Any CPU.Build.0 = Debug|Any CPU
		{13F74567-141F-45F8-A1FF-05EB1E4C02BF}.DebugLegacy|Any CPU.ActiveCfg = Debug|Any CPU
		{13F74567-141F-45F8-A1FF-05EB1E4C02BF}.DebugLegacy|Any CPU.Build.0 = Debug|Any CPU
		{13F74567-141F-45F8-A1FF-05EB1E4C02BF}.DebugTrace|Any CPU.ActiveCfg = Debug|Any CPU
		{13F74567-141F-45F8-A1FF-05EB1E4C02BF}.DebugTrace|Any CPU.Build.0 = Debug|Any CPU
		{13F74567-141F-45F8-A1FF-05EB1E4C02BF}.Release|Any CPU.ActiveCfg = Release|Any CPU
		{13F74567-141F-45F8-A1FF-05EB1E4C02BF}.Release|Any CPU.Build.0 = Release|Any CPU
		{13F74567-141F-45F8-A1FF-05EB1E4C02BF}.ReleaseLegacy|Any CPU.ActiveCfg = Release|Any CPU
		{13F74567-141F-45F8-A1FF-05EB1E4C02BF}.ReleaseLegacy|Any CPU.Build.0 = Release|Any CPU
		{13F74567-141F-45F8-A1FF-05EB1E4C02BF}.ReleaseTrace|Any CPU.ActiveCfg = Release|Any CPU
		{13F74567-141F-45F8-A1FF-05EB1E4C02BF}.ReleaseTrace|Any CPU.Build.0 = Release|Any CPU
	EndGlobalSection
	GlobalSection(SolutionProperties) = preSolution
		HideSolutionNode = FALSE
	EndGlobalSection
	GlobalSection(ExtensibilityGlobals) = postSolution
		SolutionGuid = {BFCB912B-531A-408B-B4B7-FE8314E6E3FE}
	EndGlobalSection
	GlobalSection(MonoDevelopProperties) = preSolution
		Policies = $0
		$0.StandardHeader = $1
		$1.Text = @Copyright (C) 2020-2021 DeathCradle\r\n\r\nThis file is part of Open Terraria API v3 (OTAPI)\r\n\r\nThis program is free software: you can redistribute it and/or modify\r\nit under the terms of the GNU General Public License as published by\r\nthe Free Software Foundation, either version 3 of the License, or\r\n(at your option) any later version.\r\n\r\nThis program is distributed in the hope that it will be useful,\r\nbut WITHOUT ANY WARRANTY; without even the implied warranty of\r\nMERCHANTABILITY or FITNESS FOR A PARTICULAR PURPOSE. See the\r\nGNU General Public License for more details.\r\n\r\nYou should have received a copy of the GNU General Public License\r\nalong with this program. If not, see <http://www.gnu.org/licenses/>.
	EndGlobalSection
EndGlobal
