
Microsoft Visual Studio Solution File, Format Version 12.00
# Visual Studio 14
VisualStudioVersion = 14.0.25420.1
MinimumVisualStudioVersion = 10.0.40219.1
Project("{8BB2217D-0F2D-49D1-97BC-3654ED321F3B}") = "OTAPI.Core", "OTAPI.Core\OTAPI.Core.xproj", "{0822B1AC-42F2-4FCF-B0AB-F5E59A30548F}"
EndProject
Project("{8BB2217D-0F2D-49D1-97BC-3654ED321F3B}") = "OTAPI.Patcher", "OTAPI.Patcher\OTAPI.Patcher.xproj", "{155EF43B-F2A0-4C67-A3F3-2FF1E6CB7B9A}"
EndProject
Project("{8BB2217D-0F2D-49D1-97BC-3654ED321F3B}") = "OTAPI.Xna", "OTAPI.Xna\OTAPI.Xna.xproj", "{429FDB38-9D19-4C92-9EEA-6BB4E76B27C4}"
EndProject
Project("{2150E333-8FDC-42A3-9474-1A3956D46DE8}") = "Documents", "Documents", "{2CA8A2CD-657F-499E-92C2-B2E0AC5488C4}"
	ProjectSection(SolutionItems) = preProject
		CONTRIBUTIONS.md = CONTRIBUTIONS.md
		DEVELOPMENT.md = DEVELOPMENT.md
		global.json = global.json
		README.md = README.md
	EndProjectSection
EndProject
Project("{8BB2217D-0F2D-49D1-97BC-3654ED321F3B}") = "OTAPI.Sockets", "OTAPI.Sockets\OTAPI.Sockets.xproj", "{3AE5E170-F691-42BB-A34D-E110FBC36791}"
EndProject
Project("{8BB2217D-0F2D-49D1-97BC-3654ED321F3B}") = "OTAPI.Core.Tests", "OTAPI.Core.Tests\OTAPI.Core.Tests.xproj", "{DB5A0E5C-D111-4CD3-A38E-347AE751C8D9}"
EndProject
Project("{2150E333-8FDC-42A3-9474-1A3956D46DE8}") = "OTAPI.Modifications", "OTAPI.Modifications", "{6F612C0E-1D67-4E06-8FB2-0D372CA5C264}"
EndProject
Project("{8BB2217D-0F2D-49D1-97BC-3654ED321F3B}") = "OTAPI.Modifications.Collision.PressurePlate", "OTAPI.Modifications\OTAPI.Modifications.Collision.PressurePlate\OTAPI.Modifications.Collision.PressurePlate.xproj", "{2D847F67-9EC7-496B-AFDA-6F5CB660D8E7}"
EndProject
Project("{8BB2217D-0F2D-49D1-97BC-3654ED321F3B}") = "OTAPI.Modifications.Collision.SwitchTilesEntity", "OTAPI.Modifications\OTAPI.Modifications.Collision.SwitchTilesEntity\OTAPI.Modifications.Collision.SwitchTilesEntity.xproj", "{48770BFD-81F9-4C65-961B-8ED7EC22FCDC}"
EndProject
Project("{8BB2217D-0F2D-49D1-97BC-3654ED321F3B}") = "OTAPI.Modifications.Item.NetDefaults", "OTAPI.Modifications\OTAPI.Modifications.Item.NetDefaults\OTAPI.Modifications.Item.NetDefaults.xproj", "{310A7DDC-BFB8-41C1-8A42-2BF866B3EDE8}"
	ProjectSection(ProjectDependencies) = postProject
		{155EF43B-F2A0-4C67-A3F3-2FF1E6CB7B9A} = {155EF43B-F2A0-4C67-A3F3-2FF1E6CB7B9A}
		{0822B1AC-42F2-4FCF-B0AB-F5E59A30548F} = {0822B1AC-42F2-4FCF-B0AB-F5E59A30548F}
	EndProjectSection
EndProject
Project("{2150E333-8FDC-42A3-9474-1A3956D46DE8}") = "Collision", "Collision", "{33765E63-95ED-40A7-BDB0-418BDA698C32}"
EndProject
Project("{2150E333-8FDC-42A3-9474-1A3956D46DE8}") = "Item", "Item", "{689C7D0C-9394-4E2E-83DB-9932C16F2D16}"
EndProject
Project("{8BB2217D-0F2D-49D1-97BC-3654ED321F3B}") = "OTAPI.Modifications.Item.SetDefaultsByName", "OTAPI.Modifications\OTAPI.Modifications.Item.SetDefaultsByName\OTAPI.Modifications.Item.SetDefaultsByName.xproj", "{85A78C72-B3B8-43E1-BB1A-7F4793003453}"
EndProject
Project("{8BB2217D-0F2D-49D1-97BC-3654ED321F3B}") = "OTAPI.Modifications.Item.SetDefaultsById", "OTAPI.Modifications\OTAPI.Modifications.Item.SetDefaultsById\OTAPI.Modifications.Item.SetDefaultsById.xproj", "{D5E4C846-099E-4E21-8953-47A3AD1D30DD}"
EndProject
Project("{2150E333-8FDC-42A3-9474-1A3956D46DE8}") = "Main", "Main", "{29C91099-E98D-44F1-9511-60C0DD9DB16D}"
EndProject
Project("{8BB2217D-0F2D-49D1-97BC-3654ED321F3B}") = "OTAPI.Modifications.Main.Christmas", "OTAPI.Modifications\OTAPI.Modifications.Main.Christmas\OTAPI.Modifications.Main.Christmas.xproj", "{A336EA0A-884D-4A60-A2AD-2FC89BF9E52B}"
EndProject
Project("{8BB2217D-0F2D-49D1-97BC-3654ED321F3B}") = "OTAPI.Modifications.Main.Command", "OTAPI.Modifications\OTAPI.Modifications.Main.Command\OTAPI.Modifications.Main.Command.xproj", "{DBB73DC4-493A-41F3-A3FD-1FECF79DC8A6}"
EndProject
Project("{8BB2217D-0F2D-49D1-97BC-3654ED321F3B}") = "OTAPI.Modifications.Main.GameInitialize", "OTAPI.Modifications\OTAPI.Modifications.Main.GameInitialize\OTAPI.Modifications.Main.GameInitialize.xproj", "{21F7360B-EC6F-411C-86F3-AE8ACBADC3E5}"
EndProject
Project("{8BB2217D-0F2D-49D1-97BC-3654ED321F3B}") = "OTAPI.Modifications.Main.GameUpdate", "OTAPI.Modifications\OTAPI.Modifications.Main.GameUpdate\OTAPI.Modifications.Main.GameUpdate.xproj", "{7B2361FC-5ABC-4BFB-A1B1-9DAEA8800B22}"
EndProject
Project("{8BB2217D-0F2D-49D1-97BC-3654ED321F3B}") = "OTAPI.Modifications.Main.Halloween", "OTAPI.Modifications\OTAPI.Modifications.Main.Halloween\OTAPI.Modifications.Main.Halloween.xproj", "{DFDDC9C5-61C5-4F6B-9E7B-DF79A03EE398}"
EndProject
Project("{2150E333-8FDC-42A3-9474-1A3956D46DE8}") = "MessageBuffer", "MessageBuffer", "{49223B0E-7182-4D4F-8811-9EFE99EC58C2}"
EndProject
Project("{8BB2217D-0F2D-49D1-97BC-3654ED321F3B}") = "OTAPI.Modifications.MessageBuffer.NameCollision", "OTAPI.Modifications\OTAPI.Modifications.MessageBuffer.NameCollision\OTAPI.Modifications.MessageBuffer.NameCollision.xproj", "{B6BACAAF-DC83-4149-A7AF-BEC29DCA8766}"
EndProject
Project("{8BB2217D-0F2D-49D1-97BC-3654ED321F3B}") = "OTAPI.Modifications.MessageBuffer.ReceiveData", "OTAPI.Modifications\OTAPI.Modifications.MessageBuffer.ReceiveData\OTAPI.Modifications.MessageBuffer.ReceiveData.xproj", "{EBAC95C0-25FC-4312-B2D7-4EBFE3D8FDA3}"
EndProject
Project("{8BB2217D-0F2D-49D1-97BC-3654ED321F3B}") = "OTAPI.Patcher.Engine", "OTAPI.Patcher.Engine\OTAPI.Patcher.Engine.xproj", "{77849BEF-85DD-447D-B27D-DB54D389291F}"
EndProject
Project("{2150E333-8FDC-42A3-9474-1A3956D46DE8}") = "Tile", "Tile", "{31CE5499-22BC-4C56-B64E-02CDD7160B3F}"
EndProject
Project("{8BB2217D-0F2D-49D1-97BC-3654ED321F3B}") = "OTAPI.Modifications.Tile", "OTAPI.Modifications\OTAPI.Modifications.Tile\OTAPI.Modifications.Tile.xproj", "{04906046-835E-4D77-B852-09EF649B91BA}"
EndProject
Project("{8BB2217D-0F2D-49D1-97BC-3654ED321F3B}") = "OTAPI.Modification.Projectile.AI", "OTAPI.Modifications\OTAPI.Modification.Projectile.AI\OTAPI.Modification.Projectile.AI.xproj", "{2A290C14-1AB9-450F-BEE0-BFDD1C74086C}"
EndProject
Project("{8BB2217D-0F2D-49D1-97BC-3654ED321F3B}") = "OTAPI.Modification.Npc.BossBagItem", "OTAPI.Modifications\OTAPI.Modification.Npc.BossBagItem\OTAPI.Modification.Npc.BossBagItem.xproj", "{7D727548-B5E1-41AE-BB6D-A4EC93DD381C}"
EndProject
Project("{8BB2217D-0F2D-49D1-97BC-3654ED321F3B}") = "OTAPI.Modification.ChangeArchitecture", "OTAPI.Modifications\OTAPI.Modification.ChangeArchitecture\OTAPI.Modification.ChangeArchitecture.xproj", "{0AB98BF8-C80F-47A1-8E45-E33C864F6A99}"
EndProject
Project("{8BB2217D-0F2D-49D1-97BC-3654ED321F3B}") = "OTAPI.Modification.Npc.Create", "OTAPI.Modifications\OTAPI.Modification.Npc.Create\OTAPI.Modification.Npc.Create.xproj", "{692594A4-285A-4997-BC17-44FA413995C2}"
EndProject
Project("{8BB2217D-0F2D-49D1-97BC-3654ED321F3B}") = "OTAPI.Modification.Npc.DropLoot_1_DropLoot", "OTAPI.Modifications\OTAPI.Modification.Npc.DropLoot_1_DropLoot\OTAPI.Modification.Npc.DropLoot_1_DropLoot.xproj", "{98DA4309-CDB5-4432-B787-E054CFDDB107}"
EndProject
Project("{8BB2217D-0F2D-49D1-97BC-3654ED321F3B}") = "OTAPI.Modification.Npc.DropLoot_1_NetDrop", "OTAPI.Modifications\OTAPI.Modification.Npc.DropLoot_1_NetDrop\OTAPI.Modification.Npc.DropLoot_1_NetDrop.xproj", "{EC0370D9-853C-46D5-997F-214E9301B099}"
EndProject
Project("{8BB2217D-0F2D-49D1-97BC-3654ED321F3B}") = "OTAPI.Modification.Npc.DropLoot_1_SwapItemCalls", "OTAPI.Modifications\OTAPI.Modification.Npc.DropLoot_1_SwapItemCalls\OTAPI.Modification.Npc.DropLoot_1_SwapItemCalls.xproj", "{B95FB13C-1F1B-4A29-8F67-676E0162C9FC}"
EndProject
Project("{8BB2217D-0F2D-49D1-97BC-3654ED321F3B}") = "OTAPI.Modification.Net.Player.Greet", "OTAPI.Modifications\OTAPI.Modification.Net.Player.Greet\OTAPI.Modification.Net.Player.Greet.xproj", "{33C29BD1-7621-40F8-BF6D-069986474CB5}"
EndProject
Project("{8BB2217D-0F2D-49D1-97BC-3654ED321F3B}") = "OTAPI.Modification.World.Hardmode", "OTAPI.Modifications\OTAPI.Modification.World.Hardmode\OTAPI.Modification.World.Hardmode.xproj", "{9976312D-B9AC-4EBB-8DD4-102168D209B9}"
EndProject
Project("{8BB2217D-0F2D-49D1-97BC-3654ED321F3B}") = "OTAPI.Modification.MakeTypesPublic", "OTAPI.Modifications\OTAPI.Modification.MakeTypesPublic\OTAPI.Modification.MakeTypesPublic.xproj", "{F528FA85-7855-4735-AF1A-B45743746EBC}"
EndProject
Project("{8BB2217D-0F2D-49D1-97BC-3654ED321F3B}") = "OTAPI.Modification.Npc.NetDefaults", "OTAPI.Modifications\OTAPI.Modification.Npc.NetDefaults\OTAPI.Modification.Npc.NetDefaults.xproj", "{F9DE0F1B-559F-461C-A4F9-A0E6EAFF2710}"
EndProject
Project("{8BB2217D-0F2D-49D1-97BC-3654ED321F3B}") = "OTAPI.Modification.World.Save", "OTAPI.Modifications\OTAPI.Modification.World.Save\OTAPI.Modification.World.Save.xproj", "{942E9DBA-9DA5-475D-97B7-B847A7707962}"
EndProject
Project("{8BB2217D-0F2D-49D1-97BC-3654ED321F3B}") = "OTAPI.Modification.Net.SendData", "OTAPI.Modifications\OTAPI.Modification.Net.SendData\OTAPI.Modification.Net.SendData.xproj", "{45EA0788-7FF4-4D8C-85FD-76DACEADBEAD}"
EndProject
Project("{8BB2217D-0F2D-49D1-97BC-3654ED321F3B}") = "OTAPI.Modification.Net.SendBytes", "OTAPI.Modifications\OTAPI.Modification.Net.SendBytes\OTAPI.Modification.Net.SendBytes.xproj", "{ED2FD291-F3F2-4CD5-A4E5-40254841494E}"
EndProject
Project("{8BB2217D-0F2D-49D1-97BC-3654ED321F3B}") = "OTAPI.Modification.Net.ServerSocketCreate", "OTAPI.Modifications\OTAPI.Modification.Net.ServerSocketCreate\OTAPI.Modification.Net.ServerSocketCreate.xproj", "{AE610993-F3BB-4B5B-91AC-A33DDBE89539}"
EndProject
Project("{8BB2217D-0F2D-49D1-97BC-3654ED321F3B}") = "OTAPI.Modification.Projectile.SetDefaultsById", "OTAPI.Modifications\OTAPI.Modification.Projectile.SetDefaultsById\OTAPI.Modification.Projectile.SetDefaultsById.xproj", "{E6C56FB9-FCC5-41D8-9AC7-DA0A70E12A94}"
EndProject
Project("{8BB2217D-0F2D-49D1-97BC-3654ED321F3B}") = "OTAPI.Modification.Npc.SetDefaultsByName", "OTAPI.Modifications\OTAPI.Modification.Npc.SetDefaultsByName\OTAPI.Modification.Npc.SetDefaultsByName.xproj", "{964706CD-AC1D-4A2C-9C49-D87BB6725DE6}"
EndProject
Project("{8BB2217D-0F2D-49D1-97BC-3654ED321F3B}") = "OTAPI.Modification.World.Statue", "OTAPI.Modifications\OTAPI.Modification.World.Statue\OTAPI.Modification.World.Statue.xproj", "{329F27A4-A971-4638-BAEF-0C3B98A8BDFD}"
EndProject
Project("{8BB2217D-0F2D-49D1-97BC-3654ED321F3B}") = "OTAPI.Modification.Npc.Strike", "OTAPI.Modifications\OTAPI.Modification.Npc.Strike\OTAPI.Modification.Npc.Strike.xproj", "{36CD8BFE-9CD3-4A39-A18A-CE8FA245E02C}"
EndProject
Project("{8BB2217D-0F2D-49D1-97BC-3654ED321F3B}") = "OTAPI.Modification.Npc.Transform", "OTAPI.Modifications\OTAPI.Modification.Npc.Transform\OTAPI.Modification.Npc.Transform.xproj", "{34D96581-3C17-4076-B655-55582CCA8682}"
EndProject
Project("{8BB2217D-0F2D-49D1-97BC-3654ED321F3B}") = "OTAPI.Modification.Projectile.Update", "OTAPI.Modifications\OTAPI.Modification.Projectile.Update\OTAPI.Modification.Projectile.Update.xproj", "{CAA9E2BA-041B-465E-A11C-BD4992802CEE}"
EndProject
Project("{2150E333-8FDC-42A3-9474-1A3956D46DE8}") = "Projectile", "Projectile", "{3E6AAE36-62C4-4517-B7F9-F1741796F1F5}"
EndProject
Project("{2150E333-8FDC-42A3-9474-1A3956D46DE8}") = "Npc", "Npc", "{7399FE44-3095-446D-9272-A6480C7DC624}"
EndProject
Project("{2150E333-8FDC-42A3-9474-1A3956D46DE8}") = "DropLoot", "DropLoot", "{3C4CB807-6F30-4C92-A1B5-AFC4BE395D48}"
EndProject
Project("{2150E333-8FDC-42A3-9474-1A3956D46DE8}") = "Net", "Net", "{936CBC51-EB4E-4381-B992-AC7D9D4DBB7F}"
EndProject
Project("{2150E333-8FDC-42A3-9474-1A3956D46DE8}") = "Player", "Player", "{D29132D3-1360-42BB-8765-97B0866BAF4B}"
EndProject
Project("{2150E333-8FDC-42A3-9474-1A3956D46DE8}") = "World", "World", "{D6DE4652-8079-493E-B6F0-220A24D96B7B}"
EndProject
Project("{2150E333-8FDC-42A3-9474-1A3956D46DE8}") = "Socket", "Socket", "{8574CF28-01FD-4C01-96B0-4A4BAA401C53}"
EndProject
Global
	GlobalSection(SolutionConfigurationPlatforms) = preSolution
		Debug|Any CPU = Debug|Any CPU
		Debug|x86 = Debug|x86
		Release|Any CPU = Release|Any CPU
		Release|x86 = Release|x86
	EndGlobalSection
	GlobalSection(ProjectConfigurationPlatforms) = postSolution
		{0822B1AC-42F2-4FCF-B0AB-F5E59A30548F}.Debug|Any CPU.ActiveCfg = Debug|Any CPU
		{0822B1AC-42F2-4FCF-B0AB-F5E59A30548F}.Debug|Any CPU.Build.0 = Debug|Any CPU
		{0822B1AC-42F2-4FCF-B0AB-F5E59A30548F}.Debug|x86.ActiveCfg = Debug|Any CPU
		{0822B1AC-42F2-4FCF-B0AB-F5E59A30548F}.Debug|x86.Build.0 = Debug|Any CPU
		{0822B1AC-42F2-4FCF-B0AB-F5E59A30548F}.Release|Any CPU.ActiveCfg = Release|Any CPU
		{0822B1AC-42F2-4FCF-B0AB-F5E59A30548F}.Release|Any CPU.Build.0 = Release|Any CPU
		{0822B1AC-42F2-4FCF-B0AB-F5E59A30548F}.Release|x86.ActiveCfg = Release|Any CPU
		{0822B1AC-42F2-4FCF-B0AB-F5E59A30548F}.Release|x86.Build.0 = Release|Any CPU
		{155EF43B-F2A0-4C67-A3F3-2FF1E6CB7B9A}.Debug|Any CPU.ActiveCfg = Debug|Any CPU
		{155EF43B-F2A0-4C67-A3F3-2FF1E6CB7B9A}.Debug|Any CPU.Build.0 = Debug|Any CPU
		{155EF43B-F2A0-4C67-A3F3-2FF1E6CB7B9A}.Debug|x86.ActiveCfg = Debug|Any CPU
		{155EF43B-F2A0-4C67-A3F3-2FF1E6CB7B9A}.Debug|x86.Build.0 = Debug|Any CPU
		{155EF43B-F2A0-4C67-A3F3-2FF1E6CB7B9A}.Release|Any CPU.ActiveCfg = Release|Any CPU
		{155EF43B-F2A0-4C67-A3F3-2FF1E6CB7B9A}.Release|Any CPU.Build.0 = Release|Any CPU
		{155EF43B-F2A0-4C67-A3F3-2FF1E6CB7B9A}.Release|x86.ActiveCfg = Release|Any CPU
		{155EF43B-F2A0-4C67-A3F3-2FF1E6CB7B9A}.Release|x86.Build.0 = Release|Any CPU
		{429FDB38-9D19-4C92-9EEA-6BB4E76B27C4}.Debug|Any CPU.ActiveCfg = Debug|Any CPU
		{429FDB38-9D19-4C92-9EEA-6BB4E76B27C4}.Debug|Any CPU.Build.0 = Debug|Any CPU
		{429FDB38-9D19-4C92-9EEA-6BB4E76B27C4}.Debug|x86.ActiveCfg = Debug|Any CPU
		{429FDB38-9D19-4C92-9EEA-6BB4E76B27C4}.Debug|x86.Build.0 = Debug|Any CPU
		{429FDB38-9D19-4C92-9EEA-6BB4E76B27C4}.Release|Any CPU.ActiveCfg = Release|Any CPU
		{429FDB38-9D19-4C92-9EEA-6BB4E76B27C4}.Release|Any CPU.Build.0 = Release|Any CPU
		{429FDB38-9D19-4C92-9EEA-6BB4E76B27C4}.Release|x86.ActiveCfg = Release|Any CPU
		{429FDB38-9D19-4C92-9EEA-6BB4E76B27C4}.Release|x86.Build.0 = Release|Any CPU
		{3AE5E170-F691-42BB-A34D-E110FBC36791}.Debug|Any CPU.ActiveCfg = Debug|Any CPU
		{3AE5E170-F691-42BB-A34D-E110FBC36791}.Debug|Any CPU.Build.0 = Debug|Any CPU
		{3AE5E170-F691-42BB-A34D-E110FBC36791}.Debug|x86.ActiveCfg = Debug|Any CPU
		{3AE5E170-F691-42BB-A34D-E110FBC36791}.Debug|x86.Build.0 = Debug|Any CPU
		{3AE5E170-F691-42BB-A34D-E110FBC36791}.Release|Any CPU.ActiveCfg = Release|Any CPU
		{3AE5E170-F691-42BB-A34D-E110FBC36791}.Release|Any CPU.Build.0 = Release|Any CPU
		{3AE5E170-F691-42BB-A34D-E110FBC36791}.Release|x86.ActiveCfg = Release|Any CPU
		{3AE5E170-F691-42BB-A34D-E110FBC36791}.Release|x86.Build.0 = Release|Any CPU
		{DB5A0E5C-D111-4CD3-A38E-347AE751C8D9}.Debug|Any CPU.ActiveCfg = Debug|Any CPU
		{DB5A0E5C-D111-4CD3-A38E-347AE751C8D9}.Debug|Any CPU.Build.0 = Debug|Any CPU
		{DB5A0E5C-D111-4CD3-A38E-347AE751C8D9}.Debug|x86.ActiveCfg = Debug|Any CPU
		{DB5A0E5C-D111-4CD3-A38E-347AE751C8D9}.Debug|x86.Build.0 = Debug|Any CPU
		{DB5A0E5C-D111-4CD3-A38E-347AE751C8D9}.Release|Any CPU.ActiveCfg = Release|Any CPU
		{DB5A0E5C-D111-4CD3-A38E-347AE751C8D9}.Release|Any CPU.Build.0 = Release|Any CPU
		{DB5A0E5C-D111-4CD3-A38E-347AE751C8D9}.Release|x86.ActiveCfg = Release|Any CPU
		{DB5A0E5C-D111-4CD3-A38E-347AE751C8D9}.Release|x86.Build.0 = Release|Any CPU
		{2D847F67-9EC7-496B-AFDA-6F5CB660D8E7}.Debug|Any CPU.ActiveCfg = Debug|Any CPU
		{2D847F67-9EC7-496B-AFDA-6F5CB660D8E7}.Debug|Any CPU.Build.0 = Debug|Any CPU
		{2D847F67-9EC7-496B-AFDA-6F5CB660D8E7}.Debug|x86.ActiveCfg = Debug|Any CPU
		{2D847F67-9EC7-496B-AFDA-6F5CB660D8E7}.Debug|x86.Build.0 = Debug|Any CPU
		{2D847F67-9EC7-496B-AFDA-6F5CB660D8E7}.Release|Any CPU.ActiveCfg = Release|Any CPU
		{2D847F67-9EC7-496B-AFDA-6F5CB660D8E7}.Release|Any CPU.Build.0 = Release|Any CPU
		{2D847F67-9EC7-496B-AFDA-6F5CB660D8E7}.Release|x86.ActiveCfg = Release|Any CPU
		{2D847F67-9EC7-496B-AFDA-6F5CB660D8E7}.Release|x86.Build.0 = Release|Any CPU
		{48770BFD-81F9-4C65-961B-8ED7EC22FCDC}.Debug|Any CPU.ActiveCfg = Debug|Any CPU
		{48770BFD-81F9-4C65-961B-8ED7EC22FCDC}.Debug|Any CPU.Build.0 = Debug|Any CPU
		{48770BFD-81F9-4C65-961B-8ED7EC22FCDC}.Debug|x86.ActiveCfg = Debug|Any CPU
		{48770BFD-81F9-4C65-961B-8ED7EC22FCDC}.Debug|x86.Build.0 = Debug|Any CPU
		{48770BFD-81F9-4C65-961B-8ED7EC22FCDC}.Release|Any CPU.ActiveCfg = Release|Any CPU
		{48770BFD-81F9-4C65-961B-8ED7EC22FCDC}.Release|Any CPU.Build.0 = Release|Any CPU
		{48770BFD-81F9-4C65-961B-8ED7EC22FCDC}.Release|x86.ActiveCfg = Release|Any CPU
		{48770BFD-81F9-4C65-961B-8ED7EC22FCDC}.Release|x86.Build.0 = Release|Any CPU
		{310A7DDC-BFB8-41C1-8A42-2BF866B3EDE8}.Debug|Any CPU.ActiveCfg = Debug|Any CPU
		{310A7DDC-BFB8-41C1-8A42-2BF866B3EDE8}.Debug|Any CPU.Build.0 = Debug|Any CPU
		{310A7DDC-BFB8-41C1-8A42-2BF866B3EDE8}.Debug|x86.ActiveCfg = Debug|Any CPU
		{310A7DDC-BFB8-41C1-8A42-2BF866B3EDE8}.Debug|x86.Build.0 = Debug|Any CPU
		{310A7DDC-BFB8-41C1-8A42-2BF866B3EDE8}.Release|Any CPU.ActiveCfg = Release|Any CPU
		{310A7DDC-BFB8-41C1-8A42-2BF866B3EDE8}.Release|Any CPU.Build.0 = Release|Any CPU
		{310A7DDC-BFB8-41C1-8A42-2BF866B3EDE8}.Release|x86.ActiveCfg = Release|Any CPU
		{310A7DDC-BFB8-41C1-8A42-2BF866B3EDE8}.Release|x86.Build.0 = Release|Any CPU
		{85A78C72-B3B8-43E1-BB1A-7F4793003453}.Debug|Any CPU.ActiveCfg = Debug|Any CPU
		{85A78C72-B3B8-43E1-BB1A-7F4793003453}.Debug|Any CPU.Build.0 = Debug|Any CPU
		{85A78C72-B3B8-43E1-BB1A-7F4793003453}.Debug|x86.ActiveCfg = Debug|Any CPU
		{85A78C72-B3B8-43E1-BB1A-7F4793003453}.Debug|x86.Build.0 = Debug|Any CPU
		{85A78C72-B3B8-43E1-BB1A-7F4793003453}.Release|Any CPU.ActiveCfg = Release|Any CPU
		{85A78C72-B3B8-43E1-BB1A-7F4793003453}.Release|Any CPU.Build.0 = Release|Any CPU
		{85A78C72-B3B8-43E1-BB1A-7F4793003453}.Release|x86.ActiveCfg = Release|Any CPU
		{85A78C72-B3B8-43E1-BB1A-7F4793003453}.Release|x86.Build.0 = Release|Any CPU
		{D5E4C846-099E-4E21-8953-47A3AD1D30DD}.Debug|Any CPU.ActiveCfg = Debug|Any CPU
		{D5E4C846-099E-4E21-8953-47A3AD1D30DD}.Debug|Any CPU.Build.0 = Debug|Any CPU
		{D5E4C846-099E-4E21-8953-47A3AD1D30DD}.Debug|x86.ActiveCfg = Debug|Any CPU
		{D5E4C846-099E-4E21-8953-47A3AD1D30DD}.Debug|x86.Build.0 = Debug|Any CPU
		{D5E4C846-099E-4E21-8953-47A3AD1D30DD}.Release|Any CPU.ActiveCfg = Release|Any CPU
		{D5E4C846-099E-4E21-8953-47A3AD1D30DD}.Release|Any CPU.Build.0 = Release|Any CPU
		{D5E4C846-099E-4E21-8953-47A3AD1D30DD}.Release|x86.ActiveCfg = Release|Any CPU
		{D5E4C846-099E-4E21-8953-47A3AD1D30DD}.Release|x86.Build.0 = Release|Any CPU
		{A336EA0A-884D-4A60-A2AD-2FC89BF9E52B}.Debug|Any CPU.ActiveCfg = Debug|Any CPU
		{A336EA0A-884D-4A60-A2AD-2FC89BF9E52B}.Debug|Any CPU.Build.0 = Debug|Any CPU
		{A336EA0A-884D-4A60-A2AD-2FC89BF9E52B}.Debug|x86.ActiveCfg = Debug|Any CPU
		{A336EA0A-884D-4A60-A2AD-2FC89BF9E52B}.Debug|x86.Build.0 = Debug|Any CPU
		{A336EA0A-884D-4A60-A2AD-2FC89BF9E52B}.Release|Any CPU.ActiveCfg = Release|Any CPU
		{A336EA0A-884D-4A60-A2AD-2FC89BF9E52B}.Release|Any CPU.Build.0 = Release|Any CPU
		{A336EA0A-884D-4A60-A2AD-2FC89BF9E52B}.Release|x86.ActiveCfg = Release|Any CPU
		{A336EA0A-884D-4A60-A2AD-2FC89BF9E52B}.Release|x86.Build.0 = Release|Any CPU
		{DBB73DC4-493A-41F3-A3FD-1FECF79DC8A6}.Debug|Any CPU.ActiveCfg = Debug|Any CPU
		{DBB73DC4-493A-41F3-A3FD-1FECF79DC8A6}.Debug|Any CPU.Build.0 = Debug|Any CPU
		{DBB73DC4-493A-41F3-A3FD-1FECF79DC8A6}.Debug|x86.ActiveCfg = Debug|Any CPU
		{DBB73DC4-493A-41F3-A3FD-1FECF79DC8A6}.Debug|x86.Build.0 = Debug|Any CPU
		{DBB73DC4-493A-41F3-A3FD-1FECF79DC8A6}.Release|Any CPU.ActiveCfg = Release|Any CPU
		{DBB73DC4-493A-41F3-A3FD-1FECF79DC8A6}.Release|Any CPU.Build.0 = Release|Any CPU
		{DBB73DC4-493A-41F3-A3FD-1FECF79DC8A6}.Release|x86.ActiveCfg = Release|Any CPU
		{DBB73DC4-493A-41F3-A3FD-1FECF79DC8A6}.Release|x86.Build.0 = Release|Any CPU
		{21F7360B-EC6F-411C-86F3-AE8ACBADC3E5}.Debug|Any CPU.ActiveCfg = Debug|Any CPU
		{21F7360B-EC6F-411C-86F3-AE8ACBADC3E5}.Debug|Any CPU.Build.0 = Debug|Any CPU
		{21F7360B-EC6F-411C-86F3-AE8ACBADC3E5}.Debug|x86.ActiveCfg = Debug|Any CPU
		{21F7360B-EC6F-411C-86F3-AE8ACBADC3E5}.Debug|x86.Build.0 = Debug|Any CPU
		{21F7360B-EC6F-411C-86F3-AE8ACBADC3E5}.Release|Any CPU.ActiveCfg = Release|Any CPU
		{21F7360B-EC6F-411C-86F3-AE8ACBADC3E5}.Release|Any CPU.Build.0 = Release|Any CPU
		{21F7360B-EC6F-411C-86F3-AE8ACBADC3E5}.Release|x86.ActiveCfg = Release|Any CPU
		{21F7360B-EC6F-411C-86F3-AE8ACBADC3E5}.Release|x86.Build.0 = Release|Any CPU
		{7B2361FC-5ABC-4BFB-A1B1-9DAEA8800B22}.Debug|Any CPU.ActiveCfg = Debug|Any CPU
		{7B2361FC-5ABC-4BFB-A1B1-9DAEA8800B22}.Debug|Any CPU.Build.0 = Debug|Any CPU
		{7B2361FC-5ABC-4BFB-A1B1-9DAEA8800B22}.Debug|x86.ActiveCfg = Debug|Any CPU
		{7B2361FC-5ABC-4BFB-A1B1-9DAEA8800B22}.Debug|x86.Build.0 = Debug|Any CPU
		{7B2361FC-5ABC-4BFB-A1B1-9DAEA8800B22}.Release|Any CPU.ActiveCfg = Release|Any CPU
		{7B2361FC-5ABC-4BFB-A1B1-9DAEA8800B22}.Release|Any CPU.Build.0 = Release|Any CPU
		{7B2361FC-5ABC-4BFB-A1B1-9DAEA8800B22}.Release|x86.ActiveCfg = Release|Any CPU
		{7B2361FC-5ABC-4BFB-A1B1-9DAEA8800B22}.Release|x86.Build.0 = Release|Any CPU
		{DFDDC9C5-61C5-4F6B-9E7B-DF79A03EE398}.Debug|Any CPU.ActiveCfg = Debug|Any CPU
		{DFDDC9C5-61C5-4F6B-9E7B-DF79A03EE398}.Debug|Any CPU.Build.0 = Debug|Any CPU
		{DFDDC9C5-61C5-4F6B-9E7B-DF79A03EE398}.Debug|x86.ActiveCfg = Debug|Any CPU
		{DFDDC9C5-61C5-4F6B-9E7B-DF79A03EE398}.Debug|x86.Build.0 = Debug|Any CPU
		{DFDDC9C5-61C5-4F6B-9E7B-DF79A03EE398}.Release|Any CPU.ActiveCfg = Release|Any CPU
		{DFDDC9C5-61C5-4F6B-9E7B-DF79A03EE398}.Release|Any CPU.Build.0 = Release|Any CPU
		{DFDDC9C5-61C5-4F6B-9E7B-DF79A03EE398}.Release|x86.ActiveCfg = Release|Any CPU
		{DFDDC9C5-61C5-4F6B-9E7B-DF79A03EE398}.Release|x86.Build.0 = Release|Any CPU
		{B6BACAAF-DC83-4149-A7AF-BEC29DCA8766}.Debug|Any CPU.ActiveCfg = Debug|Any CPU
		{B6BACAAF-DC83-4149-A7AF-BEC29DCA8766}.Debug|Any CPU.Build.0 = Debug|Any CPU
		{B6BACAAF-DC83-4149-A7AF-BEC29DCA8766}.Debug|x86.ActiveCfg = Debug|Any CPU
		{B6BACAAF-DC83-4149-A7AF-BEC29DCA8766}.Debug|x86.Build.0 = Debug|Any CPU
		{B6BACAAF-DC83-4149-A7AF-BEC29DCA8766}.Release|Any CPU.ActiveCfg = Release|Any CPU
		{B6BACAAF-DC83-4149-A7AF-BEC29DCA8766}.Release|Any CPU.Build.0 = Release|Any CPU
		{B6BACAAF-DC83-4149-A7AF-BEC29DCA8766}.Release|x86.ActiveCfg = Release|Any CPU
		{B6BACAAF-DC83-4149-A7AF-BEC29DCA8766}.Release|x86.Build.0 = Release|Any CPU
		{EBAC95C0-25FC-4312-B2D7-4EBFE3D8FDA3}.Debug|Any CPU.ActiveCfg = Debug|Any CPU
		{EBAC95C0-25FC-4312-B2D7-4EBFE3D8FDA3}.Debug|Any CPU.Build.0 = Debug|Any CPU
		{EBAC95C0-25FC-4312-B2D7-4EBFE3D8FDA3}.Debug|x86.ActiveCfg = Debug|Any CPU
		{EBAC95C0-25FC-4312-B2D7-4EBFE3D8FDA3}.Debug|x86.Build.0 = Debug|Any CPU
		{EBAC95C0-25FC-4312-B2D7-4EBFE3D8FDA3}.Release|Any CPU.ActiveCfg = Release|Any CPU
		{EBAC95C0-25FC-4312-B2D7-4EBFE3D8FDA3}.Release|Any CPU.Build.0 = Release|Any CPU
		{EBAC95C0-25FC-4312-B2D7-4EBFE3D8FDA3}.Release|x86.ActiveCfg = Release|Any CPU
		{EBAC95C0-25FC-4312-B2D7-4EBFE3D8FDA3}.Release|x86.Build.0 = Release|Any CPU
		{77849BEF-85DD-447D-B27D-DB54D389291F}.Debug|Any CPU.ActiveCfg = Debug|Any CPU
		{77849BEF-85DD-447D-B27D-DB54D389291F}.Debug|Any CPU.Build.0 = Debug|Any CPU
		{77849BEF-85DD-447D-B27D-DB54D389291F}.Debug|x86.ActiveCfg = Debug|Any CPU
		{77849BEF-85DD-447D-B27D-DB54D389291F}.Debug|x86.Build.0 = Debug|Any CPU
		{77849BEF-85DD-447D-B27D-DB54D389291F}.Release|Any CPU.ActiveCfg = Release|Any CPU
		{77849BEF-85DD-447D-B27D-DB54D389291F}.Release|Any CPU.Build.0 = Release|Any CPU
		{77849BEF-85DD-447D-B27D-DB54D389291F}.Release|x86.ActiveCfg = Release|Any CPU
		{77849BEF-85DD-447D-B27D-DB54D389291F}.Release|x86.Build.0 = Release|Any CPU
		{04906046-835E-4D77-B852-09EF649B91BA}.Debug|Any CPU.ActiveCfg = Debug|Any CPU
		{04906046-835E-4D77-B852-09EF649B91BA}.Debug|Any CPU.Build.0 = Debug|Any CPU
		{04906046-835E-4D77-B852-09EF649B91BA}.Debug|x86.ActiveCfg = Debug|Any CPU
		{04906046-835E-4D77-B852-09EF649B91BA}.Debug|x86.Build.0 = Debug|Any CPU
		{04906046-835E-4D77-B852-09EF649B91BA}.Release|Any CPU.ActiveCfg = Release|Any CPU
		{04906046-835E-4D77-B852-09EF649B91BA}.Release|Any CPU.Build.0 = Release|Any CPU
		{04906046-835E-4D77-B852-09EF649B91BA}.Release|x86.ActiveCfg = Release|Any CPU
		{04906046-835E-4D77-B852-09EF649B91BA}.Release|x86.Build.0 = Release|Any CPU
		{2A290C14-1AB9-450F-BEE0-BFDD1C74086C}.Debug|Any CPU.ActiveCfg = Debug|Any CPU
		{2A290C14-1AB9-450F-BEE0-BFDD1C74086C}.Debug|Any CPU.Build.0 = Debug|Any CPU
		{2A290C14-1AB9-450F-BEE0-BFDD1C74086C}.Debug|x86.ActiveCfg = Debug|Any CPU
		{2A290C14-1AB9-450F-BEE0-BFDD1C74086C}.Debug|x86.Build.0 = Debug|Any CPU
		{2A290C14-1AB9-450F-BEE0-BFDD1C74086C}.Release|Any CPU.ActiveCfg = Release|Any CPU
		{2A290C14-1AB9-450F-BEE0-BFDD1C74086C}.Release|Any CPU.Build.0 = Release|Any CPU
		{2A290C14-1AB9-450F-BEE0-BFDD1C74086C}.Release|x86.ActiveCfg = Release|Any CPU
		{2A290C14-1AB9-450F-BEE0-BFDD1C74086C}.Release|x86.Build.0 = Release|Any CPU
		{7D727548-B5E1-41AE-BB6D-A4EC93DD381C}.Debug|Any CPU.ActiveCfg = Debug|Any CPU
		{7D727548-B5E1-41AE-BB6D-A4EC93DD381C}.Debug|Any CPU.Build.0 = Debug|Any CPU
		{7D727548-B5E1-41AE-BB6D-A4EC93DD381C}.Debug|x86.ActiveCfg = Debug|Any CPU
		{7D727548-B5E1-41AE-BB6D-A4EC93DD381C}.Debug|x86.Build.0 = Debug|Any CPU
		{7D727548-B5E1-41AE-BB6D-A4EC93DD381C}.Release|Any CPU.ActiveCfg = Release|Any CPU
		{7D727548-B5E1-41AE-BB6D-A4EC93DD381C}.Release|Any CPU.Build.0 = Release|Any CPU
		{7D727548-B5E1-41AE-BB6D-A4EC93DD381C}.Release|x86.ActiveCfg = Release|Any CPU
		{7D727548-B5E1-41AE-BB6D-A4EC93DD381C}.Release|x86.Build.0 = Release|Any CPU
		{0AB98BF8-C80F-47A1-8E45-E33C864F6A99}.Debug|Any CPU.ActiveCfg = Debug|Any CPU
		{0AB98BF8-C80F-47A1-8E45-E33C864F6A99}.Debug|Any CPU.Build.0 = Debug|Any CPU
		{0AB98BF8-C80F-47A1-8E45-E33C864F6A99}.Debug|x86.ActiveCfg = Debug|Any CPU
		{0AB98BF8-C80F-47A1-8E45-E33C864F6A99}.Debug|x86.Build.0 = Debug|Any CPU
		{0AB98BF8-C80F-47A1-8E45-E33C864F6A99}.Release|Any CPU.ActiveCfg = Release|Any CPU
		{0AB98BF8-C80F-47A1-8E45-E33C864F6A99}.Release|Any CPU.Build.0 = Release|Any CPU
		{0AB98BF8-C80F-47A1-8E45-E33C864F6A99}.Release|x86.ActiveCfg = Release|Any CPU
		{0AB98BF8-C80F-47A1-8E45-E33C864F6A99}.Release|x86.Build.0 = Release|Any CPU
		{692594A4-285A-4997-BC17-44FA413995C2}.Debug|Any CPU.ActiveCfg = Debug|Any CPU
		{692594A4-285A-4997-BC17-44FA413995C2}.Debug|Any CPU.Build.0 = Debug|Any CPU
		{692594A4-285A-4997-BC17-44FA413995C2}.Debug|x86.ActiveCfg = Debug|Any CPU
		{692594A4-285A-4997-BC17-44FA413995C2}.Debug|x86.Build.0 = Debug|Any CPU
		{692594A4-285A-4997-BC17-44FA413995C2}.Release|Any CPU.ActiveCfg = Release|Any CPU
		{692594A4-285A-4997-BC17-44FA413995C2}.Release|Any CPU.Build.0 = Release|Any CPU
		{692594A4-285A-4997-BC17-44FA413995C2}.Release|x86.ActiveCfg = Release|Any CPU
		{692594A4-285A-4997-BC17-44FA413995C2}.Release|x86.Build.0 = Release|Any CPU
		{98DA4309-CDB5-4432-B787-E054CFDDB107}.Debug|Any CPU.ActiveCfg = Debug|Any CPU
		{98DA4309-CDB5-4432-B787-E054CFDDB107}.Debug|Any CPU.Build.0 = Debug|Any CPU
		{98DA4309-CDB5-4432-B787-E054CFDDB107}.Debug|x86.ActiveCfg = Debug|Any CPU
		{98DA4309-CDB5-4432-B787-E054CFDDB107}.Debug|x86.Build.0 = Debug|Any CPU
		{98DA4309-CDB5-4432-B787-E054CFDDB107}.Release|Any CPU.ActiveCfg = Release|Any CPU
		{98DA4309-CDB5-4432-B787-E054CFDDB107}.Release|Any CPU.Build.0 = Release|Any CPU
		{98DA4309-CDB5-4432-B787-E054CFDDB107}.Release|x86.ActiveCfg = Release|Any CPU
		{98DA4309-CDB5-4432-B787-E054CFDDB107}.Release|x86.Build.0 = Release|Any CPU
		{EC0370D9-853C-46D5-997F-214E9301B099}.Debug|Any CPU.ActiveCfg = Debug|Any CPU
		{EC0370D9-853C-46D5-997F-214E9301B099}.Debug|Any CPU.Build.0 = Debug|Any CPU
		{EC0370D9-853C-46D5-997F-214E9301B099}.Debug|x86.ActiveCfg = Debug|Any CPU
		{EC0370D9-853C-46D5-997F-214E9301B099}.Debug|x86.Build.0 = Debug|Any CPU
		{EC0370D9-853C-46D5-997F-214E9301B099}.Release|Any CPU.ActiveCfg = Release|Any CPU
		{EC0370D9-853C-46D5-997F-214E9301B099}.Release|Any CPU.Build.0 = Release|Any CPU
		{EC0370D9-853C-46D5-997F-214E9301B099}.Release|x86.ActiveCfg = Release|Any CPU
		{EC0370D9-853C-46D5-997F-214E9301B099}.Release|x86.Build.0 = Release|Any CPU
		{B95FB13C-1F1B-4A29-8F67-676E0162C9FC}.Debug|Any CPU.ActiveCfg = Debug|Any CPU
		{B95FB13C-1F1B-4A29-8F67-676E0162C9FC}.Debug|Any CPU.Build.0 = Debug|Any CPU
		{B95FB13C-1F1B-4A29-8F67-676E0162C9FC}.Debug|x86.ActiveCfg = Debug|Any CPU
		{B95FB13C-1F1B-4A29-8F67-676E0162C9FC}.Debug|x86.Build.0 = Debug|Any CPU
		{B95FB13C-1F1B-4A29-8F67-676E0162C9FC}.Release|Any CPU.ActiveCfg = Release|Any CPU
		{B95FB13C-1F1B-4A29-8F67-676E0162C9FC}.Release|Any CPU.Build.0 = Release|Any CPU
		{B95FB13C-1F1B-4A29-8F67-676E0162C9FC}.Release|x86.ActiveCfg = Release|Any CPU
		{B95FB13C-1F1B-4A29-8F67-676E0162C9FC}.Release|x86.Build.0 = Release|Any CPU
		{33C29BD1-7621-40F8-BF6D-069986474CB5}.Debug|Any CPU.ActiveCfg = Debug|Any CPU
		{33C29BD1-7621-40F8-BF6D-069986474CB5}.Debug|Any CPU.Build.0 = Debug|Any CPU
		{33C29BD1-7621-40F8-BF6D-069986474CB5}.Debug|x86.ActiveCfg = Debug|Any CPU
		{33C29BD1-7621-40F8-BF6D-069986474CB5}.Debug|x86.Build.0 = Debug|Any CPU
		{33C29BD1-7621-40F8-BF6D-069986474CB5}.Release|Any CPU.ActiveCfg = Release|Any CPU
		{33C29BD1-7621-40F8-BF6D-069986474CB5}.Release|Any CPU.Build.0 = Release|Any CPU
		{33C29BD1-7621-40F8-BF6D-069986474CB5}.Release|x86.ActiveCfg = Release|Any CPU
		{33C29BD1-7621-40F8-BF6D-069986474CB5}.Release|x86.Build.0 = Release|Any CPU
		{9976312D-B9AC-4EBB-8DD4-102168D209B9}.Debug|Any CPU.ActiveCfg = Debug|Any CPU
		{9976312D-B9AC-4EBB-8DD4-102168D209B9}.Debug|Any CPU.Build.0 = Debug|Any CPU
		{9976312D-B9AC-4EBB-8DD4-102168D209B9}.Debug|x86.ActiveCfg = Debug|Any CPU
		{9976312D-B9AC-4EBB-8DD4-102168D209B9}.Debug|x86.Build.0 = Debug|Any CPU
		{9976312D-B9AC-4EBB-8DD4-102168D209B9}.Release|Any CPU.ActiveCfg = Release|Any CPU
		{9976312D-B9AC-4EBB-8DD4-102168D209B9}.Release|Any CPU.Build.0 = Release|Any CPU
		{9976312D-B9AC-4EBB-8DD4-102168D209B9}.Release|x86.ActiveCfg = Release|Any CPU
		{9976312D-B9AC-4EBB-8DD4-102168D209B9}.Release|x86.Build.0 = Release|Any CPU
		{F528FA85-7855-4735-AF1A-B45743746EBC}.Debug|Any CPU.ActiveCfg = Debug|Any CPU
		{F528FA85-7855-4735-AF1A-B45743746EBC}.Debug|Any CPU.Build.0 = Debug|Any CPU
		{F528FA85-7855-4735-AF1A-B45743746EBC}.Debug|x86.ActiveCfg = Debug|Any CPU
		{F528FA85-7855-4735-AF1A-B45743746EBC}.Debug|x86.Build.0 = Debug|Any CPU
		{F528FA85-7855-4735-AF1A-B45743746EBC}.Release|Any CPU.ActiveCfg = Release|Any CPU
		{F528FA85-7855-4735-AF1A-B45743746EBC}.Release|Any CPU.Build.0 = Release|Any CPU
		{F528FA85-7855-4735-AF1A-B45743746EBC}.Release|x86.ActiveCfg = Release|Any CPU
		{F528FA85-7855-4735-AF1A-B45743746EBC}.Release|x86.Build.0 = Release|Any CPU
		{F9DE0F1B-559F-461C-A4F9-A0E6EAFF2710}.Debug|Any CPU.ActiveCfg = Debug|Any CPU
		{F9DE0F1B-559F-461C-A4F9-A0E6EAFF2710}.Debug|Any CPU.Build.0 = Debug|Any CPU
		{F9DE0F1B-559F-461C-A4F9-A0E6EAFF2710}.Debug|x86.ActiveCfg = Debug|Any CPU
		{F9DE0F1B-559F-461C-A4F9-A0E6EAFF2710}.Debug|x86.Build.0 = Debug|Any CPU
		{F9DE0F1B-559F-461C-A4F9-A0E6EAFF2710}.Release|Any CPU.ActiveCfg = Release|Any CPU
		{F9DE0F1B-559F-461C-A4F9-A0E6EAFF2710}.Release|Any CPU.Build.0 = Release|Any CPU
		{F9DE0F1B-559F-461C-A4F9-A0E6EAFF2710}.Release|x86.ActiveCfg = Release|Any CPU
		{F9DE0F1B-559F-461C-A4F9-A0E6EAFF2710}.Release|x86.Build.0 = Release|Any CPU
		{942E9DBA-9DA5-475D-97B7-B847A7707962}.Debug|Any CPU.ActiveCfg = Debug|Any CPU
		{942E9DBA-9DA5-475D-97B7-B847A7707962}.Debug|Any CPU.Build.0 = Debug|Any CPU
		{942E9DBA-9DA5-475D-97B7-B847A7707962}.Debug|x86.ActiveCfg = Debug|Any CPU
		{942E9DBA-9DA5-475D-97B7-B847A7707962}.Debug|x86.Build.0 = Debug|Any CPU
		{942E9DBA-9DA5-475D-97B7-B847A7707962}.Release|Any CPU.ActiveCfg = Release|Any CPU
		{942E9DBA-9DA5-475D-97B7-B847A7707962}.Release|Any CPU.Build.0 = Release|Any CPU
		{942E9DBA-9DA5-475D-97B7-B847A7707962}.Release|x86.ActiveCfg = Release|Any CPU
		{942E9DBA-9DA5-475D-97B7-B847A7707962}.Release|x86.Build.0 = Release|Any CPU
		{45EA0788-7FF4-4D8C-85FD-76DACEADBEAD}.Debug|Any CPU.ActiveCfg = Debug|Any CPU
		{45EA0788-7FF4-4D8C-85FD-76DACEADBEAD}.Debug|Any CPU.Build.0 = Debug|Any CPU
		{45EA0788-7FF4-4D8C-85FD-76DACEADBEAD}.Debug|x86.ActiveCfg = Debug|Any CPU
		{45EA0788-7FF4-4D8C-85FD-76DACEADBEAD}.Debug|x86.Build.0 = Debug|Any CPU
		{45EA0788-7FF4-4D8C-85FD-76DACEADBEAD}.Release|Any CPU.ActiveCfg = Release|Any CPU
		{45EA0788-7FF4-4D8C-85FD-76DACEADBEAD}.Release|Any CPU.Build.0 = Release|Any CPU
		{45EA0788-7FF4-4D8C-85FD-76DACEADBEAD}.Release|x86.ActiveCfg = Release|Any CPU
		{45EA0788-7FF4-4D8C-85FD-76DACEADBEAD}.Release|x86.Build.0 = Release|Any CPU
		{ED2FD291-F3F2-4CD5-A4E5-40254841494E}.Debug|Any CPU.ActiveCfg = Debug|Any CPU
		{ED2FD291-F3F2-4CD5-A4E5-40254841494E}.Debug|Any CPU.Build.0 = Debug|Any CPU
		{ED2FD291-F3F2-4CD5-A4E5-40254841494E}.Debug|x86.ActiveCfg = Debug|Any CPU
		{ED2FD291-F3F2-4CD5-A4E5-40254841494E}.Debug|x86.Build.0 = Debug|Any CPU
		{ED2FD291-F3F2-4CD5-A4E5-40254841494E}.Release|Any CPU.ActiveCfg = Release|Any CPU
		{ED2FD291-F3F2-4CD5-A4E5-40254841494E}.Release|Any CPU.Build.0 = Release|Any CPU
		{ED2FD291-F3F2-4CD5-A4E5-40254841494E}.Release|x86.ActiveCfg = Release|Any CPU
		{ED2FD291-F3F2-4CD5-A4E5-40254841494E}.Release|x86.Build.0 = Release|Any CPU
		{AE610993-F3BB-4B5B-91AC-A33DDBE89539}.Debug|Any CPU.ActiveCfg = Debug|Any CPU
		{AE610993-F3BB-4B5B-91AC-A33DDBE89539}.Debug|Any CPU.Build.0 = Debug|Any CPU
		{AE610993-F3BB-4B5B-91AC-A33DDBE89539}.Debug|x86.ActiveCfg = Debug|Any CPU
		{AE610993-F3BB-4B5B-91AC-A33DDBE89539}.Debug|x86.Build.0 = Debug|Any CPU
		{AE610993-F3BB-4B5B-91AC-A33DDBE89539}.Release|Any CPU.ActiveCfg = Release|Any CPU
		{AE610993-F3BB-4B5B-91AC-A33DDBE89539}.Release|Any CPU.Build.0 = Release|Any CPU
		{AE610993-F3BB-4B5B-91AC-A33DDBE89539}.Release|x86.ActiveCfg = Release|Any CPU
		{AE610993-F3BB-4B5B-91AC-A33DDBE89539}.Release|x86.Build.0 = Release|Any CPU
		{E6C56FB9-FCC5-41D8-9AC7-DA0A70E12A94}.Debug|Any CPU.ActiveCfg = Debug|Any CPU
		{E6C56FB9-FCC5-41D8-9AC7-DA0A70E12A94}.Debug|Any CPU.Build.0 = Debug|Any CPU
		{E6C56FB9-FCC5-41D8-9AC7-DA0A70E12A94}.Debug|x86.ActiveCfg = Debug|Any CPU
		{E6C56FB9-FCC5-41D8-9AC7-DA0A70E12A94}.Debug|x86.Build.0 = Debug|Any CPU
		{E6C56FB9-FCC5-41D8-9AC7-DA0A70E12A94}.Release|Any CPU.ActiveCfg = Release|Any CPU
		{E6C56FB9-FCC5-41D8-9AC7-DA0A70E12A94}.Release|Any CPU.Build.0 = Release|Any CPU
		{E6C56FB9-FCC5-41D8-9AC7-DA0A70E12A94}.Release|x86.ActiveCfg = Release|Any CPU
		{E6C56FB9-FCC5-41D8-9AC7-DA0A70E12A94}.Release|x86.Build.0 = Release|Any CPU
		{964706CD-AC1D-4A2C-9C49-D87BB6725DE6}.Debug|Any CPU.ActiveCfg = Debug|Any CPU
		{964706CD-AC1D-4A2C-9C49-D87BB6725DE6}.Debug|Any CPU.Build.0 = Debug|Any CPU
		{964706CD-AC1D-4A2C-9C49-D87BB6725DE6}.Debug|x86.ActiveCfg = Debug|Any CPU
		{964706CD-AC1D-4A2C-9C49-D87BB6725DE6}.Debug|x86.Build.0 = Debug|Any CPU
		{964706CD-AC1D-4A2C-9C49-D87BB6725DE6}.Release|Any CPU.ActiveCfg = Release|Any CPU
		{964706CD-AC1D-4A2C-9C49-D87BB6725DE6}.Release|Any CPU.Build.0 = Release|Any CPU
		{964706CD-AC1D-4A2C-9C49-D87BB6725DE6}.Release|x86.ActiveCfg = Release|Any CPU
		{964706CD-AC1D-4A2C-9C49-D87BB6725DE6}.Release|x86.Build.0 = Release|Any CPU
		{329F27A4-A971-4638-BAEF-0C3B98A8BDFD}.Debug|Any CPU.ActiveCfg = Debug|Any CPU
		{329F27A4-A971-4638-BAEF-0C3B98A8BDFD}.Debug|Any CPU.Build.0 = Debug|Any CPU
		{329F27A4-A971-4638-BAEF-0C3B98A8BDFD}.Debug|x86.ActiveCfg = Debug|Any CPU
		{329F27A4-A971-4638-BAEF-0C3B98A8BDFD}.Debug|x86.Build.0 = Debug|Any CPU
		{329F27A4-A971-4638-BAEF-0C3B98A8BDFD}.Release|Any CPU.ActiveCfg = Release|Any CPU
		{329F27A4-A971-4638-BAEF-0C3B98A8BDFD}.Release|Any CPU.Build.0 = Release|Any CPU
		{329F27A4-A971-4638-BAEF-0C3B98A8BDFD}.Release|x86.ActiveCfg = Release|Any CPU
		{329F27A4-A971-4638-BAEF-0C3B98A8BDFD}.Release|x86.Build.0 = Release|Any CPU
		{36CD8BFE-9CD3-4A39-A18A-CE8FA245E02C}.Debug|Any CPU.ActiveCfg = Debug|Any CPU
		{36CD8BFE-9CD3-4A39-A18A-CE8FA245E02C}.Debug|Any CPU.Build.0 = Debug|Any CPU
		{36CD8BFE-9CD3-4A39-A18A-CE8FA245E02C}.Debug|x86.ActiveCfg = Debug|Any CPU
		{36CD8BFE-9CD3-4A39-A18A-CE8FA245E02C}.Debug|x86.Build.0 = Debug|Any CPU
		{36CD8BFE-9CD3-4A39-A18A-CE8FA245E02C}.Release|Any CPU.ActiveCfg = Release|Any CPU
		{36CD8BFE-9CD3-4A39-A18A-CE8FA245E02C}.Release|Any CPU.Build.0 = Release|Any CPU
		{36CD8BFE-9CD3-4A39-A18A-CE8FA245E02C}.Release|x86.ActiveCfg = Release|Any CPU
		{36CD8BFE-9CD3-4A39-A18A-CE8FA245E02C}.Release|x86.Build.0 = Release|Any CPU
		{34D96581-3C17-4076-B655-55582CCA8682}.Debug|Any CPU.ActiveCfg = Debug|Any CPU
		{34D96581-3C17-4076-B655-55582CCA8682}.Debug|Any CPU.Build.0 = Debug|Any CPU
		{34D96581-3C17-4076-B655-55582CCA8682}.Debug|x86.ActiveCfg = Debug|Any CPU
		{34D96581-3C17-4076-B655-55582CCA8682}.Debug|x86.Build.0 = Debug|Any CPU
		{34D96581-3C17-4076-B655-55582CCA8682}.Release|Any CPU.ActiveCfg = Release|Any CPU
		{34D96581-3C17-4076-B655-55582CCA8682}.Release|Any CPU.Build.0 = Release|Any CPU
		{34D96581-3C17-4076-B655-55582CCA8682}.Release|x86.ActiveCfg = Release|Any CPU
		{34D96581-3C17-4076-B655-55582CCA8682}.Release|x86.Build.0 = Release|Any CPU
		{CAA9E2BA-041B-465E-A11C-BD4992802CEE}.Debug|Any CPU.ActiveCfg = Debug|Any CPU
		{CAA9E2BA-041B-465E-A11C-BD4992802CEE}.Debug|Any CPU.Build.0 = Debug|Any CPU
		{CAA9E2BA-041B-465E-A11C-BD4992802CEE}.Debug|x86.ActiveCfg = Debug|Any CPU
		{CAA9E2BA-041B-465E-A11C-BD4992802CEE}.Debug|x86.Build.0 = Debug|Any CPU
		{CAA9E2BA-041B-465E-A11C-BD4992802CEE}.Release|Any CPU.ActiveCfg = Release|Any CPU
		{CAA9E2BA-041B-465E-A11C-BD4992802CEE}.Release|Any CPU.Build.0 = Release|Any CPU
		{CAA9E2BA-041B-465E-A11C-BD4992802CEE}.Release|x86.ActiveCfg = Release|Any CPU
		{CAA9E2BA-041B-465E-A11C-BD4992802CEE}.Release|x86.Build.0 = Release|Any CPU
	EndGlobalSection
	GlobalSection(SolutionProperties) = preSolution
		HideSolutionNode = FALSE
	EndGlobalSection
	GlobalSection(NestedProjects) = preSolution
		{2D847F67-9EC7-496B-AFDA-6F5CB660D8E7} = {33765E63-95ED-40A7-BDB0-418BDA698C32}
		{48770BFD-81F9-4C65-961B-8ED7EC22FCDC} = {33765E63-95ED-40A7-BDB0-418BDA698C32}
		{310A7DDC-BFB8-41C1-8A42-2BF866B3EDE8} = {689C7D0C-9394-4E2E-83DB-9932C16F2D16}
		{33765E63-95ED-40A7-BDB0-418BDA698C32} = {6F612C0E-1D67-4E06-8FB2-0D372CA5C264}
		{689C7D0C-9394-4E2E-83DB-9932C16F2D16} = {6F612C0E-1D67-4E06-8FB2-0D372CA5C264}
		{85A78C72-B3B8-43E1-BB1A-7F4793003453} = {689C7D0C-9394-4E2E-83DB-9932C16F2D16}
		{D5E4C846-099E-4E21-8953-47A3AD1D30DD} = {689C7D0C-9394-4E2E-83DB-9932C16F2D16}
		{29C91099-E98D-44F1-9511-60C0DD9DB16D} = {6F612C0E-1D67-4E06-8FB2-0D372CA5C264}
		{A336EA0A-884D-4A60-A2AD-2FC89BF9E52B} = {29C91099-E98D-44F1-9511-60C0DD9DB16D}
		{DBB73DC4-493A-41F3-A3FD-1FECF79DC8A6} = {29C91099-E98D-44F1-9511-60C0DD9DB16D}
		{21F7360B-EC6F-411C-86F3-AE8ACBADC3E5} = {29C91099-E98D-44F1-9511-60C0DD9DB16D}
		{7B2361FC-5ABC-4BFB-A1B1-9DAEA8800B22} = {29C91099-E98D-44F1-9511-60C0DD9DB16D}
		{DFDDC9C5-61C5-4F6B-9E7B-DF79A03EE398} = {29C91099-E98D-44F1-9511-60C0DD9DB16D}
		{49223B0E-7182-4D4F-8811-9EFE99EC58C2} = {6F612C0E-1D67-4E06-8FB2-0D372CA5C264}
		{B6BACAAF-DC83-4149-A7AF-BEC29DCA8766} = {49223B0E-7182-4D4F-8811-9EFE99EC58C2}
		{EBAC95C0-25FC-4312-B2D7-4EBFE3D8FDA3} = {49223B0E-7182-4D4F-8811-9EFE99EC58C2}
		{31CE5499-22BC-4C56-B64E-02CDD7160B3F} = {6F612C0E-1D67-4E06-8FB2-0D372CA5C264}
		{04906046-835E-4D77-B852-09EF649B91BA} = {31CE5499-22BC-4C56-B64E-02CDD7160B3F}
		{2A290C14-1AB9-450F-BEE0-BFDD1C74086C} = {3E6AAE36-62C4-4517-B7F9-F1741796F1F5}
		{7D727548-B5E1-41AE-BB6D-A4EC93DD381C} = {7399FE44-3095-446D-9272-A6480C7DC624}
		{0AB98BF8-C80F-47A1-8E45-E33C864F6A99} = {6F612C0E-1D67-4E06-8FB2-0D372CA5C264}
		{692594A4-285A-4997-BC17-44FA413995C2} = {7399FE44-3095-446D-9272-A6480C7DC624}
		{98DA4309-CDB5-4432-B787-E054CFDDB107} = {3C4CB807-6F30-4C92-A1B5-AFC4BE395D48}
		{EC0370D9-853C-46D5-997F-214E9301B099} = {3C4CB807-6F30-4C92-A1B5-AFC4BE395D48}
		{B95FB13C-1F1B-4A29-8F67-676E0162C9FC} = {3C4CB807-6F30-4C92-A1B5-AFC4BE395D48}
		{33C29BD1-7621-40F8-BF6D-069986474CB5} = {D29132D3-1360-42BB-8765-97B0866BAF4B}
		{9976312D-B9AC-4EBB-8DD4-102168D209B9} = {D6DE4652-8079-493E-B6F0-220A24D96B7B}
		{F528FA85-7855-4735-AF1A-B45743746EBC} = {6F612C0E-1D67-4E06-8FB2-0D372CA5C264}
		{F9DE0F1B-559F-461C-A4F9-A0E6EAFF2710} = {7399FE44-3095-446D-9272-A6480C7DC624}
		{942E9DBA-9DA5-475D-97B7-B847A7707962} = {D6DE4652-8079-493E-B6F0-220A24D96B7B}
		{45EA0788-7FF4-4D8C-85FD-76DACEADBEAD} = {936CBC51-EB4E-4381-B992-AC7D9D4DBB7F}
		{ED2FD291-F3F2-4CD5-A4E5-40254841494E} = {936CBC51-EB4E-4381-B992-AC7D9D4DBB7F}
		{AE610993-F3BB-4B5B-91AC-A33DDBE89539} = {8574CF28-01FD-4C01-96B0-4A4BAA401C53}
		{E6C56FB9-FCC5-41D8-9AC7-DA0A70E12A94} = {3E6AAE36-62C4-4517-B7F9-F1741796F1F5}
		{964706CD-AC1D-4A2C-9C49-D87BB6725DE6} = {7399FE44-3095-446D-9272-A6480C7DC624}
		{329F27A4-A971-4638-BAEF-0C3B98A8BDFD} = {D6DE4652-8079-493E-B6F0-220A24D96B7B}
		{36CD8BFE-9CD3-4A39-A18A-CE8FA245E02C} = {7399FE44-3095-446D-9272-A6480C7DC624}
		{34D96581-3C17-4076-B655-55582CCA8682} = {7399FE44-3095-446D-9272-A6480C7DC624}
		{CAA9E2BA-041B-465E-A11C-BD4992802CEE} = {3E6AAE36-62C4-4517-B7F9-F1741796F1F5}
		{3E6AAE36-62C4-4517-B7F9-F1741796F1F5} = {6F612C0E-1D67-4E06-8FB2-0D372CA5C264}
		{7399FE44-3095-446D-9272-A6480C7DC624} = {6F612C0E-1D67-4E06-8FB2-0D372CA5C264}
		{3C4CB807-6F30-4C92-A1B5-AFC4BE395D48} = {7399FE44-3095-446D-9272-A6480C7DC624}
		{936CBC51-EB4E-4381-B992-AC7D9D4DBB7F} = {6F612C0E-1D67-4E06-8FB2-0D372CA5C264}
		{D29132D3-1360-42BB-8765-97B0866BAF4B} = {936CBC51-EB4E-4381-B992-AC7D9D4DBB7F}
		{D6DE4652-8079-493E-B6F0-220A24D96B7B} = {6F612C0E-1D67-4E06-8FB2-0D372CA5C264}
		{8574CF28-01FD-4C01-96B0-4A4BAA401C53} = {936CBC51-EB4E-4381-B992-AC7D9D4DBB7F}
	EndGlobalSection
EndGlobal
