
Microsoft Visual Studio Solution File, Format Version 12.00
# Visual Studio 14
VisualStudioVersion = 14.0.25420.1
MinimumVisualStudioVersion = 10.0.40219.1
Project("{2150E333-8FDC-42A3-9474-1A3956D46DE8}") = "Documents", "Documents", "{2CA8A2CD-657F-499E-92C2-B2E0AC5488C4}"
	ProjectSection(SolutionItems) = preProject
		.travis.yml = .travis.yml
		CONTRIBUTIONS.md = CONTRIBUTIONS.md
		DEVELOPMENT.md = DEVELOPMENT.md
		dnxtocsproj.ps1 = dnxtocsproj.ps1
		global.json = global.json
		LICENSE.txt = LICENSE.txt
		OTAPI.Common.targets = OTAPI.Common.targets
		Bundles\OTAPI.dll.nuspec = Bundles\OTAPI.dll.nuspec
		prebuild.ps1 = prebuild.ps1
		README.md = README.md
	EndProjectSection
EndProject
Project("{2150E333-8FDC-42A3-9474-1A3956D46DE8}") = "OTAPI.Modifications", "OTAPI.Modifications", "{6F612C0E-1D67-4E06-8FB2-0D372CA5C264}"
EndProject
Project("{2150E333-8FDC-42A3-9474-1A3956D46DE8}") = "Collision", "Collision", "{33765E63-95ED-40A7-BDB0-418BDA698C32}"
EndProject
Project("{2150E333-8FDC-42A3-9474-1A3956D46DE8}") = "Item", "Item", "{689C7D0C-9394-4E2E-83DB-9932C16F2D16}"
EndProject
Project("{2150E333-8FDC-42A3-9474-1A3956D46DE8}") = "Main", "Main", "{29C91099-E98D-44F1-9511-60C0DD9DB16D}"
EndProject
Project("{2150E333-8FDC-42A3-9474-1A3956D46DE8}") = "MessageBuffer", "MessageBuffer", "{49223B0E-7182-4D4F-8811-9EFE99EC58C2}"
EndProject
Project("{2150E333-8FDC-42A3-9474-1A3956D46DE8}") = "Tile", "Tile", "{31CE5499-22BC-4C56-B64E-02CDD7160B3F}"
EndProject
Project("{2150E333-8FDC-42A3-9474-1A3956D46DE8}") = "Projectile", "Projectile", "{3E6AAE36-62C4-4517-B7F9-F1741796F1F5}"
EndProject
Project("{2150E333-8FDC-42A3-9474-1A3956D46DE8}") = "Npc", "Npc", "{7399FE44-3095-446D-9272-A6480C7DC624}"
EndProject
Project("{2150E333-8FDC-42A3-9474-1A3956D46DE8}") = "Net", "Net", "{936CBC51-EB4E-4381-B992-AC7D9D4DBB7F}"
EndProject
Project("{2150E333-8FDC-42A3-9474-1A3956D46DE8}") = "World", "World", "{D6DE4652-8079-493E-B6F0-220A24D96B7B}"
EndProject
Project("{2150E333-8FDC-42A3-9474-1A3956D46DE8}") = "Socket", "Socket", "{8574CF28-01FD-4C01-96B0-4A4BAA401C53}"
EndProject
Project("{2150E333-8FDC-42A3-9474-1A3956D46DE8}") = "Player", "Player", "{615EBBCB-EF8A-449E-AD07-0BF2168B14B8}"
EndProject
Project("{2150E333-8FDC-42A3-9474-1A3956D46DE8}") = "RemoteClient", "RemoteClient", "{97E3F8B6-A657-465C-BF40-2C2A847AD75B}"
EndProject
Project("{2150E333-8FDC-42A3-9474-1A3956D46DE8}") = "Input", "Input", "{2F898B48-7C73-4A50-BC8D-1388EAFA25D6}"
EndProject
Project("{FAE04EC0-301F-11D3-BF4B-00C04F79EFBC}") = "OTAPI.Patcher", "OTAPI.Patcher\OTAPI.Patcher.csproj", "{2DD61F38-F9E9-44E1-A811-92BD799F33E5}"
EndProject
Project("{FAE04EC0-301F-11D3-BF4B-00C04F79EFBC}") = "OTAPI.Modifications.Core", "OTAPI.Modifications\OTAPI.Modifications.Core\OTAPI.Modifications.Core.csproj", "{D9439E01-19C1-4E89-9B33-2C19C804DDCF}"
EndProject
Project("{FAE04EC0-301F-11D3-BF4B-00C04F79EFBC}") = "OTAPI.Sockets", "OTAPI.Sockets\OTAPI.Sockets.csproj", "{E7544453-2F4D-45C5-ACC4-86CF656EC304}"
EndProject
Project("{FAE04EC0-301F-11D3-BF4B-00C04F79EFBC}") = "OTAPI.Modifications.Collision.PressurePlate", "OTAPI.Modifications\OTAPI.Modifications.Collision.PressurePlate\OTAPI.Modifications.Collision.PressurePlate.csproj", "{2D24B5CA-42EA-48CB-81CE-7DFCED9EB110}"
EndProject
Project("{FAE04EC0-301F-11D3-BF4B-00C04F79EFBC}") = "OTAPI.Modifications.Collision.SwitchTilesEntity", "OTAPI.Modifications\OTAPI.Modifications.Collision.SwitchTilesEntity\OTAPI.Modifications.Collision.SwitchTilesEntity.csproj", "{01D2299A-3F78-46A5-8722-1F0C35D62FB4}"
EndProject
Project("{FAE04EC0-301F-11D3-BF4B-00C04F79EFBC}") = "OTAPI.Modifications.Item.NetDefaults", "OTAPI.Modifications\OTAPI.Modifications.Item.NetDefaults\OTAPI.Modifications.Item.NetDefaults.csproj", "{34290EFE-6445-4C11-B506-E07FC11A89ED}"
EndProject
Project("{FAE04EC0-301F-11D3-BF4B-00C04F79EFBC}") = "OTAPI.Modifications.Item.SetDefaultsById", "OTAPI.Modifications\OTAPI.Modifications.Item.SetDefaultsById\OTAPI.Modifications.Item.SetDefaultsById.csproj", "{C06098A9-6614-4A74-B09C-55733B6E10BC}"
EndProject
Project("{FAE04EC0-301F-11D3-BF4B-00C04F79EFBC}") = "OTAPI.Modifications.Item.SetDefaultsByName", "OTAPI.Modifications\OTAPI.Modifications.Item.SetDefaultsByName\OTAPI.Modifications.Item.SetDefaultsByName.csproj", "{FD4DF35D-15B0-4D48-95EE-EA5E2D94D6BD}"
EndProject
Project("{FAE04EC0-301F-11D3-BF4B-00C04F79EFBC}") = "OTAPI.Modifications.Main.Christmas", "OTAPI.Modifications\OTAPI.Modifications.Main.Christmas\OTAPI.Modifications.Main.Christmas.csproj", "{7A055E4F-39DE-4793-82D7-D950E27D8E70}"
EndProject
Project("{FAE04EC0-301F-11D3-BF4B-00C04F79EFBC}") = "OTAPI.Modifications.Main.GameInitialize", "OTAPI.Modifications\OTAPI.Modifications.Main.GameInitialize\OTAPI.Modifications.Main.GameInitialize.csproj", "{95D78CDE-E0C6-493B-BD9B-588D76FDDE4F}"
EndProject
Project("{FAE04EC0-301F-11D3-BF4B-00C04F79EFBC}") = "OTAPI.Modifications.Main.GameUpdate", "OTAPI.Modifications\OTAPI.Modifications.Main.GameUpdate\OTAPI.Modifications.Main.GameUpdate.csproj", "{EED2A9BE-1178-4CD5-896E-21F74BDB499F}"
EndProject
Project("{FAE04EC0-301F-11D3-BF4B-00C04F79EFBC}") = "OTAPI.Modifications.Main.Halloween", "OTAPI.Modifications\OTAPI.Modifications.Main.Halloween\OTAPI.Modifications.Main.Halloween.csproj", "{64A8940B-BA2A-45AF-AA7E-439CC9C8BC81}"
EndProject
Project("{FAE04EC0-301F-11D3-BF4B-00C04F79EFBC}") = "OTAPI.Modifications.Main.StatusText", "OTAPI.Modifications\OTAPI.Modifications.Main.StatusText\OTAPI.Modifications.Main.StatusText.csproj", "{A3AAF60C-4581-4468-B368-863366842C1B}"
EndProject
Project("{FAE04EC0-301F-11D3-BF4B-00C04F79EFBC}") = "OTAPI.Modifications.MessageBuffer.NameCollision", "OTAPI.Modifications\OTAPI.Modifications.MessageBuffer.NameCollision\OTAPI.Modifications.MessageBuffer.NameCollision.csproj", "{6151AA61-0691-4440-9546-2751F893972B}"
EndProject
Project("{FAE04EC0-301F-11D3-BF4B-00C04F79EFBC}") = "OTAPI.Modifications.MessageBuffer.ReceiveData", "OTAPI.Modifications\OTAPI.Modifications.MessageBuffer.ReceiveData\OTAPI.Modifications.MessageBuffer.ReceiveData.csproj", "{96661B26-55C6-4760-8924-5FE2E19B59D0}"
EndProject
Project("{FAE04EC0-301F-11D3-BF4B-00C04F79EFBC}") = "OTAPI.Modifications.Tile", "OTAPI.Modifications\OTAPI.Modifications.Tile\OTAPI.Modifications.Tile.csproj", "{47C0D2ED-DBCA-4ADF-8B55-F7043D736673}"
EndProject
Project("{FAE04EC0-301F-11D3-BF4B-00C04F79EFBC}") = "OTAPI.Modifications.Projectile.AI", "OTAPI.Modifications\OTAPI.Modifications.Projectile.AI\OTAPI.Modifications.Projectile.AI.csproj", "{A0609625-1A9F-4685-AF77-D594055CBFDA}"
EndProject
Project("{FAE04EC0-301F-11D3-BF4B-00C04F79EFBC}") = "OTAPI.Modifications.Projectile.SetDefaultsById", "OTAPI.Modifications\OTAPI.Modifications.Projectile.SetDefaultsById\OTAPI.Modifications.Projectile.SetDefaultsById.csproj", "{D6EA3FD7-0A69-4718-857A-135B929FDA86}"
EndProject
Project("{FAE04EC0-301F-11D3-BF4B-00C04F79EFBC}") = "OTAPI.Modifications.Projectile.Update", "OTAPI.Modifications\OTAPI.Modifications.Projectile.Update\OTAPI.Modifications.Projectile.Update.csproj", "{57523A99-1168-4875-A2EC-C9A2F7FC0E54}"
EndProject
Project("{FAE04EC0-301F-11D3-BF4B-00C04F79EFBC}") = "OTAPI.Modifications.Npc.BossBagItem", "OTAPI.Modifications\OTAPI.Modifications.Npc.BossBagItem\OTAPI.Modifications.Npc.BossBagItem.csproj", "{89E4BE88-7339-4C2C-9F5F-608454A16E4E}"
EndProject
Project("{FAE04EC0-301F-11D3-BF4B-00C04F79EFBC}") = "OTAPI.Modifications.Npc.Create", "OTAPI.Modifications\OTAPI.Modifications.Npc.Create\OTAPI.Modifications.Npc.Create.csproj", "{D05D01E1-6B55-42DA-A052-C8ACD6838DCA}"
EndProject
Project("{FAE04EC0-301F-11D3-BF4B-00C04F79EFBC}") = "OTAPI.Modifications.Npc.DropLoot", "OTAPI.Modifications\OTAPI.Modifications.Npc.DropLoot\OTAPI.Modifications.Npc.DropLoot.csproj", "{5564CFA0-D002-4E11-AC44-C88B373A363B}"
EndProject
Project("{FAE04EC0-301F-11D3-BF4B-00C04F79EFBC}") = "OTAPI.Modifications.Npc.Killed", "OTAPI.Modifications\OTAPI.Modifications.Npc.Killed\OTAPI.Modifications.Npc.Killed.csproj", "{4488F9BF-D563-4166-998A-5766245D52CA}"
EndProject
Project("{FAE04EC0-301F-11D3-BF4B-00C04F79EFBC}") = "OTAPI.Modifications.Npc.NetDefaults", "OTAPI.Modifications\OTAPI.Modifications.Npc.NetDefaults\OTAPI.Modifications.Npc.NetDefaults.csproj", "{7229D569-B11D-4104-81CB-66F76258F692}"
EndProject
Project("{FAE04EC0-301F-11D3-BF4B-00C04F79EFBC}") = "OTAPI.Modifications.Npc.SetDefaultsById", "OTAPI.Modifications\OTAPI.Modifications.Npc.SetDefaultsById\OTAPI.Modifications.Npc.SetDefaultsById.csproj", "{586BEBDF-AA38-4579-B8C5-80A4A189F5A0}"
EndProject
Project("{FAE04EC0-301F-11D3-BF4B-00C04F79EFBC}") = "OTAPI.Modifications.Npc.SetDefaultsByName", "OTAPI.Modifications\OTAPI.Modifications.Npc.SetDefaultsByName\OTAPI.Modifications.Npc.SetDefaultsByName.csproj", "{EE93F8CC-C654-4BB1-86BC-DFF3E66045DA}"
EndProject
Project("{FAE04EC0-301F-11D3-BF4B-00C04F79EFBC}") = "OTAPI.Modifications.Npc.Transform", "OTAPI.Modifications\OTAPI.Modifications.Npc.Transform\OTAPI.Modifications.Npc.Transform.csproj", "{11D69F55-C8AE-4404-995A-D003DA0EE191}"
EndProject
Project("{FAE04EC0-301F-11D3-BF4B-00C04F79EFBC}") = "OTAPI.Modifications.Npc.Strike", "OTAPI.Modifications\OTAPI.Modifications.Npc.Strike\OTAPI.Modifications.Npc.Strike.csproj", "{1CA910A2-F57D-4BE9-B6A2-C6DA9C13BC48}"
EndProject
Project("{FAE04EC0-301F-11D3-BF4B-00C04F79EFBC}") = "OTAPI.Modifications.Npc.Spawn", "OTAPI.Modifications\OTAPI.Modifications.Npc.Spawn\OTAPI.Modifications.Npc.Spawn.csproj", "{09029CD9-C6B1-4DAD-BA94-66BA167D4A32}"
EndProject
Project("{FAE04EC0-301F-11D3-BF4B-00C04F79EFBC}") = "OTAPI.Modifications.Net.Socket.Create", "OTAPI.Modifications\OTAPI.Modifications.Net.Socket.Create\OTAPI.Modifications.Net.Socket.Create.csproj", "{5564477D-7286-4FDD-8365-B41939656DD0}"
EndProject
Project("{FAE04EC0-301F-11D3-BF4B-00C04F79EFBC}") = "OTAPI.Modifications.Net.RemoteClient.Reset", "OTAPI.Modifications\OTAPI.Modifications.Net.RemoteClient.Reset\OTAPI.Modifications.Net.RemoteClient.Reset.csproj", "{F1B10957-2C31-49E6-A41B-BC94927E6399}"
EndProject
Project("{FAE04EC0-301F-11D3-BF4B-00C04F79EFBC}") = "OTAPI.Modifications.Net.SendBytes", "OTAPI.Modifications\OTAPI.Modifications.Net.SendBytes\OTAPI.Modifications.Net.SendBytes.csproj", "{737EDBAD-E1BD-4D3E-9408-524E02831BAD}"
EndProject
Project("{FAE04EC0-301F-11D3-BF4B-00C04F79EFBC}") = "OTAPI.Modifications.Net.SendData", "OTAPI.Modifications\OTAPI.Modifications.Net.SendData\OTAPI.Modifications.Net.SendData.csproj", "{AA61D1E6-EC5A-431B-BDC9-ADF3B9FA666C}"
EndProject
Project("{FAE04EC0-301F-11D3-BF4B-00C04F79EFBC}") = "OTAPI.Modifications.Net.SendUnknownPacket", "OTAPI.Modifications\OTAPI.Modifications.Net.SendUnknownPacket\OTAPI.Modifications.Net.SendUnknownPacket.csproj", "{EB97B212-04CA-408F-B57C-B182517FE727}"
EndProject
Project("{FAE04EC0-301F-11D3-BF4B-00C04F79EFBC}") = "OTAPI.Modifications.World.DropMeteor", "OTAPI.Modifications\OTAPI.Modifications.World.DropMeteor\OTAPI.Modifications.World.DropMeteor.csproj", "{3F2F3763-53C2-4DBF-9EBA-FB90B7CAB160}"
EndProject
Project("{FAE04EC0-301F-11D3-BF4B-00C04F79EFBC}") = "OTAPI.Modifications.World.Hardmode", "OTAPI.Modifications\OTAPI.Modifications.World.Hardmode\OTAPI.Modifications.World.Hardmode.csproj", "{1D722733-EF65-4D3C-B884-9BEFBDFECBFC}"
EndProject
Project("{FAE04EC0-301F-11D3-BF4B-00C04F79EFBC}") = "OTAPI.Modifications.World.Load", "OTAPI.Modifications\OTAPI.Modifications.World.Load\OTAPI.Modifications.World.Load.csproj", "{274B51FE-E378-43BA-B75A-DBAD194434C5}"
EndProject
Project("{FAE04EC0-301F-11D3-BF4B-00C04F79EFBC}") = "OTAPI.Modifications.World.Save", "OTAPI.Modifications\OTAPI.Modifications.World.Save\OTAPI.Modifications.World.Save.csproj", "{2EFEE4C1-5A98-41F5-ADBD-57AE33280F5A}"
EndProject
Project("{FAE04EC0-301F-11D3-BF4B-00C04F79EFBC}") = "OTAPI.Modifications.World.Statue", "OTAPI.Modifications\OTAPI.Modifications.World.Statue\OTAPI.Modifications.World.Statue.csproj", "{32C03415-DEB4-4FD9-8F45-9587C19C6DAA}"
EndProject
Project("{FAE04EC0-301F-11D3-BF4B-00C04F79EFBC}") = "OTAPI.Modifications.World.HardMode.TileUpdate", "OTAPI.Modifications\OTAPI.Modifications.World.HardMode.TileUpdate\OTAPI.Modifications.World.HardMode.TileUpdate.csproj", "{7A4FF72F-D207-43C1-B73E-474CB3ABD35D}"
EndProject
Project("{FAE04EC0-301F-11D3-BF4B-00C04F79EFBC}") = "OTAPI.Modifications.Player.Greet", "OTAPI.Modifications\OTAPI.Modifications.Player.Greet\OTAPI.Modifications.Player.Greet.csproj", "{843E3742-D73C-4713-A86C-49CFC9787926}"
EndProject
Project("{FAE04EC0-301F-11D3-BF4B-00C04F79EFBC}") = "OTAPI.Modifications.Input.Command", "OTAPI.Modifications\OTAPI.Modifications.Input.Command\OTAPI.Modifications.Input.Command.csproj", "{DA4B503E-F63E-451D-B92F-0F958C5923D5}"
EndProject
Project("{FAE04EC0-301F-11D3-BF4B-00C04F79EFBC}") = "OTAPI.Modifications.ChangeArchitecture", "OTAPI.Modifications\OTAPI.Modifications.ChangeArchitecture\OTAPI.Modifications.ChangeArchitecture.csproj", "{BB519962-4846-4CA1-9A0A-F1559AA127DB}"
EndProject
Project("{FAE04EC0-301F-11D3-BF4B-00C04F79EFBC}") = "OTAPI.Modifications.Console", "OTAPI.Modifications\OTAPI.Modifications.Console\OTAPI.Modifications.Console.csproj", "{41EFBDAD-4A19-444C-A356-5BFA4CC71FE0}"
EndProject
Project("{FAE04EC0-301F-11D3-BF4B-00C04F79EFBC}") = "OTAPI.Modifications.Json", "OTAPI.Modifications\OTAPI.Modifications.Json\OTAPI.Modifications.Json.csproj", "{D12530DC-A9B2-4EEC-819F-70C03AC8D6C3}"
EndProject
Project("{FAE04EC0-301F-11D3-BF4B-00C04F79EFBC}") = "OTAPI.Modifications.MakeTypesPublic", "OTAPI.Modifications\OTAPI.Modifications.MakeTypesPublic\OTAPI.Modifications.MakeTypesPublic.csproj", "{FD5B7A83-2AC0-4F24-83FB-891EB8F99FC9}"
EndProject
Project("{FAE04EC0-301F-11D3-BF4B-00C04F79EFBC}") = "OTAPI.Modifications.Mono", "OTAPI.Modifications\OTAPI.Modifications.Mono\OTAPI.Modifications.Mono.csproj", "{C4B4D1BB-733E-4D3F-B0CF-D203CC7C070D}"
EndProject
Project("{FAE04EC0-301F-11D3-BF4B-00C04F79EFBC}") = "OTAPI.Modifications.Xna", "OTAPI.Modifications\OTAPI.Modifications.Xna\OTAPI.Modifications.Xna.csproj", "{4A980A83-9E64-4207-8281-4F29FBF2AD90}"
EndProject
Project("{FAE04EC0-301F-11D3-BF4B-00C04F79EFBC}") = "OTAPI.Patcher.Engine", "OTAPI.Patcher.Engine\OTAPI.Patcher.Engine.csproj", "{A1F792B2-5D80-4DE4-B5DB-7A05DBEABD60}"
EndProject
Project("{FAE04EC0-301F-11D3-BF4B-00C04F79EFBC}") = "OTAPI.Modifications.Projectile.Kill", "OTAPI.Modifications\OTAPI.Modifications.Projectile.Kill\OTAPI.Modifications.Projectile.Kill.csproj", "{6C022592-B51F-42A9-A6BA-F65BDF44B14B}"
EndProject
Project("{FAE04EC0-301F-11D3-BF4B-00C04F79EFBC}") = "OTAPI.Modifications.Net.Socket.Accepted", "OTAPI.Modifications\OTAPI.Modifications.Net.Socket.Accepted\OTAPI.Modifications.Net.Socket.Accepted.csproj", "{202661A3-1923-4F7A-982E-993C629CBA0F}"
EndProject
Global
	GlobalSection(SolutionConfigurationPlatforms) = preSolution
		Client-Debug|Any CPU = Client-Debug|Any CPU
		Client-Release|Any CPU = Client-Release|Any CPU
		Debug|Any CPU = Debug|Any CPU
		Release|Any CPU = Release|Any CPU
		Server-Debug|Any CPU = Server-Debug|Any CPU
		Server-Release|Any CPU = Server-Release|Any CPU
	EndGlobalSection
	GlobalSection(ProjectConfigurationPlatforms) = postSolution
		{2DD61F38-F9E9-44E1-A811-92BD799F33E5}.Client-Debug|Any CPU.ActiveCfg = Debug|Any CPU
		{2DD61F38-F9E9-44E1-A811-92BD799F33E5}.Client-Debug|Any CPU.Build.0 = Debug|Any CPU
		{2DD61F38-F9E9-44E1-A811-92BD799F33E5}.Client-Release|Any CPU.ActiveCfg = Release|Any CPU
		{2DD61F38-F9E9-44E1-A811-92BD799F33E5}.Client-Release|Any CPU.Build.0 = Release|Any CPU
		{2DD61F38-F9E9-44E1-A811-92BD799F33E5}.Debug|Any CPU.ActiveCfg = Debug|Any CPU
		{2DD61F38-F9E9-44E1-A811-92BD799F33E5}.Debug|Any CPU.Build.0 = Debug|Any CPU
		{2DD61F38-F9E9-44E1-A811-92BD799F33E5}.Release|Any CPU.ActiveCfg = Release|Any CPU
		{2DD61F38-F9E9-44E1-A811-92BD799F33E5}.Release|Any CPU.Build.0 = Release|Any CPU
		{2DD61F38-F9E9-44E1-A811-92BD799F33E5}.Server-Debug|Any CPU.ActiveCfg = Debug|Any CPU
		{2DD61F38-F9E9-44E1-A811-92BD799F33E5}.Server-Debug|Any CPU.Build.0 = Debug|Any CPU
		{2DD61F38-F9E9-44E1-A811-92BD799F33E5}.Server-Release|Any CPU.ActiveCfg = Release|Any CPU
		{2DD61F38-F9E9-44E1-A811-92BD799F33E5}.Server-Release|Any CPU.Build.0 = Release|Any CPU
		{D9439E01-19C1-4E89-9B33-2C19C804DDCF}.Client-Debug|Any CPU.ActiveCfg = Debug|Any CPU
		{D9439E01-19C1-4E89-9B33-2C19C804DDCF}.Client-Debug|Any CPU.Build.0 = Debug|Any CPU
		{D9439E01-19C1-4E89-9B33-2C19C804DDCF}.Client-Release|Any CPU.ActiveCfg = Release|Any CPU
		{D9439E01-19C1-4E89-9B33-2C19C804DDCF}.Client-Release|Any CPU.Build.0 = Release|Any CPU
		{D9439E01-19C1-4E89-9B33-2C19C804DDCF}.Debug|Any CPU.ActiveCfg = Debug|Any CPU
		{D9439E01-19C1-4E89-9B33-2C19C804DDCF}.Debug|Any CPU.Build.0 = Debug|Any CPU
		{D9439E01-19C1-4E89-9B33-2C19C804DDCF}.Release|Any CPU.ActiveCfg = Release|Any CPU
		{D9439E01-19C1-4E89-9B33-2C19C804DDCF}.Release|Any CPU.Build.0 = Release|Any CPU
		{D9439E01-19C1-4E89-9B33-2C19C804DDCF}.Server-Debug|Any CPU.ActiveCfg = Debug|Any CPU
		{D9439E01-19C1-4E89-9B33-2C19C804DDCF}.Server-Debug|Any CPU.Build.0 = Debug|Any CPU
		{D9439E01-19C1-4E89-9B33-2C19C804DDCF}.Server-Release|Any CPU.ActiveCfg = Release|Any CPU
		{D9439E01-19C1-4E89-9B33-2C19C804DDCF}.Server-Release|Any CPU.Build.0 = Release|Any CPU
		{E7544453-2F4D-45C5-ACC4-86CF656EC304}.Client-Debug|Any CPU.ActiveCfg = Debug|Any CPU
		{E7544453-2F4D-45C5-ACC4-86CF656EC304}.Client-Release|Any CPU.ActiveCfg = Release|Any CPU
		{E7544453-2F4D-45C5-ACC4-86CF656EC304}.Debug|Any CPU.ActiveCfg = Debug|Any CPU
		{E7544453-2F4D-45C5-ACC4-86CF656EC304}.Debug|Any CPU.Build.0 = Debug|Any CPU
		{E7544453-2F4D-45C5-ACC4-86CF656EC304}.Release|Any CPU.ActiveCfg = Release|Any CPU
		{E7544453-2F4D-45C5-ACC4-86CF656EC304}.Release|Any CPU.Build.0 = Release|Any CPU
		{E7544453-2F4D-45C5-ACC4-86CF656EC304}.Server-Debug|Any CPU.ActiveCfg = Debug|Any CPU
		{E7544453-2F4D-45C5-ACC4-86CF656EC304}.Server-Debug|Any CPU.Build.0 = Debug|Any CPU
		{E7544453-2F4D-45C5-ACC4-86CF656EC304}.Server-Release|Any CPU.ActiveCfg = Release|Any CPU
		{E7544453-2F4D-45C5-ACC4-86CF656EC304}.Server-Release|Any CPU.Build.0 = Release|Any CPU
		{2D24B5CA-42EA-48CB-81CE-7DFCED9EB110}.Client-Debug|Any CPU.ActiveCfg = Debug|Any CPU
		{2D24B5CA-42EA-48CB-81CE-7DFCED9EB110}.Client-Release|Any CPU.ActiveCfg = Release|Any CPU
		{2D24B5CA-42EA-48CB-81CE-7DFCED9EB110}.Debug|Any CPU.ActiveCfg = Debug|Any CPU
		{2D24B5CA-42EA-48CB-81CE-7DFCED9EB110}.Debug|Any CPU.Build.0 = Debug|Any CPU
		{2D24B5CA-42EA-48CB-81CE-7DFCED9EB110}.Release|Any CPU.ActiveCfg = Release|Any CPU
		{2D24B5CA-42EA-48CB-81CE-7DFCED9EB110}.Release|Any CPU.Build.0 = Release|Any CPU
		{2D24B5CA-42EA-48CB-81CE-7DFCED9EB110}.Server-Debug|Any CPU.ActiveCfg = Debug|Any CPU
		{2D24B5CA-42EA-48CB-81CE-7DFCED9EB110}.Server-Debug|Any CPU.Build.0 = Debug|Any CPU
		{2D24B5CA-42EA-48CB-81CE-7DFCED9EB110}.Server-Release|Any CPU.ActiveCfg = Release|Any CPU
		{2D24B5CA-42EA-48CB-81CE-7DFCED9EB110}.Server-Release|Any CPU.Build.0 = Release|Any CPU
		{01D2299A-3F78-46A5-8722-1F0C35D62FB4}.Client-Debug|Any CPU.ActiveCfg = Debug|Any CPU
		{01D2299A-3F78-46A5-8722-1F0C35D62FB4}.Client-Release|Any CPU.ActiveCfg = Release|Any CPU
		{01D2299A-3F78-46A5-8722-1F0C35D62FB4}.Debug|Any CPU.ActiveCfg = Debug|Any CPU
		{01D2299A-3F78-46A5-8722-1F0C35D62FB4}.Debug|Any CPU.Build.0 = Debug|Any CPU
		{01D2299A-3F78-46A5-8722-1F0C35D62FB4}.Release|Any CPU.ActiveCfg = Release|Any CPU
		{01D2299A-3F78-46A5-8722-1F0C35D62FB4}.Release|Any CPU.Build.0 = Release|Any CPU
		{01D2299A-3F78-46A5-8722-1F0C35D62FB4}.Server-Debug|Any CPU.ActiveCfg = Debug|Any CPU
		{01D2299A-3F78-46A5-8722-1F0C35D62FB4}.Server-Debug|Any CPU.Build.0 = Debug|Any CPU
		{01D2299A-3F78-46A5-8722-1F0C35D62FB4}.Server-Release|Any CPU.ActiveCfg = Release|Any CPU
		{01D2299A-3F78-46A5-8722-1F0C35D62FB4}.Server-Release|Any CPU.Build.0 = Release|Any CPU
		{34290EFE-6445-4C11-B506-E07FC11A89ED}.Client-Debug|Any CPU.ActiveCfg = Debug|Any CPU
		{34290EFE-6445-4C11-B506-E07FC11A89ED}.Client-Debug|Any CPU.Build.0 = Debug|Any CPU
		{34290EFE-6445-4C11-B506-E07FC11A89ED}.Client-Release|Any CPU.ActiveCfg = Release|Any CPU
		{34290EFE-6445-4C11-B506-E07FC11A89ED}.Debug|Any CPU.ActiveCfg = Debug|Any CPU
		{34290EFE-6445-4C11-B506-E07FC11A89ED}.Debug|Any CPU.Build.0 = Debug|Any CPU
		{34290EFE-6445-4C11-B506-E07FC11A89ED}.Release|Any CPU.ActiveCfg = Release|Any CPU
		{34290EFE-6445-4C11-B506-E07FC11A89ED}.Release|Any CPU.Build.0 = Release|Any CPU
		{34290EFE-6445-4C11-B506-E07FC11A89ED}.Server-Debug|Any CPU.ActiveCfg = Debug|Any CPU
		{34290EFE-6445-4C11-B506-E07FC11A89ED}.Server-Debug|Any CPU.Build.0 = Debug|Any CPU
		{34290EFE-6445-4C11-B506-E07FC11A89ED}.Server-Release|Any CPU.ActiveCfg = Release|Any CPU
		{34290EFE-6445-4C11-B506-E07FC11A89ED}.Server-Release|Any CPU.Build.0 = Release|Any CPU
		{C06098A9-6614-4A74-B09C-55733B6E10BC}.Client-Debug|Any CPU.ActiveCfg = Debug|Any CPU
		{C06098A9-6614-4A74-B09C-55733B6E10BC}.Client-Debug|Any CPU.Build.0 = Debug|Any CPU
		{C06098A9-6614-4A74-B09C-55733B6E10BC}.Client-Release|Any CPU.ActiveCfg = Release|Any CPU
		{C06098A9-6614-4A74-B09C-55733B6E10BC}.Debug|Any CPU.ActiveCfg = Debug|Any CPU
		{C06098A9-6614-4A74-B09C-55733B6E10BC}.Debug|Any CPU.Build.0 = Debug|Any CPU
		{C06098A9-6614-4A74-B09C-55733B6E10BC}.Release|Any CPU.ActiveCfg = Release|Any CPU
		{C06098A9-6614-4A74-B09C-55733B6E10BC}.Release|Any CPU.Build.0 = Release|Any CPU
		{C06098A9-6614-4A74-B09C-55733B6E10BC}.Server-Debug|Any CPU.ActiveCfg = Debug|Any CPU
		{C06098A9-6614-4A74-B09C-55733B6E10BC}.Server-Debug|Any CPU.Build.0 = Debug|Any CPU
		{C06098A9-6614-4A74-B09C-55733B6E10BC}.Server-Release|Any CPU.ActiveCfg = Release|Any CPU
		{C06098A9-6614-4A74-B09C-55733B6E10BC}.Server-Release|Any CPU.Build.0 = Release|Any CPU
		{FD4DF35D-15B0-4D48-95EE-EA5E2D94D6BD}.Client-Debug|Any CPU.ActiveCfg = Debug|Any CPU
		{FD4DF35D-15B0-4D48-95EE-EA5E2D94D6BD}.Client-Debug|Any CPU.Build.0 = Debug|Any CPU
		{FD4DF35D-15B0-4D48-95EE-EA5E2D94D6BD}.Client-Release|Any CPU.ActiveCfg = Release|Any CPU
		{FD4DF35D-15B0-4D48-95EE-EA5E2D94D6BD}.Debug|Any CPU.ActiveCfg = Debug|Any CPU
		{FD4DF35D-15B0-4D48-95EE-EA5E2D94D6BD}.Debug|Any CPU.Build.0 = Debug|Any CPU
		{FD4DF35D-15B0-4D48-95EE-EA5E2D94D6BD}.Release|Any CPU.ActiveCfg = Release|Any CPU
		{FD4DF35D-15B0-4D48-95EE-EA5E2D94D6BD}.Release|Any CPU.Build.0 = Release|Any CPU
		{FD4DF35D-15B0-4D48-95EE-EA5E2D94D6BD}.Server-Debug|Any CPU.ActiveCfg = Debug|Any CPU
		{FD4DF35D-15B0-4D48-95EE-EA5E2D94D6BD}.Server-Debug|Any CPU.Build.0 = Debug|Any CPU
		{FD4DF35D-15B0-4D48-95EE-EA5E2D94D6BD}.Server-Release|Any CPU.ActiveCfg = Release|Any CPU
		{FD4DF35D-15B0-4D48-95EE-EA5E2D94D6BD}.Server-Release|Any CPU.Build.0 = Release|Any CPU
		{7A055E4F-39DE-4793-82D7-D950E27D8E70}.Client-Debug|Any CPU.ActiveCfg = Debug|Any CPU
		{7A055E4F-39DE-4793-82D7-D950E27D8E70}.Client-Release|Any CPU.ActiveCfg = Release|Any CPU
		{7A055E4F-39DE-4793-82D7-D950E27D8E70}.Debug|Any CPU.ActiveCfg = Debug|Any CPU
		{7A055E4F-39DE-4793-82D7-D950E27D8E70}.Debug|Any CPU.Build.0 = Debug|Any CPU
		{7A055E4F-39DE-4793-82D7-D950E27D8E70}.Release|Any CPU.ActiveCfg = Release|Any CPU
		{7A055E4F-39DE-4793-82D7-D950E27D8E70}.Release|Any CPU.Build.0 = Release|Any CPU
		{7A055E4F-39DE-4793-82D7-D950E27D8E70}.Server-Debug|Any CPU.ActiveCfg = Debug|Any CPU
		{7A055E4F-39DE-4793-82D7-D950E27D8E70}.Server-Debug|Any CPU.Build.0 = Debug|Any CPU
		{7A055E4F-39DE-4793-82D7-D950E27D8E70}.Server-Release|Any CPU.ActiveCfg = Release|Any CPU
		{7A055E4F-39DE-4793-82D7-D950E27D8E70}.Server-Release|Any CPU.Build.0 = Release|Any CPU
		{95D78CDE-E0C6-493B-BD9B-588D76FDDE4F}.Client-Debug|Any CPU.ActiveCfg = Debug|Any CPU
		{95D78CDE-E0C6-493B-BD9B-588D76FDDE4F}.Client-Debug|Any CPU.Build.0 = Debug|Any CPU
		{95D78CDE-E0C6-493B-BD9B-588D76FDDE4F}.Client-Release|Any CPU.ActiveCfg = Release|Any CPU
		{95D78CDE-E0C6-493B-BD9B-588D76FDDE4F}.Client-Release|Any CPU.Build.0 = Release|Any CPU
		{95D78CDE-E0C6-493B-BD9B-588D76FDDE4F}.Debug|Any CPU.ActiveCfg = Debug|Any CPU
		{95D78CDE-E0C6-493B-BD9B-588D76FDDE4F}.Debug|Any CPU.Build.0 = Debug|Any CPU
		{95D78CDE-E0C6-493B-BD9B-588D76FDDE4F}.Release|Any CPU.ActiveCfg = Release|Any CPU
		{95D78CDE-E0C6-493B-BD9B-588D76FDDE4F}.Release|Any CPU.Build.0 = Release|Any CPU
		{95D78CDE-E0C6-493B-BD9B-588D76FDDE4F}.Server-Debug|Any CPU.ActiveCfg = Debug|Any CPU
		{95D78CDE-E0C6-493B-BD9B-588D76FDDE4F}.Server-Debug|Any CPU.Build.0 = Debug|Any CPU
		{95D78CDE-E0C6-493B-BD9B-588D76FDDE4F}.Server-Release|Any CPU.ActiveCfg = Release|Any CPU
		{95D78CDE-E0C6-493B-BD9B-588D76FDDE4F}.Server-Release|Any CPU.Build.0 = Release|Any CPU
		{EED2A9BE-1178-4CD5-896E-21F74BDB499F}.Client-Debug|Any CPU.ActiveCfg = Debug|Any CPU
		{EED2A9BE-1178-4CD5-896E-21F74BDB499F}.Client-Debug|Any CPU.Build.0 = Debug|Any CPU
		{EED2A9BE-1178-4CD5-896E-21F74BDB499F}.Client-Release|Any CPU.ActiveCfg = Release|Any CPU
		{EED2A9BE-1178-4CD5-896E-21F74BDB499F}.Client-Release|Any CPU.Build.0 = Release|Any CPU
		{EED2A9BE-1178-4CD5-896E-21F74BDB499F}.Debug|Any CPU.ActiveCfg = Debug|Any CPU
		{EED2A9BE-1178-4CD5-896E-21F74BDB499F}.Debug|Any CPU.Build.0 = Debug|Any CPU
		{EED2A9BE-1178-4CD5-896E-21F74BDB499F}.Release|Any CPU.ActiveCfg = Release|Any CPU
		{EED2A9BE-1178-4CD5-896E-21F74BDB499F}.Release|Any CPU.Build.0 = Release|Any CPU
		{EED2A9BE-1178-4CD5-896E-21F74BDB499F}.Server-Debug|Any CPU.ActiveCfg = Debug|Any CPU
		{EED2A9BE-1178-4CD5-896E-21F74BDB499F}.Server-Debug|Any CPU.Build.0 = Debug|Any CPU
		{EED2A9BE-1178-4CD5-896E-21F74BDB499F}.Server-Release|Any CPU.ActiveCfg = Release|Any CPU
		{EED2A9BE-1178-4CD5-896E-21F74BDB499F}.Server-Release|Any CPU.Build.0 = Release|Any CPU
		{64A8940B-BA2A-45AF-AA7E-439CC9C8BC81}.Client-Debug|Any CPU.ActiveCfg = Debug|Any CPU
		{64A8940B-BA2A-45AF-AA7E-439CC9C8BC81}.Client-Release|Any CPU.ActiveCfg = Release|Any CPU
		{64A8940B-BA2A-45AF-AA7E-439CC9C8BC81}.Debug|Any CPU.ActiveCfg = Debug|Any CPU
		{64A8940B-BA2A-45AF-AA7E-439CC9C8BC81}.Debug|Any CPU.Build.0 = Debug|Any CPU
		{64A8940B-BA2A-45AF-AA7E-439CC9C8BC81}.Release|Any CPU.ActiveCfg = Release|Any CPU
		{64A8940B-BA2A-45AF-AA7E-439CC9C8BC81}.Release|Any CPU.Build.0 = Release|Any CPU
		{64A8940B-BA2A-45AF-AA7E-439CC9C8BC81}.Server-Debug|Any CPU.ActiveCfg = Debug|Any CPU
		{64A8940B-BA2A-45AF-AA7E-439CC9C8BC81}.Server-Debug|Any CPU.Build.0 = Debug|Any CPU
		{64A8940B-BA2A-45AF-AA7E-439CC9C8BC81}.Server-Release|Any CPU.ActiveCfg = Release|Any CPU
		{64A8940B-BA2A-45AF-AA7E-439CC9C8BC81}.Server-Release|Any CPU.Build.0 = Release|Any CPU
		{A3AAF60C-4581-4468-B368-863366842C1B}.Client-Debug|Any CPU.ActiveCfg = Debug|Any CPU
		{A3AAF60C-4581-4468-B368-863366842C1B}.Client-Release|Any CPU.ActiveCfg = Release|Any CPU
		{A3AAF60C-4581-4468-B368-863366842C1B}.Debug|Any CPU.ActiveCfg = Debug|Any CPU
		{A3AAF60C-4581-4468-B368-863366842C1B}.Debug|Any CPU.Build.0 = Debug|Any CPU
		{A3AAF60C-4581-4468-B368-863366842C1B}.Release|Any CPU.ActiveCfg = Release|Any CPU
		{A3AAF60C-4581-4468-B368-863366842C1B}.Release|Any CPU.Build.0 = Release|Any CPU
		{A3AAF60C-4581-4468-B368-863366842C1B}.Server-Debug|Any CPU.ActiveCfg = Debug|Any CPU
		{A3AAF60C-4581-4468-B368-863366842C1B}.Server-Debug|Any CPU.Build.0 = Debug|Any CPU
		{A3AAF60C-4581-4468-B368-863366842C1B}.Server-Release|Any CPU.ActiveCfg = Release|Any CPU
		{A3AAF60C-4581-4468-B368-863366842C1B}.Server-Release|Any CPU.Build.0 = Release|Any CPU
		{6151AA61-0691-4440-9546-2751F893972B}.Client-Debug|Any CPU.ActiveCfg = Debug|Any CPU
		{6151AA61-0691-4440-9546-2751F893972B}.Client-Release|Any CPU.ActiveCfg = Release|Any CPU
		{6151AA61-0691-4440-9546-2751F893972B}.Debug|Any CPU.ActiveCfg = Debug|Any CPU
		{6151AA61-0691-4440-9546-2751F893972B}.Debug|Any CPU.Build.0 = Debug|Any CPU
		{6151AA61-0691-4440-9546-2751F893972B}.Release|Any CPU.ActiveCfg = Release|Any CPU
		{6151AA61-0691-4440-9546-2751F893972B}.Release|Any CPU.Build.0 = Release|Any CPU
		{6151AA61-0691-4440-9546-2751F893972B}.Server-Debug|Any CPU.ActiveCfg = Debug|Any CPU
		{6151AA61-0691-4440-9546-2751F893972B}.Server-Debug|Any CPU.Build.0 = Debug|Any CPU
		{6151AA61-0691-4440-9546-2751F893972B}.Server-Release|Any CPU.ActiveCfg = Release|Any CPU
		{6151AA61-0691-4440-9546-2751F893972B}.Server-Release|Any CPU.Build.0 = Release|Any CPU
		{96661B26-55C6-4760-8924-5FE2E19B59D0}.Client-Debug|Any CPU.ActiveCfg = Debug|Any CPU
		{96661B26-55C6-4760-8924-5FE2E19B59D0}.Client-Release|Any CPU.ActiveCfg = Release|Any CPU
		{96661B26-55C6-4760-8924-5FE2E19B59D0}.Debug|Any CPU.ActiveCfg = Debug|Any CPU
		{96661B26-55C6-4760-8924-5FE2E19B59D0}.Debug|Any CPU.Build.0 = Debug|Any CPU
		{96661B26-55C6-4760-8924-5FE2E19B59D0}.Release|Any CPU.ActiveCfg = Release|Any CPU
		{96661B26-55C6-4760-8924-5FE2E19B59D0}.Release|Any CPU.Build.0 = Release|Any CPU
		{96661B26-55C6-4760-8924-5FE2E19B59D0}.Server-Debug|Any CPU.ActiveCfg = Debug|Any CPU
		{96661B26-55C6-4760-8924-5FE2E19B59D0}.Server-Debug|Any CPU.Build.0 = Debug|Any CPU
		{96661B26-55C6-4760-8924-5FE2E19B59D0}.Server-Release|Any CPU.ActiveCfg = Release|Any CPU
		{96661B26-55C6-4760-8924-5FE2E19B59D0}.Server-Release|Any CPU.Build.0 = Release|Any CPU
		{47C0D2ED-DBCA-4ADF-8B55-F7043D736673}.Client-Debug|Any CPU.ActiveCfg = Debug|Any CPU
		{47C0D2ED-DBCA-4ADF-8B55-F7043D736673}.Client-Release|Any CPU.ActiveCfg = Release|Any CPU
		{47C0D2ED-DBCA-4ADF-8B55-F7043D736673}.Debug|Any CPU.ActiveCfg = Debug|Any CPU
		{47C0D2ED-DBCA-4ADF-8B55-F7043D736673}.Debug|Any CPU.Build.0 = Debug|Any CPU
		{47C0D2ED-DBCA-4ADF-8B55-F7043D736673}.Release|Any CPU.ActiveCfg = Release|Any CPU
		{47C0D2ED-DBCA-4ADF-8B55-F7043D736673}.Release|Any CPU.Build.0 = Release|Any CPU
		{47C0D2ED-DBCA-4ADF-8B55-F7043D736673}.Server-Debug|Any CPU.ActiveCfg = Debug|Any CPU
		{47C0D2ED-DBCA-4ADF-8B55-F7043D736673}.Server-Debug|Any CPU.Build.0 = Debug|Any CPU
		{47C0D2ED-DBCA-4ADF-8B55-F7043D736673}.Server-Release|Any CPU.ActiveCfg = Release|Any CPU
		{47C0D2ED-DBCA-4ADF-8B55-F7043D736673}.Server-Release|Any CPU.Build.0 = Release|Any CPU
		{A0609625-1A9F-4685-AF77-D594055CBFDA}.Client-Debug|Any CPU.ActiveCfg = Debug|Any CPU
		{A0609625-1A9F-4685-AF77-D594055CBFDA}.Client-Debug|Any CPU.Build.0 = Debug|Any CPU
		{A0609625-1A9F-4685-AF77-D594055CBFDA}.Client-Release|Any CPU.ActiveCfg = Release|Any CPU
		{A0609625-1A9F-4685-AF77-D594055CBFDA}.Client-Release|Any CPU.Build.0 = Release|Any CPU
		{A0609625-1A9F-4685-AF77-D594055CBFDA}.Debug|Any CPU.ActiveCfg = Debug|Any CPU
		{A0609625-1A9F-4685-AF77-D594055CBFDA}.Debug|Any CPU.Build.0 = Debug|Any CPU
		{A0609625-1A9F-4685-AF77-D594055CBFDA}.Release|Any CPU.ActiveCfg = Release|Any CPU
		{A0609625-1A9F-4685-AF77-D594055CBFDA}.Release|Any CPU.Build.0 = Release|Any CPU
		{A0609625-1A9F-4685-AF77-D594055CBFDA}.Server-Debug|Any CPU.ActiveCfg = Debug|Any CPU
		{A0609625-1A9F-4685-AF77-D594055CBFDA}.Server-Debug|Any CPU.Build.0 = Debug|Any CPU
		{A0609625-1A9F-4685-AF77-D594055CBFDA}.Server-Release|Any CPU.ActiveCfg = Release|Any CPU
		{A0609625-1A9F-4685-AF77-D594055CBFDA}.Server-Release|Any CPU.Build.0 = Release|Any CPU
		{D6EA3FD7-0A69-4718-857A-135B929FDA86}.Client-Debug|Any CPU.ActiveCfg = Debug|Any CPU
		{D6EA3FD7-0A69-4718-857A-135B929FDA86}.Client-Debug|Any CPU.Build.0 = Debug|Any CPU
		{D6EA3FD7-0A69-4718-857A-135B929FDA86}.Client-Release|Any CPU.ActiveCfg = Release|Any CPU
		{D6EA3FD7-0A69-4718-857A-135B929FDA86}.Client-Release|Any CPU.Build.0 = Release|Any CPU
		{D6EA3FD7-0A69-4718-857A-135B929FDA86}.Debug|Any CPU.ActiveCfg = Debug|Any CPU
		{D6EA3FD7-0A69-4718-857A-135B929FDA86}.Debug|Any CPU.Build.0 = Debug|Any CPU
		{D6EA3FD7-0A69-4718-857A-135B929FDA86}.Release|Any CPU.ActiveCfg = Release|Any CPU
		{D6EA3FD7-0A69-4718-857A-135B929FDA86}.Release|Any CPU.Build.0 = Release|Any CPU
		{D6EA3FD7-0A69-4718-857A-135B929FDA86}.Server-Debug|Any CPU.ActiveCfg = Debug|Any CPU
		{D6EA3FD7-0A69-4718-857A-135B929FDA86}.Server-Debug|Any CPU.Build.0 = Debug|Any CPU
		{D6EA3FD7-0A69-4718-857A-135B929FDA86}.Server-Release|Any CPU.ActiveCfg = Release|Any CPU
		{D6EA3FD7-0A69-4718-857A-135B929FDA86}.Server-Release|Any CPU.Build.0 = Release|Any CPU
		{57523A99-1168-4875-A2EC-C9A2F7FC0E54}.Client-Debug|Any CPU.ActiveCfg = Debug|Any CPU
		{57523A99-1168-4875-A2EC-C9A2F7FC0E54}.Client-Debug|Any CPU.Build.0 = Debug|Any CPU
		{57523A99-1168-4875-A2EC-C9A2F7FC0E54}.Client-Release|Any CPU.ActiveCfg = Release|Any CPU
		{57523A99-1168-4875-A2EC-C9A2F7FC0E54}.Client-Release|Any CPU.Build.0 = Release|Any CPU
		{57523A99-1168-4875-A2EC-C9A2F7FC0E54}.Debug|Any CPU.ActiveCfg = Debug|Any CPU
		{57523A99-1168-4875-A2EC-C9A2F7FC0E54}.Debug|Any CPU.Build.0 = Debug|Any CPU
		{57523A99-1168-4875-A2EC-C9A2F7FC0E54}.Release|Any CPU.ActiveCfg = Release|Any CPU
		{57523A99-1168-4875-A2EC-C9A2F7FC0E54}.Release|Any CPU.Build.0 = Release|Any CPU
		{57523A99-1168-4875-A2EC-C9A2F7FC0E54}.Server-Debug|Any CPU.ActiveCfg = Debug|Any CPU
		{57523A99-1168-4875-A2EC-C9A2F7FC0E54}.Server-Debug|Any CPU.Build.0 = Debug|Any CPU
		{57523A99-1168-4875-A2EC-C9A2F7FC0E54}.Server-Release|Any CPU.ActiveCfg = Release|Any CPU
		{57523A99-1168-4875-A2EC-C9A2F7FC0E54}.Server-Release|Any CPU.Build.0 = Release|Any CPU
		{89E4BE88-7339-4C2C-9F5F-608454A16E4E}.Client-Debug|Any CPU.ActiveCfg = Debug|Any CPU
		{89E4BE88-7339-4C2C-9F5F-608454A16E4E}.Client-Release|Any CPU.ActiveCfg = Release|Any CPU
		{89E4BE88-7339-4C2C-9F5F-608454A16E4E}.Debug|Any CPU.ActiveCfg = Debug|Any CPU
		{89E4BE88-7339-4C2C-9F5F-608454A16E4E}.Debug|Any CPU.Build.0 = Debug|Any CPU
		{89E4BE88-7339-4C2C-9F5F-608454A16E4E}.Release|Any CPU.ActiveCfg = Release|Any CPU
		{89E4BE88-7339-4C2C-9F5F-608454A16E4E}.Release|Any CPU.Build.0 = Release|Any CPU
		{89E4BE88-7339-4C2C-9F5F-608454A16E4E}.Server-Debug|Any CPU.ActiveCfg = Debug|Any CPU
		{89E4BE88-7339-4C2C-9F5F-608454A16E4E}.Server-Debug|Any CPU.Build.0 = Debug|Any CPU
		{89E4BE88-7339-4C2C-9F5F-608454A16E4E}.Server-Release|Any CPU.ActiveCfg = Release|Any CPU
		{89E4BE88-7339-4C2C-9F5F-608454A16E4E}.Server-Release|Any CPU.Build.0 = Release|Any CPU
		{D05D01E1-6B55-42DA-A052-C8ACD6838DCA}.Client-Debug|Any CPU.ActiveCfg = Debug|Any CPU
		{D05D01E1-6B55-42DA-A052-C8ACD6838DCA}.Client-Debug|Any CPU.Build.0 = Debug|Any CPU
		{D05D01E1-6B55-42DA-A052-C8ACD6838DCA}.Client-Release|Any CPU.ActiveCfg = Release|Any CPU
		{D05D01E1-6B55-42DA-A052-C8ACD6838DCA}.Client-Release|Any CPU.Build.0 = Release|Any CPU
		{D05D01E1-6B55-42DA-A052-C8ACD6838DCA}.Debug|Any CPU.ActiveCfg = Debug|Any CPU
		{D05D01E1-6B55-42DA-A052-C8ACD6838DCA}.Debug|Any CPU.Build.0 = Debug|Any CPU
		{D05D01E1-6B55-42DA-A052-C8ACD6838DCA}.Release|Any CPU.ActiveCfg = Release|Any CPU
		{D05D01E1-6B55-42DA-A052-C8ACD6838DCA}.Release|Any CPU.Build.0 = Release|Any CPU
		{D05D01E1-6B55-42DA-A052-C8ACD6838DCA}.Server-Debug|Any CPU.ActiveCfg = Debug|Any CPU
		{D05D01E1-6B55-42DA-A052-C8ACD6838DCA}.Server-Debug|Any CPU.Build.0 = Debug|Any CPU
		{D05D01E1-6B55-42DA-A052-C8ACD6838DCA}.Server-Release|Any CPU.ActiveCfg = Release|Any CPU
		{D05D01E1-6B55-42DA-A052-C8ACD6838DCA}.Server-Release|Any CPU.Build.0 = Release|Any CPU
		{5564CFA0-D002-4E11-AC44-C88B373A363B}.Client-Debug|Any CPU.ActiveCfg = Debug|Any CPU
		{5564CFA0-D002-4E11-AC44-C88B373A363B}.Client-Release|Any CPU.ActiveCfg = Release|Any CPU
		{5564CFA0-D002-4E11-AC44-C88B373A363B}.Debug|Any CPU.ActiveCfg = Debug|Any CPU
		{5564CFA0-D002-4E11-AC44-C88B373A363B}.Debug|Any CPU.Build.0 = Debug|Any CPU
		{5564CFA0-D002-4E11-AC44-C88B373A363B}.Release|Any CPU.ActiveCfg = Release|Any CPU
		{5564CFA0-D002-4E11-AC44-C88B373A363B}.Release|Any CPU.Build.0 = Release|Any CPU
		{5564CFA0-D002-4E11-AC44-C88B373A363B}.Server-Debug|Any CPU.ActiveCfg = Debug|Any CPU
		{5564CFA0-D002-4E11-AC44-C88B373A363B}.Server-Debug|Any CPU.Build.0 = Debug|Any CPU
		{5564CFA0-D002-4E11-AC44-C88B373A363B}.Server-Release|Any CPU.ActiveCfg = Release|Any CPU
		{5564CFA0-D002-4E11-AC44-C88B373A363B}.Server-Release|Any CPU.Build.0 = Release|Any CPU
		{4488F9BF-D563-4166-998A-5766245D52CA}.Client-Debug|Any CPU.ActiveCfg = Debug|Any CPU
		{4488F9BF-D563-4166-998A-5766245D52CA}.Client-Debug|Any CPU.Build.0 = Debug|Any CPU
		{4488F9BF-D563-4166-998A-5766245D52CA}.Client-Release|Any CPU.ActiveCfg = Release|Any CPU
		{4488F9BF-D563-4166-998A-5766245D52CA}.Client-Release|Any CPU.Build.0 = Release|Any CPU
		{4488F9BF-D563-4166-998A-5766245D52CA}.Debug|Any CPU.ActiveCfg = Debug|Any CPU
		{4488F9BF-D563-4166-998A-5766245D52CA}.Debug|Any CPU.Build.0 = Debug|Any CPU
		{4488F9BF-D563-4166-998A-5766245D52CA}.Release|Any CPU.ActiveCfg = Release|Any CPU
		{4488F9BF-D563-4166-998A-5766245D52CA}.Release|Any CPU.Build.0 = Release|Any CPU
		{4488F9BF-D563-4166-998A-5766245D52CA}.Server-Debug|Any CPU.ActiveCfg = Debug|Any CPU
		{4488F9BF-D563-4166-998A-5766245D52CA}.Server-Debug|Any CPU.Build.0 = Debug|Any CPU
		{4488F9BF-D563-4166-998A-5766245D52CA}.Server-Release|Any CPU.ActiveCfg = Release|Any CPU
		{4488F9BF-D563-4166-998A-5766245D52CA}.Server-Release|Any CPU.Build.0 = Release|Any CPU
		{7229D569-B11D-4104-81CB-66F76258F692}.Client-Debug|Any CPU.ActiveCfg = Debug|Any CPU
		{7229D569-B11D-4104-81CB-66F76258F692}.Client-Debug|Any CPU.Build.0 = Debug|Any CPU
		{7229D569-B11D-4104-81CB-66F76258F692}.Client-Release|Any CPU.ActiveCfg = Release|Any CPU
		{7229D569-B11D-4104-81CB-66F76258F692}.Client-Release|Any CPU.Build.0 = Release|Any CPU
		{7229D569-B11D-4104-81CB-66F76258F692}.Debug|Any CPU.ActiveCfg = Debug|Any CPU
		{7229D569-B11D-4104-81CB-66F76258F692}.Debug|Any CPU.Build.0 = Debug|Any CPU
		{7229D569-B11D-4104-81CB-66F76258F692}.Release|Any CPU.ActiveCfg = Release|Any CPU
		{7229D569-B11D-4104-81CB-66F76258F692}.Release|Any CPU.Build.0 = Release|Any CPU
		{7229D569-B11D-4104-81CB-66F76258F692}.Server-Debug|Any CPU.ActiveCfg = Debug|Any CPU
		{7229D569-B11D-4104-81CB-66F76258F692}.Server-Debug|Any CPU.Build.0 = Debug|Any CPU
		{7229D569-B11D-4104-81CB-66F76258F692}.Server-Release|Any CPU.ActiveCfg = Release|Any CPU
		{7229D569-B11D-4104-81CB-66F76258F692}.Server-Release|Any CPU.Build.0 = Release|Any CPU
		{586BEBDF-AA38-4579-B8C5-80A4A189F5A0}.Client-Debug|Any CPU.ActiveCfg = Debug|Any CPU
		{586BEBDF-AA38-4579-B8C5-80A4A189F5A0}.Client-Debug|Any CPU.Build.0 = Debug|Any CPU
		{586BEBDF-AA38-4579-B8C5-80A4A189F5A0}.Client-Release|Any CPU.ActiveCfg = Release|Any CPU
		{586BEBDF-AA38-4579-B8C5-80A4A189F5A0}.Client-Release|Any CPU.Build.0 = Release|Any CPU
		{586BEBDF-AA38-4579-B8C5-80A4A189F5A0}.Debug|Any CPU.ActiveCfg = Debug|Any CPU
		{586BEBDF-AA38-4579-B8C5-80A4A189F5A0}.Debug|Any CPU.Build.0 = Debug|Any CPU
		{586BEBDF-AA38-4579-B8C5-80A4A189F5A0}.Release|Any CPU.ActiveCfg = Release|Any CPU
		{586BEBDF-AA38-4579-B8C5-80A4A189F5A0}.Release|Any CPU.Build.0 = Release|Any CPU
		{586BEBDF-AA38-4579-B8C5-80A4A189F5A0}.Server-Debug|Any CPU.ActiveCfg = Debug|Any CPU
		{586BEBDF-AA38-4579-B8C5-80A4A189F5A0}.Server-Debug|Any CPU.Build.0 = Debug|Any CPU
		{586BEBDF-AA38-4579-B8C5-80A4A189F5A0}.Server-Release|Any CPU.ActiveCfg = Release|Any CPU
		{586BEBDF-AA38-4579-B8C5-80A4A189F5A0}.Server-Release|Any CPU.Build.0 = Release|Any CPU
		{EE93F8CC-C654-4BB1-86BC-DFF3E66045DA}.Client-Debug|Any CPU.ActiveCfg = Debug|Any CPU
		{EE93F8CC-C654-4BB1-86BC-DFF3E66045DA}.Client-Debug|Any CPU.Build.0 = Debug|Any CPU
		{EE93F8CC-C654-4BB1-86BC-DFF3E66045DA}.Client-Release|Any CPU.ActiveCfg = Release|Any CPU
		{EE93F8CC-C654-4BB1-86BC-DFF3E66045DA}.Client-Release|Any CPU.Build.0 = Release|Any CPU
		{EE93F8CC-C654-4BB1-86BC-DFF3E66045DA}.Debug|Any CPU.ActiveCfg = Debug|Any CPU
		{EE93F8CC-C654-4BB1-86BC-DFF3E66045DA}.Debug|Any CPU.Build.0 = Debug|Any CPU
		{EE93F8CC-C654-4BB1-86BC-DFF3E66045DA}.Release|Any CPU.ActiveCfg = Release|Any CPU
		{EE93F8CC-C654-4BB1-86BC-DFF3E66045DA}.Release|Any CPU.Build.0 = Release|Any CPU
		{EE93F8CC-C654-4BB1-86BC-DFF3E66045DA}.Server-Debug|Any CPU.ActiveCfg = Debug|Any CPU
		{EE93F8CC-C654-4BB1-86BC-DFF3E66045DA}.Server-Debug|Any CPU.Build.0 = Debug|Any CPU
		{EE93F8CC-C654-4BB1-86BC-DFF3E66045DA}.Server-Release|Any CPU.ActiveCfg = Release|Any CPU
		{EE93F8CC-C654-4BB1-86BC-DFF3E66045DA}.Server-Release|Any CPU.Build.0 = Release|Any CPU
		{11D69F55-C8AE-4404-995A-D003DA0EE191}.Client-Debug|Any CPU.ActiveCfg = Debug|Any CPU
		{11D69F55-C8AE-4404-995A-D003DA0EE191}.Client-Release|Any CPU.ActiveCfg = Release|Any CPU
		{11D69F55-C8AE-4404-995A-D003DA0EE191}.Debug|Any CPU.ActiveCfg = Debug|Any CPU
		{11D69F55-C8AE-4404-995A-D003DA0EE191}.Debug|Any CPU.Build.0 = Debug|Any CPU
		{11D69F55-C8AE-4404-995A-D003DA0EE191}.Release|Any CPU.ActiveCfg = Release|Any CPU
		{11D69F55-C8AE-4404-995A-D003DA0EE191}.Release|Any CPU.Build.0 = Release|Any CPU
		{11D69F55-C8AE-4404-995A-D003DA0EE191}.Server-Debug|Any CPU.ActiveCfg = Debug|Any CPU
		{11D69F55-C8AE-4404-995A-D003DA0EE191}.Server-Debug|Any CPU.Build.0 = Debug|Any CPU
		{11D69F55-C8AE-4404-995A-D003DA0EE191}.Server-Release|Any CPU.ActiveCfg = Release|Any CPU
		{11D69F55-C8AE-4404-995A-D003DA0EE191}.Server-Release|Any CPU.Build.0 = Release|Any CPU
		{1CA910A2-F57D-4BE9-B6A2-C6DA9C13BC48}.Client-Debug|Any CPU.ActiveCfg = Debug|Any CPU
		{1CA910A2-F57D-4BE9-B6A2-C6DA9C13BC48}.Client-Debug|Any CPU.Build.0 = Debug|Any CPU
		{1CA910A2-F57D-4BE9-B6A2-C6DA9C13BC48}.Client-Release|Any CPU.ActiveCfg = Release|Any CPU
		{1CA910A2-F57D-4BE9-B6A2-C6DA9C13BC48}.Client-Release|Any CPU.Build.0 = Release|Any CPU
		{1CA910A2-F57D-4BE9-B6A2-C6DA9C13BC48}.Debug|Any CPU.ActiveCfg = Debug|Any CPU
		{1CA910A2-F57D-4BE9-B6A2-C6DA9C13BC48}.Debug|Any CPU.Build.0 = Debug|Any CPU
		{1CA910A2-F57D-4BE9-B6A2-C6DA9C13BC48}.Release|Any CPU.ActiveCfg = Release|Any CPU
		{1CA910A2-F57D-4BE9-B6A2-C6DA9C13BC48}.Release|Any CPU.Build.0 = Release|Any CPU
		{1CA910A2-F57D-4BE9-B6A2-C6DA9C13BC48}.Server-Debug|Any CPU.ActiveCfg = Debug|Any CPU
		{1CA910A2-F57D-4BE9-B6A2-C6DA9C13BC48}.Server-Debug|Any CPU.Build.0 = Debug|Any CPU
		{1CA910A2-F57D-4BE9-B6A2-C6DA9C13BC48}.Server-Release|Any CPU.ActiveCfg = Release|Any CPU
		{1CA910A2-F57D-4BE9-B6A2-C6DA9C13BC48}.Server-Release|Any CPU.Build.0 = Release|Any CPU
		{09029CD9-C6B1-4DAD-BA94-66BA167D4A32}.Client-Debug|Any CPU.ActiveCfg = Debug|Any CPU
		{09029CD9-C6B1-4DAD-BA94-66BA167D4A32}.Client-Debug|Any CPU.Build.0 = Debug|Any CPU
		{09029CD9-C6B1-4DAD-BA94-66BA167D4A32}.Client-Release|Any CPU.ActiveCfg = Release|Any CPU
		{09029CD9-C6B1-4DAD-BA94-66BA167D4A32}.Client-Release|Any CPU.Build.0 = Release|Any CPU
		{09029CD9-C6B1-4DAD-BA94-66BA167D4A32}.Debug|Any CPU.ActiveCfg = Debug|Any CPU
		{09029CD9-C6B1-4DAD-BA94-66BA167D4A32}.Debug|Any CPU.Build.0 = Debug|Any CPU
		{09029CD9-C6B1-4DAD-BA94-66BA167D4A32}.Release|Any CPU.ActiveCfg = Release|Any CPU
		{09029CD9-C6B1-4DAD-BA94-66BA167D4A32}.Release|Any CPU.Build.0 = Release|Any CPU
		{09029CD9-C6B1-4DAD-BA94-66BA167D4A32}.Server-Debug|Any CPU.ActiveCfg = Debug|Any CPU
		{09029CD9-C6B1-4DAD-BA94-66BA167D4A32}.Server-Debug|Any CPU.Build.0 = Debug|Any CPU
		{09029CD9-C6B1-4DAD-BA94-66BA167D4A32}.Server-Release|Any CPU.ActiveCfg = Release|Any CPU
		{09029CD9-C6B1-4DAD-BA94-66BA167D4A32}.Server-Release|Any CPU.Build.0 = Release|Any CPU
		{5564477D-7286-4FDD-8365-B41939656DD0}.Client-Debug|Any CPU.ActiveCfg = Debug|Any CPU
		{5564477D-7286-4FDD-8365-B41939656DD0}.Client-Release|Any CPU.ActiveCfg = Release|Any CPU
		{5564477D-7286-4FDD-8365-B41939656DD0}.Debug|Any CPU.ActiveCfg = Debug|Any CPU
		{5564477D-7286-4FDD-8365-B41939656DD0}.Debug|Any CPU.Build.0 = Debug|Any CPU
		{5564477D-7286-4FDD-8365-B41939656DD0}.Release|Any CPU.ActiveCfg = Release|Any CPU
		{5564477D-7286-4FDD-8365-B41939656DD0}.Release|Any CPU.Build.0 = Release|Any CPU
		{5564477D-7286-4FDD-8365-B41939656DD0}.Server-Debug|Any CPU.ActiveCfg = Debug|Any CPU
		{5564477D-7286-4FDD-8365-B41939656DD0}.Server-Debug|Any CPU.Build.0 = Debug|Any CPU
		{5564477D-7286-4FDD-8365-B41939656DD0}.Server-Release|Any CPU.ActiveCfg = Release|Any CPU
		{5564477D-7286-4FDD-8365-B41939656DD0}.Server-Release|Any CPU.Build.0 = Release|Any CPU
		{F1B10957-2C31-49E6-A41B-BC94927E6399}.Client-Debug|Any CPU.ActiveCfg = Debug|Any CPU
		{F1B10957-2C31-49E6-A41B-BC94927E6399}.Client-Release|Any CPU.ActiveCfg = Release|Any CPU
		{F1B10957-2C31-49E6-A41B-BC94927E6399}.Debug|Any CPU.ActiveCfg = Debug|Any CPU
		{F1B10957-2C31-49E6-A41B-BC94927E6399}.Debug|Any CPU.Build.0 = Debug|Any CPU
		{F1B10957-2C31-49E6-A41B-BC94927E6399}.Release|Any CPU.ActiveCfg = Release|Any CPU
		{F1B10957-2C31-49E6-A41B-BC94927E6399}.Release|Any CPU.Build.0 = Release|Any CPU
		{F1B10957-2C31-49E6-A41B-BC94927E6399}.Server-Debug|Any CPU.ActiveCfg = Debug|Any CPU
		{F1B10957-2C31-49E6-A41B-BC94927E6399}.Server-Debug|Any CPU.Build.0 = Debug|Any CPU
		{F1B10957-2C31-49E6-A41B-BC94927E6399}.Server-Release|Any CPU.ActiveCfg = Release|Any CPU
		{F1B10957-2C31-49E6-A41B-BC94927E6399}.Server-Release|Any CPU.Build.0 = Release|Any CPU
		{737EDBAD-E1BD-4D3E-9408-524E02831BAD}.Client-Debug|Any CPU.ActiveCfg = Debug|Any CPU
		{737EDBAD-E1BD-4D3E-9408-524E02831BAD}.Client-Release|Any CPU.ActiveCfg = Release|Any CPU
		{737EDBAD-E1BD-4D3E-9408-524E02831BAD}.Debug|Any CPU.ActiveCfg = Debug|Any CPU
		{737EDBAD-E1BD-4D3E-9408-524E02831BAD}.Debug|Any CPU.Build.0 = Debug|Any CPU
		{737EDBAD-E1BD-4D3E-9408-524E02831BAD}.Release|Any CPU.ActiveCfg = Release|Any CPU
		{737EDBAD-E1BD-4D3E-9408-524E02831BAD}.Release|Any CPU.Build.0 = Release|Any CPU
		{737EDBAD-E1BD-4D3E-9408-524E02831BAD}.Server-Debug|Any CPU.ActiveCfg = Debug|Any CPU
		{737EDBAD-E1BD-4D3E-9408-524E02831BAD}.Server-Debug|Any CPU.Build.0 = Debug|Any CPU
		{737EDBAD-E1BD-4D3E-9408-524E02831BAD}.Server-Release|Any CPU.ActiveCfg = Release|Any CPU
		{737EDBAD-E1BD-4D3E-9408-524E02831BAD}.Server-Release|Any CPU.Build.0 = Release|Any CPU
		{AA61D1E6-EC5A-431B-BDC9-ADF3B9FA666C}.Client-Debug|Any CPU.ActiveCfg = Debug|Any CPU
		{AA61D1E6-EC5A-431B-BDC9-ADF3B9FA666C}.Client-Release|Any CPU.ActiveCfg = Release|Any CPU
		{AA61D1E6-EC5A-431B-BDC9-ADF3B9FA666C}.Debug|Any CPU.ActiveCfg = Debug|Any CPU
		{AA61D1E6-EC5A-431B-BDC9-ADF3B9FA666C}.Debug|Any CPU.Build.0 = Debug|Any CPU
		{AA61D1E6-EC5A-431B-BDC9-ADF3B9FA666C}.Release|Any CPU.ActiveCfg = Release|Any CPU
		{AA61D1E6-EC5A-431B-BDC9-ADF3B9FA666C}.Release|Any CPU.Build.0 = Release|Any CPU
		{AA61D1E6-EC5A-431B-BDC9-ADF3B9FA666C}.Server-Debug|Any CPU.ActiveCfg = Debug|Any CPU
		{AA61D1E6-EC5A-431B-BDC9-ADF3B9FA666C}.Server-Debug|Any CPU.Build.0 = Debug|Any CPU
		{AA61D1E6-EC5A-431B-BDC9-ADF3B9FA666C}.Server-Release|Any CPU.ActiveCfg = Release|Any CPU
		{AA61D1E6-EC5A-431B-BDC9-ADF3B9FA666C}.Server-Release|Any CPU.Build.0 = Release|Any CPU
		{EB97B212-04CA-408F-B57C-B182517FE727}.Client-Debug|Any CPU.ActiveCfg = Debug|Any CPU
		{EB97B212-04CA-408F-B57C-B182517FE727}.Client-Release|Any CPU.ActiveCfg = Release|Any CPU
		{EB97B212-04CA-408F-B57C-B182517FE727}.Debug|Any CPU.ActiveCfg = Debug|Any CPU
		{EB97B212-04CA-408F-B57C-B182517FE727}.Debug|Any CPU.Build.0 = Debug|Any CPU
		{EB97B212-04CA-408F-B57C-B182517FE727}.Release|Any CPU.ActiveCfg = Release|Any CPU
		{EB97B212-04CA-408F-B57C-B182517FE727}.Release|Any CPU.Build.0 = Release|Any CPU
		{EB97B212-04CA-408F-B57C-B182517FE727}.Server-Debug|Any CPU.ActiveCfg = Debug|Any CPU
		{EB97B212-04CA-408F-B57C-B182517FE727}.Server-Debug|Any CPU.Build.0 = Debug|Any CPU
		{EB97B212-04CA-408F-B57C-B182517FE727}.Server-Release|Any CPU.ActiveCfg = Release|Any CPU
		{EB97B212-04CA-408F-B57C-B182517FE727}.Server-Release|Any CPU.Build.0 = Release|Any CPU
		{3F2F3763-53C2-4DBF-9EBA-FB90B7CAB160}.Client-Debug|Any CPU.ActiveCfg = Debug|Any CPU
		{3F2F3763-53C2-4DBF-9EBA-FB90B7CAB160}.Client-Release|Any CPU.ActiveCfg = Release|Any CPU
		{3F2F3763-53C2-4DBF-9EBA-FB90B7CAB160}.Debug|Any CPU.ActiveCfg = Debug|Any CPU
		{3F2F3763-53C2-4DBF-9EBA-FB90B7CAB160}.Debug|Any CPU.Build.0 = Debug|Any CPU
		{3F2F3763-53C2-4DBF-9EBA-FB90B7CAB160}.Release|Any CPU.ActiveCfg = Release|Any CPU
		{3F2F3763-53C2-4DBF-9EBA-FB90B7CAB160}.Release|Any CPU.Build.0 = Release|Any CPU
		{3F2F3763-53C2-4DBF-9EBA-FB90B7CAB160}.Server-Debug|Any CPU.ActiveCfg = Debug|Any CPU
		{3F2F3763-53C2-4DBF-9EBA-FB90B7CAB160}.Server-Debug|Any CPU.Build.0 = Debug|Any CPU
		{3F2F3763-53C2-4DBF-9EBA-FB90B7CAB160}.Server-Release|Any CPU.ActiveCfg = Release|Any CPU
		{3F2F3763-53C2-4DBF-9EBA-FB90B7CAB160}.Server-Release|Any CPU.Build.0 = Release|Any CPU
		{1D722733-EF65-4D3C-B884-9BEFBDFECBFC}.Client-Debug|Any CPU.ActiveCfg = Debug|Any CPU
		{1D722733-EF65-4D3C-B884-9BEFBDFECBFC}.Client-Release|Any CPU.ActiveCfg = Release|Any CPU
		{1D722733-EF65-4D3C-B884-9BEFBDFECBFC}.Debug|Any CPU.ActiveCfg = Debug|Any CPU
		{1D722733-EF65-4D3C-B884-9BEFBDFECBFC}.Debug|Any CPU.Build.0 = Debug|Any CPU
		{1D722733-EF65-4D3C-B884-9BEFBDFECBFC}.Release|Any CPU.ActiveCfg = Release|Any CPU
		{1D722733-EF65-4D3C-B884-9BEFBDFECBFC}.Release|Any CPU.Build.0 = Release|Any CPU
		{1D722733-EF65-4D3C-B884-9BEFBDFECBFC}.Server-Debug|Any CPU.ActiveCfg = Debug|Any CPU
		{1D722733-EF65-4D3C-B884-9BEFBDFECBFC}.Server-Debug|Any CPU.Build.0 = Debug|Any CPU
		{1D722733-EF65-4D3C-B884-9BEFBDFECBFC}.Server-Release|Any CPU.ActiveCfg = Release|Any CPU
		{1D722733-EF65-4D3C-B884-9BEFBDFECBFC}.Server-Release|Any CPU.Build.0 = Release|Any CPU
		{274B51FE-E378-43BA-B75A-DBAD194434C5}.Client-Debug|Any CPU.ActiveCfg = Debug|Any CPU
		{274B51FE-E378-43BA-B75A-DBAD194434C5}.Client-Release|Any CPU.ActiveCfg = Release|Any CPU
		{274B51FE-E378-43BA-B75A-DBAD194434C5}.Debug|Any CPU.ActiveCfg = Debug|Any CPU
		{274B51FE-E378-43BA-B75A-DBAD194434C5}.Debug|Any CPU.Build.0 = Debug|Any CPU
		{274B51FE-E378-43BA-B75A-DBAD194434C5}.Release|Any CPU.ActiveCfg = Release|Any CPU
		{274B51FE-E378-43BA-B75A-DBAD194434C5}.Release|Any CPU.Build.0 = Release|Any CPU
		{274B51FE-E378-43BA-B75A-DBAD194434C5}.Server-Debug|Any CPU.ActiveCfg = Debug|Any CPU
		{274B51FE-E378-43BA-B75A-DBAD194434C5}.Server-Debug|Any CPU.Build.0 = Debug|Any CPU
		{274B51FE-E378-43BA-B75A-DBAD194434C5}.Server-Release|Any CPU.ActiveCfg = Release|Any CPU
		{274B51FE-E378-43BA-B75A-DBAD194434C5}.Server-Release|Any CPU.Build.0 = Release|Any CPU
		{2EFEE4C1-5A98-41F5-ADBD-57AE33280F5A}.Client-Debug|Any CPU.ActiveCfg = Debug|Any CPU
		{2EFEE4C1-5A98-41F5-ADBD-57AE33280F5A}.Client-Release|Any CPU.ActiveCfg = Release|Any CPU
		{2EFEE4C1-5A98-41F5-ADBD-57AE33280F5A}.Debug|Any CPU.ActiveCfg = Debug|Any CPU
		{2EFEE4C1-5A98-41F5-ADBD-57AE33280F5A}.Debug|Any CPU.Build.0 = Debug|Any CPU
		{2EFEE4C1-5A98-41F5-ADBD-57AE33280F5A}.Release|Any CPU.ActiveCfg = Release|Any CPU
		{2EFEE4C1-5A98-41F5-ADBD-57AE33280F5A}.Release|Any CPU.Build.0 = Release|Any CPU
		{2EFEE4C1-5A98-41F5-ADBD-57AE33280F5A}.Server-Debug|Any CPU.ActiveCfg = Debug|Any CPU
		{2EFEE4C1-5A98-41F5-ADBD-57AE33280F5A}.Server-Debug|Any CPU.Build.0 = Debug|Any CPU
		{2EFEE4C1-5A98-41F5-ADBD-57AE33280F5A}.Server-Release|Any CPU.ActiveCfg = Release|Any CPU
		{2EFEE4C1-5A98-41F5-ADBD-57AE33280F5A}.Server-Release|Any CPU.Build.0 = Release|Any CPU
		{32C03415-DEB4-4FD9-8F45-9587C19C6DAA}.Client-Debug|Any CPU.ActiveCfg = Debug|Any CPU
		{32C03415-DEB4-4FD9-8F45-9587C19C6DAA}.Client-Release|Any CPU.ActiveCfg = Release|Any CPU
		{32C03415-DEB4-4FD9-8F45-9587C19C6DAA}.Debug|Any CPU.ActiveCfg = Debug|Any CPU
		{32C03415-DEB4-4FD9-8F45-9587C19C6DAA}.Debug|Any CPU.Build.0 = Debug|Any CPU
		{32C03415-DEB4-4FD9-8F45-9587C19C6DAA}.Release|Any CPU.ActiveCfg = Release|Any CPU
		{32C03415-DEB4-4FD9-8F45-9587C19C6DAA}.Release|Any CPU.Build.0 = Release|Any CPU
		{32C03415-DEB4-4FD9-8F45-9587C19C6DAA}.Server-Debug|Any CPU.ActiveCfg = Debug|Any CPU
		{32C03415-DEB4-4FD9-8F45-9587C19C6DAA}.Server-Debug|Any CPU.Build.0 = Debug|Any CPU
		{32C03415-DEB4-4FD9-8F45-9587C19C6DAA}.Server-Release|Any CPU.ActiveCfg = Release|Any CPU
		{32C03415-DEB4-4FD9-8F45-9587C19C6DAA}.Server-Release|Any CPU.Build.0 = Release|Any CPU
		{7A4FF72F-D207-43C1-B73E-474CB3ABD35D}.Client-Debug|Any CPU.ActiveCfg = Debug|Any CPU
		{7A4FF72F-D207-43C1-B73E-474CB3ABD35D}.Client-Release|Any CPU.ActiveCfg = Release|Any CPU
		{7A4FF72F-D207-43C1-B73E-474CB3ABD35D}.Debug|Any CPU.ActiveCfg = Debug|Any CPU
		{7A4FF72F-D207-43C1-B73E-474CB3ABD35D}.Debug|Any CPU.Build.0 = Debug|Any CPU
		{7A4FF72F-D207-43C1-B73E-474CB3ABD35D}.Release|Any CPU.ActiveCfg = Release|Any CPU
		{7A4FF72F-D207-43C1-B73E-474CB3ABD35D}.Release|Any CPU.Build.0 = Release|Any CPU
		{7A4FF72F-D207-43C1-B73E-474CB3ABD35D}.Server-Debug|Any CPU.ActiveCfg = Debug|Any CPU
		{7A4FF72F-D207-43C1-B73E-474CB3ABD35D}.Server-Debug|Any CPU.Build.0 = Debug|Any CPU
		{7A4FF72F-D207-43C1-B73E-474CB3ABD35D}.Server-Release|Any CPU.ActiveCfg = Release|Any CPU
		{7A4FF72F-D207-43C1-B73E-474CB3ABD35D}.Server-Release|Any CPU.Build.0 = Release|Any CPU
		{843E3742-D73C-4713-A86C-49CFC9787926}.Client-Debug|Any CPU.ActiveCfg = Debug|Any CPU
		{843E3742-D73C-4713-A86C-49CFC9787926}.Client-Release|Any CPU.ActiveCfg = Release|Any CPU
		{843E3742-D73C-4713-A86C-49CFC9787926}.Debug|Any CPU.ActiveCfg = Debug|Any CPU
		{843E3742-D73C-4713-A86C-49CFC9787926}.Debug|Any CPU.Build.0 = Debug|Any CPU
		{843E3742-D73C-4713-A86C-49CFC9787926}.Release|Any CPU.ActiveCfg = Release|Any CPU
		{843E3742-D73C-4713-A86C-49CFC9787926}.Release|Any CPU.Build.0 = Release|Any CPU
		{843E3742-D73C-4713-A86C-49CFC9787926}.Server-Debug|Any CPU.ActiveCfg = Debug|Any CPU
		{843E3742-D73C-4713-A86C-49CFC9787926}.Server-Debug|Any CPU.Build.0 = Debug|Any CPU
		{843E3742-D73C-4713-A86C-49CFC9787926}.Server-Release|Any CPU.ActiveCfg = Release|Any CPU
		{843E3742-D73C-4713-A86C-49CFC9787926}.Server-Release|Any CPU.Build.0 = Release|Any CPU
		{DA4B503E-F63E-451D-B92F-0F958C5923D5}.Client-Debug|Any CPU.ActiveCfg = Debug|Any CPU
		{DA4B503E-F63E-451D-B92F-0F958C5923D5}.Client-Release|Any CPU.ActiveCfg = Release|Any CPU
		{DA4B503E-F63E-451D-B92F-0F958C5923D5}.Debug|Any CPU.ActiveCfg = Debug|Any CPU
		{DA4B503E-F63E-451D-B92F-0F958C5923D5}.Debug|Any CPU.Build.0 = Debug|Any CPU
		{DA4B503E-F63E-451D-B92F-0F958C5923D5}.Release|Any CPU.ActiveCfg = Release|Any CPU
		{DA4B503E-F63E-451D-B92F-0F958C5923D5}.Release|Any CPU.Build.0 = Release|Any CPU
		{DA4B503E-F63E-451D-B92F-0F958C5923D5}.Server-Debug|Any CPU.ActiveCfg = Debug|Any CPU
		{DA4B503E-F63E-451D-B92F-0F958C5923D5}.Server-Debug|Any CPU.Build.0 = Debug|Any CPU
		{DA4B503E-F63E-451D-B92F-0F958C5923D5}.Server-Release|Any CPU.ActiveCfg = Release|Any CPU
		{DA4B503E-F63E-451D-B92F-0F958C5923D5}.Server-Release|Any CPU.Build.0 = Release|Any CPU
		{BB519962-4846-4CA1-9A0A-F1559AA127DB}.Client-Debug|Any CPU.ActiveCfg = Debug|Any CPU
		{BB519962-4846-4CA1-9A0A-F1559AA127DB}.Client-Release|Any CPU.ActiveCfg = Release|Any CPU
		{BB519962-4846-4CA1-9A0A-F1559AA127DB}.Debug|Any CPU.ActiveCfg = Debug|Any CPU
		{BB519962-4846-4CA1-9A0A-F1559AA127DB}.Debug|Any CPU.Build.0 = Debug|Any CPU
		{BB519962-4846-4CA1-9A0A-F1559AA127DB}.Release|Any CPU.ActiveCfg = Release|Any CPU
		{BB519962-4846-4CA1-9A0A-F1559AA127DB}.Release|Any CPU.Build.0 = Release|Any CPU
		{BB519962-4846-4CA1-9A0A-F1559AA127DB}.Server-Debug|Any CPU.ActiveCfg = Debug|Any CPU
		{BB519962-4846-4CA1-9A0A-F1559AA127DB}.Server-Debug|Any CPU.Build.0 = Debug|Any CPU
		{BB519962-4846-4CA1-9A0A-F1559AA127DB}.Server-Release|Any CPU.ActiveCfg = Release|Any CPU
		{BB519962-4846-4CA1-9A0A-F1559AA127DB}.Server-Release|Any CPU.Build.0 = Release|Any CPU
		{41EFBDAD-4A19-444C-A356-5BFA4CC71FE0}.Client-Debug|Any CPU.ActiveCfg = Debug|Any CPU
		{41EFBDAD-4A19-444C-A356-5BFA4CC71FE0}.Client-Release|Any CPU.ActiveCfg = Release|Any CPU
		{41EFBDAD-4A19-444C-A356-5BFA4CC71FE0}.Debug|Any CPU.ActiveCfg = Debug|Any CPU
		{41EFBDAD-4A19-444C-A356-5BFA4CC71FE0}.Debug|Any CPU.Build.0 = Debug|Any CPU
		{41EFBDAD-4A19-444C-A356-5BFA4CC71FE0}.Release|Any CPU.ActiveCfg = Release|Any CPU
		{41EFBDAD-4A19-444C-A356-5BFA4CC71FE0}.Release|Any CPU.Build.0 = Release|Any CPU
		{41EFBDAD-4A19-444C-A356-5BFA4CC71FE0}.Server-Debug|Any CPU.ActiveCfg = Debug|Any CPU
		{41EFBDAD-4A19-444C-A356-5BFA4CC71FE0}.Server-Debug|Any CPU.Build.0 = Debug|Any CPU
		{41EFBDAD-4A19-444C-A356-5BFA4CC71FE0}.Server-Release|Any CPU.ActiveCfg = Release|Any CPU
		{41EFBDAD-4A19-444C-A356-5BFA4CC71FE0}.Server-Release|Any CPU.Build.0 = Release|Any CPU
		{D12530DC-A9B2-4EEC-819F-70C03AC8D6C3}.Client-Debug|Any CPU.ActiveCfg = Debug|Any CPU
		{D12530DC-A9B2-4EEC-819F-70C03AC8D6C3}.Client-Release|Any CPU.ActiveCfg = Release|Any CPU
		{D12530DC-A9B2-4EEC-819F-70C03AC8D6C3}.Debug|Any CPU.ActiveCfg = Debug|Any CPU
		{D12530DC-A9B2-4EEC-819F-70C03AC8D6C3}.Debug|Any CPU.Build.0 = Debug|Any CPU
		{D12530DC-A9B2-4EEC-819F-70C03AC8D6C3}.Release|Any CPU.ActiveCfg = Release|Any CPU
		{D12530DC-A9B2-4EEC-819F-70C03AC8D6C3}.Release|Any CPU.Build.0 = Release|Any CPU
		{D12530DC-A9B2-4EEC-819F-70C03AC8D6C3}.Server-Debug|Any CPU.ActiveCfg = Debug|Any CPU
		{D12530DC-A9B2-4EEC-819F-70C03AC8D6C3}.Server-Debug|Any CPU.Build.0 = Debug|Any CPU
		{D12530DC-A9B2-4EEC-819F-70C03AC8D6C3}.Server-Release|Any CPU.ActiveCfg = Release|Any CPU
		{D12530DC-A9B2-4EEC-819F-70C03AC8D6C3}.Server-Release|Any CPU.Build.0 = Release|Any CPU
		{FD5B7A83-2AC0-4F24-83FB-891EB8F99FC9}.Client-Debug|Any CPU.ActiveCfg = Debug|Any CPU
		{FD5B7A83-2AC0-4F24-83FB-891EB8F99FC9}.Client-Debug|Any CPU.Build.0 = Debug|Any CPU
		{FD5B7A83-2AC0-4F24-83FB-891EB8F99FC9}.Client-Release|Any CPU.ActiveCfg = Release|Any CPU
		{FD5B7A83-2AC0-4F24-83FB-891EB8F99FC9}.Client-Release|Any CPU.Build.0 = Release|Any CPU
		{FD5B7A83-2AC0-4F24-83FB-891EB8F99FC9}.Debug|Any CPU.ActiveCfg = Debug|Any CPU
		{FD5B7A83-2AC0-4F24-83FB-891EB8F99FC9}.Debug|Any CPU.Build.0 = Debug|Any CPU
		{FD5B7A83-2AC0-4F24-83FB-891EB8F99FC9}.Release|Any CPU.ActiveCfg = Release|Any CPU
		{FD5B7A83-2AC0-4F24-83FB-891EB8F99FC9}.Release|Any CPU.Build.0 = Release|Any CPU
		{FD5B7A83-2AC0-4F24-83FB-891EB8F99FC9}.Server-Debug|Any CPU.ActiveCfg = Debug|Any CPU
		{FD5B7A83-2AC0-4F24-83FB-891EB8F99FC9}.Server-Debug|Any CPU.Build.0 = Debug|Any CPU
		{FD5B7A83-2AC0-4F24-83FB-891EB8F99FC9}.Server-Release|Any CPU.ActiveCfg = Release|Any CPU
		{FD5B7A83-2AC0-4F24-83FB-891EB8F99FC9}.Server-Release|Any CPU.Build.0 = Release|Any CPU
		{C4B4D1BB-733E-4D3F-B0CF-D203CC7C070D}.Client-Debug|Any CPU.ActiveCfg = Debug|Any CPU
		{C4B4D1BB-733E-4D3F-B0CF-D203CC7C070D}.Client-Release|Any CPU.ActiveCfg = Release|Any CPU
		{C4B4D1BB-733E-4D3F-B0CF-D203CC7C070D}.Debug|Any CPU.ActiveCfg = Debug|Any CPU
		{C4B4D1BB-733E-4D3F-B0CF-D203CC7C070D}.Debug|Any CPU.Build.0 = Debug|Any CPU
		{C4B4D1BB-733E-4D3F-B0CF-D203CC7C070D}.Release|Any CPU.ActiveCfg = Release|Any CPU
		{C4B4D1BB-733E-4D3F-B0CF-D203CC7C070D}.Release|Any CPU.Build.0 = Release|Any CPU
		{C4B4D1BB-733E-4D3F-B0CF-D203CC7C070D}.Server-Debug|Any CPU.ActiveCfg = Debug|Any CPU
		{C4B4D1BB-733E-4D3F-B0CF-D203CC7C070D}.Server-Debug|Any CPU.Build.0 = Debug|Any CPU
		{C4B4D1BB-733E-4D3F-B0CF-D203CC7C070D}.Server-Release|Any CPU.ActiveCfg = Release|Any CPU
		{C4B4D1BB-733E-4D3F-B0CF-D203CC7C070D}.Server-Release|Any CPU.Build.0 = Release|Any CPU
		{4A980A83-9E64-4207-8281-4F29FBF2AD90}.Client-Debug|Any CPU.ActiveCfg = Debug|Any CPU
		{4A980A83-9E64-4207-8281-4F29FBF2AD90}.Client-Release|Any CPU.ActiveCfg = Release|Any CPU
		{4A980A83-9E64-4207-8281-4F29FBF2AD90}.Debug|Any CPU.ActiveCfg = Debug|Any CPU
		{4A980A83-9E64-4207-8281-4F29FBF2AD90}.Debug|Any CPU.Build.0 = Debug|Any CPU
		{4A980A83-9E64-4207-8281-4F29FBF2AD90}.Release|Any CPU.ActiveCfg = Release|Any CPU
		{4A980A83-9E64-4207-8281-4F29FBF2AD90}.Release|Any CPU.Build.0 = Release|Any CPU
		{4A980A83-9E64-4207-8281-4F29FBF2AD90}.Server-Debug|Any CPU.ActiveCfg = Debug|Any CPU
		{4A980A83-9E64-4207-8281-4F29FBF2AD90}.Server-Debug|Any CPU.Build.0 = Debug|Any CPU
		{4A980A83-9E64-4207-8281-4F29FBF2AD90}.Server-Release|Any CPU.ActiveCfg = Release|Any CPU
		{4A980A83-9E64-4207-8281-4F29FBF2AD90}.Server-Release|Any CPU.Build.0 = Release|Any CPU
		{A1F792B2-5D80-4DE4-B5DB-7A05DBEABD60}.Client-Debug|Any CPU.ActiveCfg = Debug|Any CPU
		{A1F792B2-5D80-4DE4-B5DB-7A05DBEABD60}.Client-Debug|Any CPU.Build.0 = Debug|Any CPU
		{A1F792B2-5D80-4DE4-B5DB-7A05DBEABD60}.Client-Release|Any CPU.ActiveCfg = Release|Any CPU
		{A1F792B2-5D80-4DE4-B5DB-7A05DBEABD60}.Client-Release|Any CPU.Build.0 = Release|Any CPU
		{A1F792B2-5D80-4DE4-B5DB-7A05DBEABD60}.Debug|Any CPU.ActiveCfg = Debug|Any CPU
		{A1F792B2-5D80-4DE4-B5DB-7A05DBEABD60}.Debug|Any CPU.Build.0 = Debug|Any CPU
		{A1F792B2-5D80-4DE4-B5DB-7A05DBEABD60}.Release|Any CPU.ActiveCfg = Release|Any CPU
		{A1F792B2-5D80-4DE4-B5DB-7A05DBEABD60}.Release|Any CPU.Build.0 = Release|Any CPU
		{A1F792B2-5D80-4DE4-B5DB-7A05DBEABD60}.Server-Debug|Any CPU.ActiveCfg = Debug|Any CPU
		{A1F792B2-5D80-4DE4-B5DB-7A05DBEABD60}.Server-Debug|Any CPU.Build.0 = Debug|Any CPU
		{A1F792B2-5D80-4DE4-B5DB-7A05DBEABD60}.Server-Release|Any CPU.ActiveCfg = Release|Any CPU
		{A1F792B2-5D80-4DE4-B5DB-7A05DBEABD60}.Server-Release|Any CPU.Build.0 = Release|Any CPU
		{6C022592-B51F-42A9-A6BA-F65BDF44B14B}.Client-Debug|Any CPU.ActiveCfg = Debug|Any CPU
		{6C022592-B51F-42A9-A6BA-F65BDF44B14B}.Client-Debug|Any CPU.Build.0 = Debug|Any CPU
		{6C022592-B51F-42A9-A6BA-F65BDF44B14B}.Client-Release|Any CPU.ActiveCfg = Release|Any CPU
		{6C022592-B51F-42A9-A6BA-F65BDF44B14B}.Client-Release|Any CPU.Build.0 = Release|Any CPU
		{6C022592-B51F-42A9-A6BA-F65BDF44B14B}.Debug|Any CPU.ActiveCfg = Debug|Any CPU
		{6C022592-B51F-42A9-A6BA-F65BDF44B14B}.Debug|Any CPU.Build.0 = Debug|Any CPU
		{6C022592-B51F-42A9-A6BA-F65BDF44B14B}.Release|Any CPU.ActiveCfg = Release|Any CPU
		{6C022592-B51F-42A9-A6BA-F65BDF44B14B}.Release|Any CPU.Build.0 = Release|Any CPU
		{6C022592-B51F-42A9-A6BA-F65BDF44B14B}.Server-Debug|Any CPU.ActiveCfg = Debug|Any CPU
		{6C022592-B51F-42A9-A6BA-F65BDF44B14B}.Server-Debug|Any CPU.Build.0 = Debug|Any CPU
		{6C022592-B51F-42A9-A6BA-F65BDF44B14B}.Server-Release|Any CPU.ActiveCfg = Release|Any CPU
		{6C022592-B51F-42A9-A6BA-F65BDF44B14B}.Server-Release|Any CPU.Build.0 = Release|Any CPU
		{202661A3-1923-4F7A-982E-993C629CBA0F}.Client-Debug|Any CPU.ActiveCfg = Debug|Any CPU
		{202661A3-1923-4F7A-982E-993C629CBA0F}.Client-Debug|Any CPU.Build.0 = Debug|Any CPU
		{202661A3-1923-4F7A-982E-993C629CBA0F}.Client-Release|Any CPU.ActiveCfg = Release|Any CPU
		{202661A3-1923-4F7A-982E-993C629CBA0F}.Client-Release|Any CPU.Build.0 = Release|Any CPU
		{202661A3-1923-4F7A-982E-993C629CBA0F}.Debug|Any CPU.ActiveCfg = Debug|Any CPU
		{202661A3-1923-4F7A-982E-993C629CBA0F}.Debug|Any CPU.Build.0 = Debug|Any CPU
		{202661A3-1923-4F7A-982E-993C629CBA0F}.Release|Any CPU.ActiveCfg = Release|Any CPU
		{202661A3-1923-4F7A-982E-993C629CBA0F}.Release|Any CPU.Build.0 = Release|Any CPU
		{202661A3-1923-4F7A-982E-993C629CBA0F}.Server-Debug|Any CPU.ActiveCfg = Debug|Any CPU
		{202661A3-1923-4F7A-982E-993C629CBA0F}.Server-Debug|Any CPU.Build.0 = Debug|Any CPU
		{202661A3-1923-4F7A-982E-993C629CBA0F}.Server-Release|Any CPU.ActiveCfg = Release|Any CPU
		{202661A3-1923-4F7A-982E-993C629CBA0F}.Server-Release|Any CPU.Build.0 = Release|Any CPU
	EndGlobalSection
	GlobalSection(SolutionProperties) = preSolution
		HideSolutionNode = FALSE
	EndGlobalSection
	GlobalSection(NestedProjects) = preSolution
		{33765E63-95ED-40A7-BDB0-418BDA698C32} = {6F612C0E-1D67-4E06-8FB2-0D372CA5C264}
		{689C7D0C-9394-4E2E-83DB-9932C16F2D16} = {6F612C0E-1D67-4E06-8FB2-0D372CA5C264}
		{29C91099-E98D-44F1-9511-60C0DD9DB16D} = {6F612C0E-1D67-4E06-8FB2-0D372CA5C264}
		{49223B0E-7182-4D4F-8811-9EFE99EC58C2} = {6F612C0E-1D67-4E06-8FB2-0D372CA5C264}
		{31CE5499-22BC-4C56-B64E-02CDD7160B3F} = {6F612C0E-1D67-4E06-8FB2-0D372CA5C264}
		{3E6AAE36-62C4-4517-B7F9-F1741796F1F5} = {6F612C0E-1D67-4E06-8FB2-0D372CA5C264}
		{7399FE44-3095-446D-9272-A6480C7DC624} = {6F612C0E-1D67-4E06-8FB2-0D372CA5C264}
		{936CBC51-EB4E-4381-B992-AC7D9D4DBB7F} = {6F612C0E-1D67-4E06-8FB2-0D372CA5C264}
		{D6DE4652-8079-493E-B6F0-220A24D96B7B} = {6F612C0E-1D67-4E06-8FB2-0D372CA5C264}
		{8574CF28-01FD-4C01-96B0-4A4BAA401C53} = {936CBC51-EB4E-4381-B992-AC7D9D4DBB7F}
		{615EBBCB-EF8A-449E-AD07-0BF2168B14B8} = {6F612C0E-1D67-4E06-8FB2-0D372CA5C264}
		{97E3F8B6-A657-465C-BF40-2C2A847AD75B} = {936CBC51-EB4E-4381-B992-AC7D9D4DBB7F}
		{2F898B48-7C73-4A50-BC8D-1388EAFA25D6} = {6F612C0E-1D67-4E06-8FB2-0D372CA5C264}
		{D9439E01-19C1-4E89-9B33-2C19C804DDCF} = {6F612C0E-1D67-4E06-8FB2-0D372CA5C264}
		{E7544453-2F4D-45C5-ACC4-86CF656EC304} = {6F612C0E-1D67-4E06-8FB2-0D372CA5C264}
		{2D24B5CA-42EA-48CB-81CE-7DFCED9EB110} = {33765E63-95ED-40A7-BDB0-418BDA698C32}
		{01D2299A-3F78-46A5-8722-1F0C35D62FB4} = {33765E63-95ED-40A7-BDB0-418BDA698C32}
		{34290EFE-6445-4C11-B506-E07FC11A89ED} = {689C7D0C-9394-4E2E-83DB-9932C16F2D16}
		{C06098A9-6614-4A74-B09C-55733B6E10BC} = {689C7D0C-9394-4E2E-83DB-9932C16F2D16}
		{FD4DF35D-15B0-4D48-95EE-EA5E2D94D6BD} = {689C7D0C-9394-4E2E-83DB-9932C16F2D16}
		{7A055E4F-39DE-4793-82D7-D950E27D8E70} = {29C91099-E98D-44F1-9511-60C0DD9DB16D}
		{95D78CDE-E0C6-493B-BD9B-588D76FDDE4F} = {29C91099-E98D-44F1-9511-60C0DD9DB16D}
		{EED2A9BE-1178-4CD5-896E-21F74BDB499F} = {29C91099-E98D-44F1-9511-60C0DD9DB16D}
		{64A8940B-BA2A-45AF-AA7E-439CC9C8BC81} = {29C91099-E98D-44F1-9511-60C0DD9DB16D}
		{A3AAF60C-4581-4468-B368-863366842C1B} = {29C91099-E98D-44F1-9511-60C0DD9DB16D}
		{6151AA61-0691-4440-9546-2751F893972B} = {49223B0E-7182-4D4F-8811-9EFE99EC58C2}
		{96661B26-55C6-4760-8924-5FE2E19B59D0} = {49223B0E-7182-4D4F-8811-9EFE99EC58C2}
		{47C0D2ED-DBCA-4ADF-8B55-F7043D736673} = {31CE5499-22BC-4C56-B64E-02CDD7160B3F}
		{A0609625-1A9F-4685-AF77-D594055CBFDA} = {3E6AAE36-62C4-4517-B7F9-F1741796F1F5}
		{D6EA3FD7-0A69-4718-857A-135B929FDA86} = {3E6AAE36-62C4-4517-B7F9-F1741796F1F5}
		{57523A99-1168-4875-A2EC-C9A2F7FC0E54} = {3E6AAE36-62C4-4517-B7F9-F1741796F1F5}
		{89E4BE88-7339-4C2C-9F5F-608454A16E4E} = {7399FE44-3095-446D-9272-A6480C7DC624}
		{D05D01E1-6B55-42DA-A052-C8ACD6838DCA} = {7399FE44-3095-446D-9272-A6480C7DC624}
		{5564CFA0-D002-4E11-AC44-C88B373A363B} = {7399FE44-3095-446D-9272-A6480C7DC624}
		{4488F9BF-D563-4166-998A-5766245D52CA} = {7399FE44-3095-446D-9272-A6480C7DC624}
		{7229D569-B11D-4104-81CB-66F76258F692} = {7399FE44-3095-446D-9272-A6480C7DC624}
		{586BEBDF-AA38-4579-B8C5-80A4A189F5A0} = {7399FE44-3095-446D-9272-A6480C7DC624}
		{EE93F8CC-C654-4BB1-86BC-DFF3E66045DA} = {7399FE44-3095-446D-9272-A6480C7DC624}
		{11D69F55-C8AE-4404-995A-D003DA0EE191} = {7399FE44-3095-446D-9272-A6480C7DC624}
		{1CA910A2-F57D-4BE9-B6A2-C6DA9C13BC48} = {7399FE44-3095-446D-9272-A6480C7DC624}
		{09029CD9-C6B1-4DAD-BA94-66BA167D4A32} = {7399FE44-3095-446D-9272-A6480C7DC624}
		{5564477D-7286-4FDD-8365-B41939656DD0} = {8574CF28-01FD-4C01-96B0-4A4BAA401C53}
		{F1B10957-2C31-49E6-A41B-BC94927E6399} = {97E3F8B6-A657-465C-BF40-2C2A847AD75B}
		{737EDBAD-E1BD-4D3E-9408-524E02831BAD} = {936CBC51-EB4E-4381-B992-AC7D9D4DBB7F}
		{AA61D1E6-EC5A-431B-BDC9-ADF3B9FA666C} = {936CBC51-EB4E-4381-B992-AC7D9D4DBB7F}
		{EB97B212-04CA-408F-B57C-B182517FE727} = {936CBC51-EB4E-4381-B992-AC7D9D4DBB7F}
		{3F2F3763-53C2-4DBF-9EBA-FB90B7CAB160} = {D6DE4652-8079-493E-B6F0-220A24D96B7B}
		{1D722733-EF65-4D3C-B884-9BEFBDFECBFC} = {D6DE4652-8079-493E-B6F0-220A24D96B7B}
		{274B51FE-E378-43BA-B75A-DBAD194434C5} = {D6DE4652-8079-493E-B6F0-220A24D96B7B}
		{2EFEE4C1-5A98-41F5-ADBD-57AE33280F5A} = {D6DE4652-8079-493E-B6F0-220A24D96B7B}
		{32C03415-DEB4-4FD9-8F45-9587C19C6DAA} = {D6DE4652-8079-493E-B6F0-220A24D96B7B}
		{7A4FF72F-D207-43C1-B73E-474CB3ABD35D} = {D6DE4652-8079-493E-B6F0-220A24D96B7B}
		{843E3742-D73C-4713-A86C-49CFC9787926} = {615EBBCB-EF8A-449E-AD07-0BF2168B14B8}
		{DA4B503E-F63E-451D-B92F-0F958C5923D5} = {2F898B48-7C73-4A50-BC8D-1388EAFA25D6}
		{BB519962-4846-4CA1-9A0A-F1559AA127DB} = {6F612C0E-1D67-4E06-8FB2-0D372CA5C264}
		{41EFBDAD-4A19-444C-A356-5BFA4CC71FE0} = {6F612C0E-1D67-4E06-8FB2-0D372CA5C264}
		{D12530DC-A9B2-4EEC-819F-70C03AC8D6C3} = {6F612C0E-1D67-4E06-8FB2-0D372CA5C264}
		{FD5B7A83-2AC0-4F24-83FB-891EB8F99FC9} = {6F612C0E-1D67-4E06-8FB2-0D372CA5C264}
		{C4B4D1BB-733E-4D3F-B0CF-D203CC7C070D} = {6F612C0E-1D67-4E06-8FB2-0D372CA5C264}
		{4A980A83-9E64-4207-8281-4F29FBF2AD90} = {6F612C0E-1D67-4E06-8FB2-0D372CA5C264}
		{6C022592-B51F-42A9-A6BA-F65BDF44B14B} = {3E6AAE36-62C4-4517-B7F9-F1741796F1F5}
		{202661A3-1923-4F7A-982E-993C629CBA0F} = {8574CF28-01FD-4C01-96B0-4A4BAA401C53}
	EndGlobalSection
EndGlobal
