
Microsoft Visual Studio Solution File, Format Version 12.00
# Visual Studio Version 16
VisualStudioVersion = 16.0.30104.148
MinimumVisualStudioVersion = 10.0.40219.1
Project("{FAE04EC0-301F-11D3-BF4B-00C04F79EFBC}") = "OTAPI.Patcher", "OTAPI.Patcher\OTAPI.Patcher.csproj", "{41E26DEB-BE20-4C90-ACA1-EC9821277A36}"
EndProject
Project("{2150E333-8FDC-42A3-9474-1A3956D46DE8}") = "Documents", "Documents", "{2E966B91-7856-4982-B293-1000AA015EF5}"
	ProjectSection(SolutionItems) = preProject
		.gitignore = .gitignore
		.travis.yml = .travis.yml
		COPYING.txt = COPYING.txt
		.vscode\launch.json = .vscode\launch.json
		README.md = README.md
		.vscode\tasks.json = .vscode\tasks.json
	EndProjectSection
EndProject
Project("{FAE04EC0-301F-11D3-BF4B-00C04F79EFBC}") = "ModFramework", "ModFramework\ModFramework.csproj", "{69AC5BCF-E2C2-4B87-976C-16B00829AFA1}"
EndProject
Project("{FAE04EC0-301F-11D3-BF4B-00C04F79EFBC}") = "ModFramework.Modules", "ModFramework.Modules\ModFramework.Modules.csproj", "{29005E29-969C-4220-8C9B-BC4D9F3CE0BB}"
EndProject
Project("{FAE04EC0-301F-11D3-BF4B-00C04F79EFBC}") = "OTAPI.Scripts", "OTAPI.Scripts\OTAPI.Scripts.csproj", "{E0EAF0F7-C4BA-44CD-83A4-2422E4AD1C34}"
EndProject
Global
	GlobalSection(SolutionConfigurationPlatforms) = preSolution
		Debug|Any CPU = Debug|Any CPU
		Debug|x86 = Debug|x86
		DebugLegacy|Any CPU = DebugLegacy|Any CPU
		DebugLegacy|x86 = DebugLegacy|x86
		DebugTrace|Any CPU = DebugTrace|Any CPU
		DebugTrace|x86 = DebugTrace|x86
		Release|Any CPU = Release|Any CPU
		Release|x86 = Release|x86
		ReleaseLegacy|Any CPU = ReleaseLegacy|Any CPU
		ReleaseLegacy|x86 = ReleaseLegacy|x86
		ReleaseTrace|Any CPU = ReleaseTrace|Any CPU
		ReleaseTrace|x86 = ReleaseTrace|x86
	EndGlobalSection
	GlobalSection(ProjectConfigurationPlatforms) = postSolution
		{41E26DEB-BE20-4C90-ACA1-EC9821277A36}.Debug|Any CPU.ActiveCfg = Debug|Any CPU
		{41E26DEB-BE20-4C90-ACA1-EC9821277A36}.Debug|Any CPU.Build.0 = Debug|Any CPU
		{41E26DEB-BE20-4C90-ACA1-EC9821277A36}.Release|Any CPU.ActiveCfg = Release|Any CPU
		{41E26DEB-BE20-4C90-ACA1-EC9821277A36}.Release|Any CPU.Build.0 = Release|Any CPU
		{69AC5BCF-E2C2-4B87-976C-16B00829AFA1}.Debug|Any CPU.ActiveCfg = Debug|Any CPU
		{69AC5BCF-E2C2-4B87-976C-16B00829AFA1}.Debug|Any CPU.Build.0 = Debug|Any CPU
		{69AC5BCF-E2C2-4B87-976C-16B00829AFA1}.Release|Any CPU.ActiveCfg = Release|Any CPU
		{69AC5BCF-E2C2-4B87-976C-16B00829AFA1}.Release|Any CPU.Build.0 = Release|Any CPU
		{29005E29-969C-4220-8C9B-BC4D9F3CE0BB}.Debug|Any CPU.ActiveCfg = Debug|Any CPU
		{29005E29-969C-4220-8C9B-BC4D9F3CE0BB}.Debug|Any CPU.Build.0 = Debug|Any CPU
		{29005E29-969C-4220-8C9B-BC4D9F3CE0BB}.Release|Any CPU.ActiveCfg = Release|Any CPU
		{29005E29-969C-4220-8C9B-BC4D9F3CE0BB}.Release|Any CPU.Build.0 = Release|Any CPU
		{E0EAF0F7-C4BA-44CD-83A4-2422E4AD1C34}.Debug|Any CPU.ActiveCfg = Debug|Any CPU
		{E0EAF0F7-C4BA-44CD-83A4-2422E4AD1C34}.Release|Any CPU.ActiveCfg = Release|Any CPU
	EndGlobalSection
	GlobalSection(SolutionProperties) = preSolution
		HideSolutionNode = FALSE
	EndGlobalSection
	GlobalSection(ExtensibilityGlobals) = postSolution
		SolutionGuid = {B1E37C92-9260-41F7-9F78-9EF058959962}
	EndGlobalSection
EndGlobal
