
Microsoft Visual Studio Solution File, Format Version 12.00
# Visual Studio Version 16
VisualStudioVersion = 16.0.809.10
MinimumVisualStudioVersion = 10.0.40219.1
Project("{FAE04EC0-301F-11D3-BF4B-00C04F79EFBC}") = "OTAPI.Client", "OTAPI.Client.csproj", "{9C0232BF-4537-420C-8087-FD3E8CC6A102}"
EndProject
Global
	GlobalSection(SolutionConfigurationPlatforms) = preSolution
		Debug|Any CPU = Debug|Any CPU
		Release|Any CPU = Release|Any CPU
	EndGlobalSection
	GlobalSection(ProjectConfigurationPlatforms) = postSolution
		{9C0232BF-4537-420C-8087-FD3E8CC6A102}.Debug|Any CPU.ActiveCfg = Debug|Any CPU
		{9C0232BF-4537-420C-8087-FD3E8CC6A102}.Debug|Any CPU.Build.0 = Debug|Any CPU
		{9C0232BF-4537-420C-8087-FD3E8CC6A102}.Release|Any CPU.ActiveCfg = Release|Any CPU
		{9C0232BF-4537-420C-8087-FD3E8CC6A102}.Release|Any CPU.Build.0 = Release|Any CPU
	EndGlobalSection
	GlobalSection(SolutionProperties) = preSolution
		HideSolutionNode = FALSE
	EndGlobalSection
	GlobalSection(ExtensibilityGlobals) = postSolution
		SolutionGuid = {4F228D22-A045-401A-A362-17FFC9212786}
	EndGlobalSection
EndGlobal
