
Microsoft Visual Studio Solution File, Format Version 12.00
# Visual Studio 14
VisualStudioVersion = 14.0.25420.1
MinimumVisualStudioVersion = 10.0.40219.1
Project("{FAE04EC0-301F-11D3-BF4B-00C04F79EFBC}") = "OTAPI.Client.Xna.Tests", "OTAPI.Client.Xna.Tests.csproj", "{5252492E-ED3D-4891-A286-E06DE3932B9C}"
EndProject
Project("{FAE04EC0-301F-11D3-BF4B-00C04F79EFBC}") = "OTAPI.Tests.Common", "..\OTAPI.Tests.Common\OTAPI.Tests.Common.csproj", "{06F8C47F-1B5C-4AD5-A2DB-202F081D0FB7}"
EndProject
Global
	GlobalSection(SolutionConfigurationPlatforms) = preSolution
		Debug|Any CPU = Debug|Any CPU
		Debug|x86 = Debug|x86
		Release|Any CPU = Release|Any CPU
		Release|x86 = Release|x86
	EndGlobalSection
	GlobalSection(ProjectConfigurationPlatforms) = postSolution
		{5252492E-ED3D-4891-A286-E06DE3932B9C}.Debug|Any CPU.ActiveCfg = Debug|Any CPU
		{5252492E-ED3D-4891-A286-E06DE3932B9C}.Debug|Any CPU.Build.0 = Debug|Any CPU
		{5252492E-ED3D-4891-A286-E06DE3932B9C}.Debug|x86.ActiveCfg = Debug|x86
		{5252492E-ED3D-4891-A286-E06DE3932B9C}.Debug|x86.Build.0 = Debug|x86
		{5252492E-ED3D-4891-A286-E06DE3932B9C}.Release|Any CPU.ActiveCfg = Release|Any CPU
		{5252492E-ED3D-4891-A286-E06DE3932B9C}.Release|Any CPU.Build.0 = Release|Any CPU
		{5252492E-ED3D-4891-A286-E06DE3932B9C}.Release|x86.ActiveCfg = Release|x86
		{5252492E-ED3D-4891-A286-E06DE3932B9C}.Release|x86.Build.0 = Release|x86
		{06F8C47F-1B5C-4AD5-A2DB-202F081D0FB7}.Debug|Any CPU.ActiveCfg = Debug|Any CPU
		{06F8C47F-1B5C-4AD5-A2DB-202F081D0FB7}.Debug|Any CPU.Build.0 = Debug|Any CPU
		{06F8C47F-1B5C-4AD5-A2DB-202F081D0FB7}.Debug|x86.ActiveCfg = Debug|Any CPU
		{06F8C47F-1B5C-4AD5-A2DB-202F081D0FB7}.Release|Any CPU.ActiveCfg = Release|Any CPU
		{06F8C47F-1B5C-4AD5-A2DB-202F081D0FB7}.Release|Any CPU.Build.0 = Release|Any CPU
		{06F8C47F-1B5C-4AD5-A2DB-202F081D0FB7}.Release|x86.ActiveCfg = Release|Any CPU
	EndGlobalSection
	GlobalSection(SolutionProperties) = preSolution
		HideSolutionNode = FALSE
	EndGlobalSection
EndGlobal
