
Microsoft Visual Studio Solution File, Format Version 12.00
# Visual Studio 2012
VisualStudioVersion = 14.0.23107.0
MinimumVisualStudioVersion = 10.0.40219.1
Project("{FAE04EC0-301F-11D3-BF4B-00C04F79EFBC}") = "TBLS", "TBLS\TBLS\TBLS.csproj", "{8B3B5749-3F25-4F41-902F-2AF7094778EC}"
EndProject
Project("{96E2B04D-8817-42C6-938A-82C39BA4D311}") = "TBLSContent", "TBLS\TBLSContent\TBLSContent.contentproj", "{4DE465C7-3C74-41B5-835A-D6E8D5A440D0}"
EndProject
Global
	GlobalSection(SolutionConfigurationPlatforms) = preSolution
		FNA-Debug|x86 = FNA-Debug|x86
		FNA-Release|x86 = FNA-Release|x86
		Windows-Debug|x86 = Windows-Debug|x86
		Windows-Release|x86 = Windows-Release|x86
		Server-Debug|x86 = Server-Debug|x86
		Server-Release|x86 = Server-Release|x86
	EndGlobalSection
	GlobalSection(ProjectConfigurationPlatforms) = postSolution
		{4DE465C7-3C74-41B5-835A-D6E8D5A440D0}.FNA-Debug|x86.ActiveCfg = Windows-Debug|x86
		{4DE465C7-3C74-41B5-835A-D6E8D5A440D0}.FNA-Release|x86.ActiveCfg = Windows-Release|x86
		{4DE465C7-3C74-41B5-835A-D6E8D5A440D0}.Server-Debug|x86.ActiveCfg = Server-Debug|x86
		{4DE465C7-3C74-41B5-835A-D6E8D5A440D0}.Server-Release|x86.ActiveCfg = Server-Release|x86
		{4DE465C7-3C74-41B5-835A-D6E8D5A440D0}.Windows-Debug|x86.ActiveCfg = Windows-Debug|x86
		{4DE465C7-3C74-41B5-835A-D6E8D5A440D0}.Windows-Release|x86.ActiveCfg = Windows-Release|x86
		{8B3B5749-3F25-4F41-902F-2AF7094778EC}.FNA-Debug|x86.ActiveCfg = FNA-Debug|x86
		{8B3B5749-3F25-4F41-902F-2AF7094778EC}.FNA-Debug|x86.Build.0 = FNA-Debug|x86
		{8B3B5749-3F25-4F41-902F-2AF7094778EC}.FNA-Release|x86.ActiveCfg = FNA-Release|x86
		{8B3B5749-3F25-4F41-902F-2AF7094778EC}.FNA-Release|x86.Build.0 = FNA-Release|x86
		{8B3B5749-3F25-4F41-902F-2AF7094778EC}.Server-Debug|x86.ActiveCfg = Server-Debug|x86
		{8B3B5749-3F25-4F41-902F-2AF7094778EC}.Server-Debug|x86.Build.0 = Server-Debug|x86
		{8B3B5749-3F25-4F41-902F-2AF7094778EC}.Server-Release|x86.ActiveCfg = Server-Release|x86
		{8B3B5749-3F25-4F41-902F-2AF7094778EC}.Server-Release|x86.Build.0 = Server-Release|x86
		{8B3B5749-3F25-4F41-902F-2AF7094778EC}.Windows-Debug|x86.ActiveCfg = Windows-Debug|x86
		{8B3B5749-3F25-4F41-902F-2AF7094778EC}.Windows-Debug|x86.Build.0 = Windows-Debug|x86
		{8B3B5749-3F25-4F41-902F-2AF7094778EC}.Windows-Release|x86.ActiveCfg = Windows-Release|x86
		{8B3B5749-3F25-4F41-902F-2AF7094778EC}.Windows-Release|x86.Build.0 = Windows-Release|x86
	EndGlobalSection
	GlobalSection(SolutionProperties) = preSolution
		HideSolutionNode = FALSE
	EndGlobalSection
EndGlobal
